
Microsoft Visual Studio Solution File, Format Version 12.00
# Visual Studio 2013
VisualStudioVersion = 12.0.21005.1
MinimumVisualStudioVersion = 10.0.40219.1
Project("{2150E333-8FDC-42A3-9474-1A3956D46DE8}") = "Calculate the sum of a range of cells", "Calculate the sum of a range of cells", "{C34EDECE-D31B-447D-A7EF-604CBD44A533}"
EndProject
Project("{FAE04EC0-301F-11D3-BF4B-00C04F79EFBC}") = "Aspose Cells", "Calculate the sum of a range of cells\Aspose Cells\Aspose Cells.csproj", "{6BFB65E1-C85C-4DB5-B041-ADFB9E8C5DB8}"
EndProject
Project("{FAE04EC0-301F-11D3-BF4B-00C04F79EFBC}") = "OpenXML Excel", "Calculate the sum of a range of cells\OpenXML Excel\OpenXML Excel.csproj", "{09DEE57E-1F9B-433D-87D1-69E061A4D15C}"
EndProject
Project("{2150E333-8FDC-42A3-9474-1A3956D46DE8}") = "Create a spreadsheet document", "Create a spreadsheet document", "{A0C235BA-0B3B-477D-A9F4-ADA76961EBFB}"
EndProject
Project("{FAE04EC0-301F-11D3-BF4B-00C04F79EFBC}") = "Aspose Cells", "Create a spreadsheet document\Aspose Cells\Aspose Cells.csproj", "{D2F7EBC1-31F8-4E7C-BF90-9E4123B8B633}"
EndProject
Project("{FAE04EC0-301F-11D3-BF4B-00C04F79EFBC}") = "OpenXML Excel", "Create a spreadsheet document\OpenXML Excel\OpenXML Excel.csproj", "{98F903FF-48CC-453F-B81E-74984A50095C}"
EndProject
Project("{2150E333-8FDC-42A3-9474-1A3956D46DE8}") = "Delete text from a cell", "Delete text from a cell", "{97CE3BA3-5B29-4E23-9665-CF7B70ADCDC5}"
EndProject
Project("{2150E333-8FDC-42A3-9474-1A3956D46DE8}") = "Get a column heading", "Get a column heading", "{4AE28EDE-1DE7-4073-A78C-1396DBF467C9}"
EndProject
Project("{2150E333-8FDC-42A3-9474-1A3956D46DE8}") = "Get worksheet information", "Get worksheet information", "{EBD3FF1E-54D0-4023-96A8-DD549A65516E}"
EndProject
Project("{2150E333-8FDC-42A3-9474-1A3956D46DE8}") = "Insert a chart", "Insert a chart", "{630F7623-C90A-4325-A32C-9B83CCA5DACD}"
EndProject
Project("{2150E333-8FDC-42A3-9474-1A3956D46DE8}") = "Insert a new worksheet", "Insert a new worksheet", "{1ED2F734-D42C-48FC-A258-7E889CD05AD0}"
EndProject
Project("{2150E333-8FDC-42A3-9474-1A3956D46DE8}") = "Insert text into a cell", "Insert text into a cell", "{22BBAA9E-A601-41AF-8CA8-F02681E14C10}"
EndProject
Project("{2150E333-8FDC-42A3-9474-1A3956D46DE8}") = "Merge two adjacent cells", "Merge two adjacent cells", "{1BA43E06-32CF-4E8B-B06F-6D1079C2ABE9}"
EndProject
Project("{2150E333-8FDC-42A3-9474-1A3956D46DE8}") = "Open read-only access", "Open read-only access", "{53E469B3-0218-4F87-A8FE-7EB356E18B5E}"
EndProject
Project("{2150E333-8FDC-42A3-9474-1A3956D46DE8}") = "Open from a stream", "Open from a stream", "{A1F67D26-7056-42BA-998D-D09F0AFD9552}"
EndProject
Project("{2150E333-8FDC-42A3-9474-1A3956D46DE8}") = "Retrieve a dictionary of all named ranges", "Retrieve a dictionary of all named ranges", "{B30F1CCC-0EBB-4C5F-B55E-88FE3911DD75}"
EndProject
Project("{2150E333-8FDC-42A3-9474-1A3956D46DE8}") = "Retrieve the values of cells", "Retrieve the values of cells", "{52957D01-E7BF-4D57-B212-BDB15A836C89}"
EndProject
Project("{FAE04EC0-301F-11D3-BF4B-00C04F79EFBC}") = "Aspose Cells", "Delete text from a cell\Aspose Cells\Aspose Cells.csproj", "{91B7039B-6D86-4DC5-9FF5-4BE66B902003}"
EndProject
Project("{FAE04EC0-301F-11D3-BF4B-00C04F79EFBC}") = "OpenXML Excel", "Delete text from a cell\OpenXML Excel\OpenXML Excel.csproj", "{7CF6B6E3-5F50-43E5-A3DD-C7869C379900}"
EndProject
Project("{FAE04EC0-301F-11D3-BF4B-00C04F79EFBC}") = "Aspose Cells", "Get a column heading\Aspose Cells\Aspose Cells.csproj", "{8AE98B4A-6199-4D12-91A9-422012C6AD75}"
EndProject
Project("{FAE04EC0-301F-11D3-BF4B-00C04F79EFBC}") = "OpenXML Excel", "Get a column heading\OpenXML Excel\OpenXML Excel.csproj", "{8185D621-6811-4439-BC07-910ED2C1D38A}"
EndProject
Project("{FAE04EC0-301F-11D3-BF4B-00C04F79EFBC}") = "Aspose Cells", "Get worksheet information\Aspose Cells\Aspose Cells.csproj", "{C0251A78-EB26-4654-A9E4-109DEB4E3348}"
EndProject
Project("{FAE04EC0-301F-11D3-BF4B-00C04F79EFBC}") = "OpenXML Excel", "Get worksheet information\OpenXML Excel\OpenXML Excel.csproj", "{0F29D806-C8E7-444A-9E04-ADE22B0D4420}"
EndProject
Project("{FAE04EC0-301F-11D3-BF4B-00C04F79EFBC}") = "Aspose Cells", "Insert a chart\Aspose Cells\Aspose Cells.csproj", "{E56518C2-6BD0-4F15-8951-EAE4E203EA56}"
EndProject
Project("{FAE04EC0-301F-11D3-BF4B-00C04F79EFBC}") = "OpenXML Excel", "Insert a chart\OpenXML Excel\OpenXML Excel.csproj", "{4E528417-B30A-4AF7-88EA-CE8188F20490}"
EndProject
Project("{FAE04EC0-301F-11D3-BF4B-00C04F79EFBC}") = "Aspose Cells", "Insert a new worksheet\Aspose Cells\Aspose Cells.csproj", "{D9997801-7ED1-4610-AF0C-B6D96BC1DC2A}"
EndProject
Project("{FAE04EC0-301F-11D3-BF4B-00C04F79EFBC}") = "OpenXML Excel", "Insert a new worksheet\OpenXML Excel\OpenXML Excel.csproj", "{62B0EE3B-1BF9-4FE7-AC71-C9D077C8EE66}"
EndProject
Project("{FAE04EC0-301F-11D3-BF4B-00C04F79EFBC}") = "OpenXML Excel", "Insert text into a cell\OpenXML Excel\OpenXML Excel.csproj", "{2A2AD7ED-987F-4734-BF43-300E0C13886F}"
EndProject
Project("{FAE04EC0-301F-11D3-BF4B-00C04F79EFBC}") = "Aspose Cells", "Insert text into a cell\Aspose Cells\Aspose Cells.csproj", "{0EE5A61C-41B5-4FAB-BB42-A05DE994D304}"
EndProject
Project("{FAE04EC0-301F-11D3-BF4B-00C04F79EFBC}") = "Aspose Cells", "Merge two adjacent cells\Aspose Cells\Aspose Cells.csproj", "{9BEA7E8D-136F-4A93-96A9-D338AE2F0A9F}"
EndProject
Project("{FAE04EC0-301F-11D3-BF4B-00C04F79EFBC}") = "OpenXML Excel", "Merge two adjacent cells\OpenXML Excel\OpenXML Excel.csproj", "{F526A13F-B61C-4F22-8438-53BEE4E69FE8}"
EndProject
Project("{FAE04EC0-301F-11D3-BF4B-00C04F79EFBC}") = "Aspose.Cells", "Open from a stream\Aspose.Cells\Aspose.Cells.csproj", "{DC9BBBE2-EA84-4D9E-83C6-148B39A71C58}"
EndProject
Project("{FAE04EC0-301F-11D3-BF4B-00C04F79EFBC}") = "OpenXML Spreadshhets", "Open from a stream\OpenXML Spreadshhets\OpenXML Spreadshhets.csproj", "{3397862C-1A91-4D72-8A05-5BF4D7704AB5}"
EndProject
Project("{FAE04EC0-301F-11D3-BF4B-00C04F79EFBC}") = "Aspose.Cells", "Open read-only access\Aspose.Cells\Aspose.Cells.csproj", "{D273ABF0-A9AE-4827-9F6B-6218D2F343CA}"
EndProject
Project("{FAE04EC0-301F-11D3-BF4B-00C04F79EFBC}") = "OpenXML Spreadsheets", "Open read-only access\OpenXML Spreadsheets\OpenXML Spreadsheets.csproj", "{7E6BC8DF-8ED1-4186-9025-BD537A06C932}"
EndProject
Project("{FAE04EC0-301F-11D3-BF4B-00C04F79EFBC}") = "Aspose.Cells", "Retrieve a dictionary of all named ranges\Aspose.Cells\Aspose.Cells.csproj", "{99CC797B-36A0-4A34-A552-B20EBE9BFB18}"
EndProject
Project("{FAE04EC0-301F-11D3-BF4B-00C04F79EFBC}") = "OpenXML Spreadsheets", "Retrieve a dictionary of all named ranges\OpenXML Spreadsheets\OpenXML Spreadsheets.csproj", "{745754BC-2D50-4D50-AFD7-4940D96096FB}"
EndProject
Project("{FAE04EC0-301F-11D3-BF4B-00C04F79EFBC}") = "Aspose Cells", "Retrieve the values of cells\Aspose Cells\Aspose Cells.csproj", "{D0FD1706-989E-49C0-9404-11DD286C92CA}"
EndProject
Project("{FAE04EC0-301F-11D3-BF4B-00C04F79EFBC}") = "OpenXML Excel", "Retrieve the values of cells\OpenXML Excel\OpenXML Excel.csproj", "{19A8D153-51CD-4FCE-A2CC-DC32E93538EE}"
EndProject
Global
	GlobalSection(SolutionConfigurationPlatforms) = preSolution
		Debug|Any CPU = Debug|Any CPU
		Release|Any CPU = Release|Any CPU
	EndGlobalSection
	GlobalSection(ProjectConfigurationPlatforms) = postSolution
		{6BFB65E1-C85C-4DB5-B041-ADFB9E8C5DB8}.Debug|Any CPU.ActiveCfg = Debug|Any CPU
		{6BFB65E1-C85C-4DB5-B041-ADFB9E8C5DB8}.Debug|Any CPU.Build.0 = Debug|Any CPU
		{6BFB65E1-C85C-4DB5-B041-ADFB9E8C5DB8}.Release|Any CPU.ActiveCfg = Release|Any CPU
		{6BFB65E1-C85C-4DB5-B041-ADFB9E8C5DB8}.Release|Any CPU.Build.0 = Release|Any CPU
		{09DEE57E-1F9B-433D-87D1-69E061A4D15C}.Debug|Any CPU.ActiveCfg = Debug|Any CPU
		{09DEE57E-1F9B-433D-87D1-69E061A4D15C}.Debug|Any CPU.Build.0 = Debug|Any CPU
		{09DEE57E-1F9B-433D-87D1-69E061A4D15C}.Release|Any CPU.ActiveCfg = Release|Any CPU
		{09DEE57E-1F9B-433D-87D1-69E061A4D15C}.Release|Any CPU.Build.0 = Release|Any CPU
		{D2F7EBC1-31F8-4E7C-BF90-9E4123B8B633}.Debug|Any CPU.ActiveCfg = Debug|Any CPU
		{D2F7EBC1-31F8-4E7C-BF90-9E4123B8B633}.Debug|Any CPU.Build.0 = Debug|Any CPU
		{D2F7EBC1-31F8-4E7C-BF90-9E4123B8B633}.Release|Any CPU.ActiveCfg = Release|Any CPU
		{D2F7EBC1-31F8-4E7C-BF90-9E4123B8B633}.Release|Any CPU.Build.0 = Release|Any CPU
		{98F903FF-48CC-453F-B81E-74984A50095C}.Debug|Any CPU.ActiveCfg = Debug|Any CPU
		{98F903FF-48CC-453F-B81E-74984A50095C}.Debug|Any CPU.Build.0 = Debug|Any CPU
		{98F903FF-48CC-453F-B81E-74984A50095C}.Release|Any CPU.ActiveCfg = Release|Any CPU
		{98F903FF-48CC-453F-B81E-74984A50095C}.Release|Any CPU.Build.0 = Release|Any CPU
		{91B7039B-6D86-4DC5-9FF5-4BE66B902003}.Debug|Any CPU.ActiveCfg = Debug|Any CPU
		{91B7039B-6D86-4DC5-9FF5-4BE66B902003}.Debug|Any CPU.Build.0 = Debug|Any CPU
		{91B7039B-6D86-4DC5-9FF5-4BE66B902003}.Release|Any CPU.ActiveCfg = Release|Any CPU
		{91B7039B-6D86-4DC5-9FF5-4BE66B902003}.Release|Any CPU.Build.0 = Release|Any CPU
		{7CF6B6E3-5F50-43E5-A3DD-C7869C379900}.Debug|Any CPU.ActiveCfg = Debug|Any CPU
		{7CF6B6E3-5F50-43E5-A3DD-C7869C379900}.Debug|Any CPU.Build.0 = Debug|Any CPU
		{7CF6B6E3-5F50-43E5-A3DD-C7869C379900}.Release|Any CPU.ActiveCfg = Release|Any CPU
		{7CF6B6E3-5F50-43E5-A3DD-C7869C379900}.Release|Any CPU.Build.0 = Release|Any CPU
		{8AE98B4A-6199-4D12-91A9-422012C6AD75}.Debug|Any CPU.ActiveCfg = Debug|Any CPU
		{8AE98B4A-6199-4D12-91A9-422012C6AD75}.Debug|Any CPU.Build.0 = Debug|Any CPU
		{8AE98B4A-6199-4D12-91A9-422012C6AD75}.Release|Any CPU.ActiveCfg = Release|Any CPU
		{8AE98B4A-6199-4D12-91A9-422012C6AD75}.Release|Any CPU.Build.0 = Release|Any CPU
		{8185D621-6811-4439-BC07-910ED2C1D38A}.Debug|Any CPU.ActiveCfg = Debug|Any CPU
		{8185D621-6811-4439-BC07-910ED2C1D38A}.Debug|Any CPU.Build.0 = Debug|Any CPU
		{8185D621-6811-4439-BC07-910ED2C1D38A}.Release|Any CPU.ActiveCfg = Release|Any CPU
		{8185D621-6811-4439-BC07-910ED2C1D38A}.Release|Any CPU.Build.0 = Release|Any CPU
		{C0251A78-EB26-4654-A9E4-109DEB4E3348}.Debug|Any CPU.ActiveCfg = Debug|Any CPU
		{C0251A78-EB26-4654-A9E4-109DEB4E3348}.Debug|Any CPU.Build.0 = Debug|Any CPU
		{C0251A78-EB26-4654-A9E4-109DEB4E3348}.Release|Any CPU.ActiveCfg = Release|Any CPU
		{C0251A78-EB26-4654-A9E4-109DEB4E3348}.Release|Any CPU.Build.0 = Release|Any CPU
		{0F29D806-C8E7-444A-9E04-ADE22B0D4420}.Debug|Any CPU.ActiveCfg = Debug|Any CPU
		{0F29D806-C8E7-444A-9E04-ADE22B0D4420}.Debug|Any CPU.Build.0 = Debug|Any CPU
		{0F29D806-C8E7-444A-9E04-ADE22B0D4420}.Release|Any CPU.ActiveCfg = Release|Any CPU
		{0F29D806-C8E7-444A-9E04-ADE22B0D4420}.Release|Any CPU.Build.0 = Release|Any CPU
		{E56518C2-6BD0-4F15-8951-EAE4E203EA56}.Debug|Any CPU.ActiveCfg = Debug|Any CPU
		{E56518C2-6BD0-4F15-8951-EAE4E203EA56}.Debug|Any CPU.Build.0 = Debug|Any CPU
		{E56518C2-6BD0-4F15-8951-EAE4E203EA56}.Release|Any CPU.ActiveCfg = Release|Any CPU
		{E56518C2-6BD0-4F15-8951-EAE4E203EA56}.Release|Any CPU.Build.0 = Release|Any CPU
		{4E528417-B30A-4AF7-88EA-CE8188F20490}.Debug|Any CPU.ActiveCfg = Debug|Any CPU
		{4E528417-B30A-4AF7-88EA-CE8188F20490}.Debug|Any CPU.Build.0 = Debug|Any CPU
		{4E528417-B30A-4AF7-88EA-CE8188F20490}.Release|Any CPU.ActiveCfg = Release|Any CPU
		{4E528417-B30A-4AF7-88EA-CE8188F20490}.Release|Any CPU.Build.0 = Release|Any CPU
		{D9997801-7ED1-4610-AF0C-B6D96BC1DC2A}.Debug|Any CPU.ActiveCfg = Debug|Any CPU
		{D9997801-7ED1-4610-AF0C-B6D96BC1DC2A}.Debug|Any CPU.Build.0 = Debug|Any CPU
		{D9997801-7ED1-4610-AF0C-B6D96BC1DC2A}.Release|Any CPU.ActiveCfg = Release|Any CPU
		{D9997801-7ED1-4610-AF0C-B6D96BC1DC2A}.Release|Any CPU.Build.0 = Release|Any CPU
		{62B0EE3B-1BF9-4FE7-AC71-C9D077C8EE66}.Debug|Any CPU.ActiveCfg = Debug|Any CPU
		{62B0EE3B-1BF9-4FE7-AC71-C9D077C8EE66}.Debug|Any CPU.Build.0 = Debug|Any CPU
		{62B0EE3B-1BF9-4FE7-AC71-C9D077C8EE66}.Release|Any CPU.ActiveCfg = Release|Any CPU
		{62B0EE3B-1BF9-4FE7-AC71-C9D077C8EE66}.Release|Any CPU.Build.0 = Release|Any CPU
		{2A2AD7ED-987F-4734-BF43-300E0C13886F}.Debug|Any CPU.ActiveCfg = Debug|Any CPU
		{2A2AD7ED-987F-4734-BF43-300E0C13886F}.Debug|Any CPU.Build.0 = Debug|Any CPU
		{2A2AD7ED-987F-4734-BF43-300E0C13886F}.Release|Any CPU.ActiveCfg = Release|Any CPU
		{2A2AD7ED-987F-4734-BF43-300E0C13886F}.Release|Any CPU.Build.0 = Release|Any CPU
		{0EE5A61C-41B5-4FAB-BB42-A05DE994D304}.Debug|Any CPU.ActiveCfg = Debug|Any CPU
		{0EE5A61C-41B5-4FAB-BB42-A05DE994D304}.Debug|Any CPU.Build.0 = Debug|Any CPU
		{0EE5A61C-41B5-4FAB-BB42-A05DE994D304}.Release|Any CPU.ActiveCfg = Release|Any CPU
		{0EE5A61C-41B5-4FAB-BB42-A05DE994D304}.Release|Any CPU.Build.0 = Release|Any CPU
		{9BEA7E8D-136F-4A93-96A9-D338AE2F0A9F}.Debug|Any CPU.ActiveCfg = Debug|Any CPU
		{9BEA7E8D-136F-4A93-96A9-D338AE2F0A9F}.Debug|Any CPU.Build.0 = Debug|Any CPU
		{9BEA7E8D-136F-4A93-96A9-D338AE2F0A9F}.Release|Any CPU.ActiveCfg = Release|Any CPU
		{9BEA7E8D-136F-4A93-96A9-D338AE2F0A9F}.Release|Any CPU.Build.0 = Release|Any CPU
		{F526A13F-B61C-4F22-8438-53BEE4E69FE8}.Debug|Any CPU.ActiveCfg = Debug|Any CPU
		{F526A13F-B61C-4F22-8438-53BEE4E69FE8}.Debug|Any CPU.Build.0 = Debug|Any CPU
		{F526A13F-B61C-4F22-8438-53BEE4E69FE8}.Release|Any CPU.ActiveCfg = Release|Any CPU
		{F526A13F-B61C-4F22-8438-53BEE4E69FE8}.Release|Any CPU.Build.0 = Release|Any CPU
		{DC9BBBE2-EA84-4D9E-83C6-148B39A71C58}.Debug|Any CPU.ActiveCfg = Debug|Any CPU
		{DC9BBBE2-EA84-4D9E-83C6-148B39A71C58}.Debug|Any CPU.Build.0 = Debug|Any CPU
		{DC9BBBE2-EA84-4D9E-83C6-148B39A71C58}.Release|Any CPU.ActiveCfg = Release|Any CPU
		{DC9BBBE2-EA84-4D9E-83C6-148B39A71C58}.Release|Any CPU.Build.0 = Release|Any CPU
		{3397862C-1A91-4D72-8A05-5BF4D7704AB5}.Debug|Any CPU.ActiveCfg = Debug|Any CPU
		{3397862C-1A91-4D72-8A05-5BF4D7704AB5}.Debug|Any CPU.Build.0 = Debug|Any CPU
		{3397862C-1A91-4D72-8A05-5BF4D7704AB5}.Release|Any CPU.ActiveCfg = Release|Any CPU
		{3397862C-1A91-4D72-8A05-5BF4D7704AB5}.Release|Any CPU.Build.0 = Release|Any CPU
		{D273ABF0-A9AE-4827-9F6B-6218D2F343CA}.Debug|Any CPU.ActiveCfg = Debug|Any CPU
		{D273ABF0-A9AE-4827-9F6B-6218D2F343CA}.Debug|Any CPU.Build.0 = Debug|Any CPU
		{D273ABF0-A9AE-4827-9F6B-6218D2F343CA}.Release|Any CPU.ActiveCfg = Release|Any CPU
		{D273ABF0-A9AE-4827-9F6B-6218D2F343CA}.Release|Any CPU.Build.0 = Release|Any CPU
		{7E6BC8DF-8ED1-4186-9025-BD537A06C932}.Debug|Any CPU.ActiveCfg = Debug|Any CPU
		{7E6BC8DF-8ED1-4186-9025-BD537A06C932}.Debug|Any CPU.Build.0 = Debug|Any CPU
		{7E6BC8DF-8ED1-4186-9025-BD537A06C932}.Release|Any CPU.ActiveCfg = Release|Any CPU
		{7E6BC8DF-8ED1-4186-9025-BD537A06C932}.Release|Any CPU.Build.0 = Release|Any CPU
		{99CC797B-36A0-4A34-A552-B20EBE9BFB18}.Debug|Any CPU.ActiveCfg = Debug|Any CPU
		{99CC797B-36A0-4A34-A552-B20EBE9BFB18}.Debug|Any CPU.Build.0 = Debug|Any CPU
		{99CC797B-36A0-4A34-A552-B20EBE9BFB18}.Release|Any CPU.ActiveCfg = Release|Any CPU
		{99CC797B-36A0-4A34-A552-B20EBE9BFB18}.Release|Any CPU.Build.0 = Release|Any CPU
		{745754BC-2D50-4D50-AFD7-4940D96096FB}.Debug|Any CPU.ActiveCfg = Debug|Any CPU
		{745754BC-2D50-4D50-AFD7-4940D96096FB}.Debug|Any CPU.Build.0 = Debug|Any CPU
		{745754BC-2D50-4D50-AFD7-4940D96096FB}.Release|Any CPU.ActiveCfg = Release|Any CPU
		{745754BC-2D50-4D50-AFD7-4940D96096FB}.Release|Any CPU.Build.0 = Release|Any CPU
		{D0FD1706-989E-49C0-9404-11DD286C92CA}.Debug|Any CPU.ActiveCfg = Debug|Any CPU
		{D0FD1706-989E-49C0-9404-11DD286C92CA}.Debug|Any CPU.Build.0 = Debug|Any CPU
		{D0FD1706-989E-49C0-9404-11DD286C92CA}.Release|Any CPU.ActiveCfg = Release|Any CPU
		{D0FD1706-989E-49C0-9404-11DD286C92CA}.Release|Any CPU.Build.0 = Release|Any CPU
		{19A8D153-51CD-4FCE-A2CC-DC32E93538EE}.Debug|Any CPU.ActiveCfg = Debug|Any CPU
		{19A8D153-51CD-4FCE-A2CC-DC32E93538EE}.Debug|Any CPU.Build.0 = Debug|Any CPU
		{19A8D153-51CD-4FCE-A2CC-DC32E93538EE}.Release|Any CPU.ActiveCfg = Release|Any CPU
		{19A8D153-51CD-4FCE-A2CC-DC32E93538EE}.Release|Any CPU.Build.0 = Release|Any CPU
	EndGlobalSection
	GlobalSection(SolutionProperties) = preSolution
		HideSolutionNode = FALSE
	EndGlobalSection
	GlobalSection(NestedProjects) = preSolution
		{6BFB65E1-C85C-4DB5-B041-ADFB9E8C5DB8} = {C34EDECE-D31B-447D-A7EF-604CBD44A533}
		{09DEE57E-1F9B-433D-87D1-69E061A4D15C} = {C34EDECE-D31B-447D-A7EF-604CBD44A533}
		{D2F7EBC1-31F8-4E7C-BF90-9E4123B8B633} = {A0C235BA-0B3B-477D-A9F4-ADA76961EBFB}
		{98F903FF-48CC-453F-B81E-74984A50095C} = {A0C235BA-0B3B-477D-A9F4-ADA76961EBFB}
		{91B7039B-6D86-4DC5-9FF5-4BE66B902003} = {97CE3BA3-5B29-4E23-9665-CF7B70ADCDC5}
		{7CF6B6E3-5F50-43E5-A3DD-C7869C379900} = {97CE3BA3-5B29-4E23-9665-CF7B70ADCDC5}
		{8AE98B4A-6199-4D12-91A9-422012C6AD75} = {4AE28EDE-1DE7-4073-A78C-1396DBF467C9}
		{8185D621-6811-4439-BC07-910ED2C1D38A} = {4AE28EDE-1DE7-4073-A78C-1396DBF467C9}
		{C0251A78-EB26-4654-A9E4-109DEB4E3348} = {EBD3FF1E-54D0-4023-96A8-DD549A65516E}
		{0F29D806-C8E7-444A-9E04-ADE22B0D4420} = {EBD3FF1E-54D0-4023-96A8-DD549A65516E}
		{E56518C2-6BD0-4F15-8951-EAE4E203EA56} = {630F7623-C90A-4325-A32C-9B83CCA5DACD}
		{4E528417-B30A-4AF7-88EA-CE8188F20490} = {630F7623-C90A-4325-A32C-9B83CCA5DACD}
		{D9997801-7ED1-4610-AF0C-B6D96BC1DC2A} = {1ED2F734-D42C-48FC-A258-7E889CD05AD0}
		{62B0EE3B-1BF9-4FE7-AC71-C9D077C8EE66} = {1ED2F734-D42C-48FC-A258-7E889CD05AD0}
		{2A2AD7ED-987F-4734-BF43-300E0C13886F} = {22BBAA9E-A601-41AF-8CA8-F02681E14C10}
		{0EE5A61C-41B5-4FAB-BB42-A05DE994D304} = {22BBAA9E-A601-41AF-8CA8-F02681E14C10}
		{9BEA7E8D-136F-4A93-96A9-D338AE2F0A9F} = {1BA43E06-32CF-4E8B-B06F-6D1079C2ABE9}
		{F526A13F-B61C-4F22-8438-53BEE4E69FE8} = {1BA43E06-32CF-4E8B-B06F-6D1079C2ABE9}
		{D273ABF0-A9AE-4827-9F6B-6218D2F343CA} = {53E469B3-0218-4F87-A8FE-7EB356E18B5E}
		{7E6BC8DF-8ED1-4186-9025-BD537A06C932} = {53E469B3-0218-4F87-A8FE-7EB356E18B5E}
		{DC9BBBE2-EA84-4D9E-83C6-148B39A71C58} = {A1F67D26-7056-42BA-998D-D09F0AFD9552}
		{3397862C-1A91-4D72-8A05-5BF4D7704AB5} = {A1F67D26-7056-42BA-998D-D09F0AFD9552}
		{99CC797B-36A0-4A34-A552-B20EBE9BFB18} = {B30F1CCC-0EBB-4C5F-B55E-88FE3911DD75}
		{745754BC-2D50-4D50-AFD7-4940D96096FB} = {B30F1CCC-0EBB-4C5F-B55E-88FE3911DD75}
		{D0FD1706-989E-49C0-9404-11DD286C92CA} = {52957D01-E7BF-4D57-B212-BDB15A836C89}
		{19A8D153-51CD-4FCE-A2CC-DC32E93538EE} = {52957D01-E7BF-4D57-B212-BDB15A836C89}
	EndGlobalSection
EndGlobal
