Microsoft Visual Studio Solution File, Format Version 11.00
# Visual Studio 2010
Project("{FAE04EC0-301F-11D3-BF4B-00C04F79EFBC}") = "FindCellsWithSpecificStyle", "FindCellsWithSpecificStyle.csproj", "{87751448-E10E-4DFF-B716-BA3956CAF725}"
EndProject
Global
	GlobalSection(SolutionConfigurationPlatforms) = preSolution
		Debug|Any CPU = Debug|Any CPU
		Release|Any CPU = Release|Any CPU
	EndGlobalSection
	GlobalSection(ProjectConfigurationPlatforms) = postSolution
		{87751448-E10E-4DFF-B716-BA3956CAF725}.Debug|Any CPU.ActiveCfg = Debug|Any CPU
		{87751448-E10E-4DFF-B716-BA3956CAF725}.Debug|Any CPU.Build.0 = Debug|Any CPU
		{87751448-E10E-4DFF-B716-BA3956CAF725}.Release|Any CPU.ActiveCfg = Release|Any CPU
	EndGlobalSection
	GlobalSection(SolutionProperties) = preSolution
		HideSolutionNode = FALSE
	EndGlobalSection
EndGlobal
