Microsoft Visual Studio Solution File, Format Version 11.00
# Visual Studio 2010
Project("{FAE04EC0-301F-11D3-BF4B-00C04F79EFBC}") = "ReadingCSVMultipleEncodings", "ReadingCSVMultipleEncodings.csproj", "{89AD596D-4CB4-4666-AE6F-36D6EE9B3BE0}"
EndProject
Global
	GlobalSection(SolutionConfigurationPlatforms) = preSolution
		Debug|Any CPU = Debug|Any CPU
		Release|Any CPU = Release|Any CPU
	EndGlobalSection
	GlobalSection(ProjectConfigurationPlatforms) = postSolution
		{89AD596D-4CB4-4666-AE6F-36D6EE9B3BE0}.Debug|Any CPU.ActiveCfg = Debug|Any CPU
		{89AD596D-4CB4-4666-AE6F-36D6EE9B3BE0}.Debug|Any CPU.Build.0 = Debug|Any CPU
		{89AD596D-4CB4-4666-AE6F-36D6EE9B3BE0}.Release|Any CPU.ActiveCfg = Release|Any CPU
	EndGlobalSection
	GlobalSection(SolutionProperties) = preSolution
		HideSolutionNode = FALSE
	EndGlobalSection
EndGlobal
