Microsoft Visual Studio Solution File, Format Version 9.00
# Visual Studio 2005
Project("{2150E333-8FDC-42A3-9474-1A3956D46DE8}") = "ProgrammersGuide", "ProgrammersGuide", "{6A5BC87A-6292-4770-AC26-6566C43DE1FA}"
EndProject
Project("{2150E333-8FDC-42A3-9474-1A3956D46DE8}") = "AsposeCells", "AsposeCells", "{08BE30B5-0442-4C58-A8CD-665126E93A16}"
EndProject
Project("{2150E333-8FDC-42A3-9474-1A3956D46DE8}") = "WorkingWithFiles", "WorkingWithFiles", "{F3A27E22-D6AA-488A-BF0D-27AA6B43D114}"
EndProject
Project("{2150E333-8FDC-42A3-9474-1A3956D46DE8}") = "UtilityFeatures", "UtilityFeatures", "{BA711239-F9A3-4F93-94E3-D3B2F20A8633}"
EndProject
Project("{FAE04EC0-301F-11D3-BF4B-00C04F79EFBC}") = "Excel2PDFConversion", "ProgrammersGuide\AsposeCells\WorkingWithFiles\UtilityFeatures\Excel2PDFConversion\CSharp\Excel2PDFConversion.csproj", "{373BBCDF-FAAA-4533-BD3B-C69292B23C3E}"
EndProject
Project("{FAE04EC0-301F-11D3-BF4B-00C04F79EFBC}") = "ChartToImage", "ProgrammersGuide\AsposeCells\WorkingWithFiles\UtilityFeatures\ChartToImage\CSharp\ChartToImage.csproj", "{08FECC17-944E-4C4E-B5C3-D140EF1AE76F}"
EndProject
Project("{FAE04EC0-301F-11D3-BF4B-00C04F79EFBC}") = "WorksheetToImage", "ProgrammersGuide\AsposeCells\WorkingWithFiles\UtilityFeatures\WorksheetToImage\CSharp\WorksheetToImage.csproj", "{EC04101C-8030-48A9-BDFA-00BEE56EAE11}"
EndProject
Project("{FAE04EC0-301F-11D3-BF4B-00C04F79EFBC}") = "ConvertingToXPS", "ProgrammersGuide\AsposeCells\WorkingWithFiles\UtilityFeatures\ConvertingToXPS\CSharp\ConvertingToXPS.csproj", "{2368C5E6-F486-48B5-8614-62372CB35E2D}"
EndProject
Project("{FAE04EC0-301F-11D3-BF4B-00C04F79EFBC}") = "ManagingDocumentProperties", "ProgrammersGuide\AsposeCells\WorkingWithFiles\UtilityFeatures\ManagingDocumentProperties\CSharp\ManagingDocumentProperties.csproj", "{B162C01E-2C94-431F-B1A8-5EBCEBBA4933}"
EndProject
Project("{FAE04EC0-301F-11D3-BF4B-00C04F79EFBC}") = "EncryptingFiles", "ProgrammersGuide\AsposeCells\WorkingWithFiles\UtilityFeatures\EncryptingFiles\CSharp\EncryptingFiles.csproj", "{2892A82E-603B-4D3E-B37D-823858BCD459}"
EndProject
Project("{FAE04EC0-301F-11D3-BF4B-00C04F79EFBC}") = "ConvertingWorksheetToSVG", "ProgrammersGuide\AsposeCells\WorkingWithFiles\UtilityFeatures\ConvertingWorksheetToSVG\CSharp\ConvertingWorksheetToSVG.csproj", "{1B135A21-9EE1-46AC-82F9-EF4A5C1A5E15}"
EndProject
Project("{FAE04EC0-301F-11D3-BF4B-00C04F79EFBC}") = "ConvertingToMHTMLFiles", "ProgrammersGuide\AsposeCells\WorkingWithFiles\UtilityFeatures\ConvertingToMHTMLFiles\CSharp\ConvertingToMHTMLFiles.csproj", "{9254419D-FF06-4197-AB57-6B46A7EE97AE}"
EndProject
Project("{2150E333-8FDC-42A3-9474-1A3956D46DE8}") = "FileHandlingFeatures", "FileHandlingFeatures", "{A2D9D5DB-4CBC-431C-9AFD-AE654B7349C8}"
EndProject
Project("{FAE04EC0-301F-11D3-BF4B-00C04F79EFBC}") = "OpeningFiles", "ProgrammersGuide\AsposeCells\WorkingWithFiles\FileHandlingFeatures\OpeningFiles\CSharp\OpeningFiles.csproj", "{EC214421-067D-4BA4-A60B-A96BE7D272C1}"
EndProject
Project("{FAE04EC0-301F-11D3-BF4B-00C04F79EFBC}") = "SaveWorkbookToTextCSVFormat", "ProgrammersGuide\AsposeCells\WorkingWithFiles\FileHandlingFeatures\SaveWorkbookToTextCSVFormat\CSharp\SaveWorkbookToTextCSVFormat.csproj", "{C345D272-29D6-4DD8-A16B-DEEB624F1CB2}"
EndProject
Project("{FAE04EC0-301F-11D3-BF4B-00C04F79EFBC}") = "SavingFiles", "ProgrammersGuide\AsposeCells\WorkingWithFiles\FileHandlingFeatures\SavingFiles\CSharp\SavingFiles.csproj", "{769157E1-C93E-42FB-8DB5-5E17AF3AB623}"
EndProject
Project("{2150E333-8FDC-42A3-9474-1A3956D46DE8}") = "WorkingWithWorksheets", "WorkingWithWorksheets", "{26558868-19A9-415F-AE95-91A9101DB851}"
EndProject
Project("{2150E333-8FDC-42A3-9474-1A3956D46DE8}") = "DisplayFeatures", "DisplayFeatures", "{A140B3AC-E5BE-42B0-A7DE-070AD443BFD7}"
EndProject
Project("{FAE04EC0-301F-11D3-BF4B-00C04F79EFBC}") = "HideUnhideWorksheet", "ProgrammersGuide\AsposeCells\WorkingWithWorksheets\DisplayFeatures\HideUnhideWorksheet\CSharp\HideUnhideWorksheet.csproj", "{61BAA8BA-ECB7-4682-B53C-51D5634F3060}"
EndProject
Project("{FAE04EC0-301F-11D3-BF4B-00C04F79EFBC}") = "DisplayHideTabs", "ProgrammersGuide\AsposeCells\WorkingWithWorksheets\DisplayFeatures\DisplayHideTabs\CSharp\DisplayHideTabs.csproj", "{9FD95A59-BF4A-42F9-BDAE-7F103F791E9B}"
EndProject
Project("{FAE04EC0-301F-11D3-BF4B-00C04F79EFBC}") = "DisplayHideScrollBars", "ProgrammersGuide\AsposeCells\WorkingWithWorksheets\DisplayFeatures\DisplayHideScrollBars\CSharp\DisplayHideScrollBars.csproj", "{35CB6E11-51D5-4ED1-AF6E-3F14C0ECB3C2}"
EndProject
Project("{FAE04EC0-301F-11D3-BF4B-00C04F79EFBC}") = "DisplayHideGridlines", "ProgrammersGuide\AsposeCells\WorkingWithWorksheets\DisplayFeatures\DisplayHideGridlines\CSharp\DisplayHideGridlines.csproj", "{42E66C9C-C62F-4809-9A7D-D0612AC041DF}"
EndProject
Project("{FAE04EC0-301F-11D3-BF4B-00C04F79EFBC}") = "PageBreakPreview", "ProgrammersGuide\AsposeCells\WorkingWithWorksheets\DisplayFeatures\PageBreakPreview\CSharp\PageBreakPreview.csproj", "{512D0817-F5FA-4285-A422-66E204801C90}"
EndProject
Project("{FAE04EC0-301F-11D3-BF4B-00C04F79EFBC}") = "ZoomFactor", "ProgrammersGuide\AsposeCells\WorkingWithWorksheets\DisplayFeatures\ZoomFactor\CSharp\ZoomFactor.csproj", "{64DD5034-1DE5-4C14-A708-EE02555B6740}"
EndProject
Project("{FAE04EC0-301F-11D3-BF4B-00C04F79EFBC}") = "DisplayHideRowColumnHeaders", "ProgrammersGuide\AsposeCells\WorkingWithWorksheets\DisplayFeatures\DisplayHideRowColumnHeaders\CSharp\DisplayHideRowColumnHeaders.csproj", "{DCBBB3BC-AA5E-4230-A32A-81F4412D79D3}"
EndProject
Project("{FAE04EC0-301F-11D3-BF4B-00C04F79EFBC}") = "FreezePanes", "ProgrammersGuide\AsposeCells\WorkingWithWorksheets\DisplayFeatures\FreezePanes\CSharp\FreezePanes.csproj", "{DF11F389-F097-4931-BB07-66EDD3E7555D}"
EndProject
Project("{FAE04EC0-301F-11D3-BF4B-00C04F79EFBC}") = "SplitPanes", "ProgrammersGuide\AsposeCells\WorkingWithWorksheets\DisplayFeatures\SplitPanes\CSharp\SplitPanes.csproj", "{62671CF2-E8C2-47BB-834C-FEF2F66B02C8}"
EndProject
Project("{2150E333-8FDC-42A3-9474-1A3956D46DE8}") = "ManagementFeatures", "ManagementFeatures", "{DF1CEE95-6603-4A8A-9EEE-8B6F30ED9019}"
EndProject
Project("{2150E333-8FDC-42A3-9474-1A3956D46DE8}") = "ManagingWorksheets", "ManagingWorksheets", "{7C369E13-B0A3-449C-A6D0-4CFABCE409F2}"
EndProject
Project("{FAE04EC0-301F-11D3-BF4B-00C04F79EFBC}") = "AddingWorksheetsToNewExcelFile", "ProgrammersGuide\AsposeCells\WorkingWithWorksheets\ManagementFeatures\ManagingWorksheets\AddingWorksheetsToNewExcelFile\CSharp\AddingWorksheetsToNewExcelFile.csproj", "{9D02B7EC-3E66-4748-A236-74BD65C03DFB}"
EndProject
Project("{FAE04EC0-301F-11D3-BF4B-00C04F79EFBC}") = "AddWorksheetsToExistingExcelFile", "ProgrammersGuide\AsposeCells\WorkingWithWorksheets\ManagementFeatures\ManagingWorksheets\AddWorksheetsToExistingExcelFile\CSharp\AddWorksheetsToExistingExcelFile.csproj", "{01969317-FC26-434D-B117-B789D1D848B7}"
EndProject
Project("{FAE04EC0-301F-11D3-BF4B-00C04F79EFBC}") = "RemovingWorksheetsUsingSheetName", "ProgrammersGuide\AsposeCells\WorkingWithWorksheets\ManagementFeatures\ManagingWorksheets\RemovingWorksheetsUsingSheetName\CSharp\RemovingWorksheetsUsingSheetName.csproj", "{7789A173-AA1E-46BD-A81F-601CFC6A3E19}"
EndProject
Project("{FAE04EC0-301F-11D3-BF4B-00C04F79EFBC}") = "RemovingWorksheetsUsingSheetIndex", "ProgrammersGuide\AsposeCells\WorkingWithWorksheets\ManagementFeatures\ManagingWorksheets\RemovingWorksheetsUsingSheetIndex\CSharp\RemovingWorksheetsUsingSheetIndex.csproj", "{83ED9696-C137-483C-9711-95C59E5AC816}"
EndProject
Project("{2150E333-8FDC-42A3-9474-1A3956D46DE8}") = "SecurityFeatures", "SecurityFeatures", "{2CCABD1D-ECEA-49DD-8E16-0FF6C6963C51}"
EndProject
Project("{FAE04EC0-301F-11D3-BF4B-00C04F79EFBC}") = "AdvancedProtectionSettings", "ProgrammersGuide\AsposeCells\WorkingWithWorksheets\SecurityFeatures\AdvancedProtectionSettings\CSharp\AdvancedProtectionSettings.csproj", "{032B37D0-A99C-4385-A9CE-F6CDC79D3A14}"
EndProject
Project("{2150E333-8FDC-42A3-9474-1A3956D46DE8}") = "ProtectingWorksheets", "ProtectingWorksheets", "{32C80154-B1EA-416F-B354-D70112FAD2CC}"
EndProject
Project("{FAE04EC0-301F-11D3-BF4B-00C04F79EFBC}") = "ProtectingWorksheet", "ProgrammersGuide\AsposeCells\WorkingWithWorksheets\SecurityFeatures\ProtectingWorksheets\ProtectingWorksheet\CSharp\ProtectingWorksheet.csproj", "{B424D612-6CAA-4416-8DF7-D9025C940996}"
EndProject
Project("{FAE04EC0-301F-11D3-BF4B-00C04F79EFBC}") = "ProtectingSpecificCellsinaWorksheet", "ProgrammersGuide\AsposeCells\WorkingWithWorksheets\SecurityFeatures\ProtectingWorksheets\ProtectingSpecificCellsinaWorksheet\CSharp\ProtectingSpecificCellsinaWorksheet.csproj", "{BFB6C1C9-5F35-447A-91A7-EBB8D5BF5CCA}"
EndProject
Project("{FAE04EC0-301F-11D3-BF4B-00C04F79EFBC}") = "ProtectingSpecificRowInWorksheet", "ProgrammersGuide\AsposeCells\WorkingWithWorksheets\SecurityFeatures\ProtectingWorksheets\ProtectingSpecificRowInWorksheet\CSharp\ProtectingSpecificRowInWorksheet.csproj", "{A4797608-A895-4D34-BB3F-4CBCF49894D9}"
EndProject
Project("{FAE04EC0-301F-11D3-BF4B-00C04F79EFBC}") = "ProtectingSpecificColumnInWorksheet", "ProgrammersGuide\AsposeCells\WorkingWithWorksheets\SecurityFeatures\ProtectingWorksheets\ProtectingSpecificColumnInWorksheet\CSharp\ProtectingSpecificColumnInWorksheet.csproj", "{427488F0-A065-4C88-B03A-A98C230CADA1}"
EndProject
Project("{FAE04EC0-301F-11D3-BF4B-00C04F79EFBC}") = "AllowUserToEditRangesInWorksheet", "ProgrammersGuide\AsposeCells\WorkingWithWorksheets\SecurityFeatures\ProtectingWorksheets\AllowUserToEditRangesInWorksheet\CSharp\AllowUserToEditRangesInWorksheet.csproj", "{C8C6AFFB-01DB-453B-9192-203A17352DB9}"
EndProject
Project("{2150E333-8FDC-42A3-9474-1A3956D46DE8}") = "UnprotectWorksheet", "UnprotectWorksheet", "{D2BA019B-521E-4049-9C64-C2F39186A753}"
EndProject
Project("{FAE04EC0-301F-11D3-BF4B-00C04F79EFBC}") = "UnprotectingSimplyProtectedWorksheet", "ProgrammersGuide\AsposeCells\WorkingWithWorksheets\SecurityFeatures\UnprotectWorksheet\UnprotectingSimplyProtectedWorksheet\CSharp\UnprotectingSimplyProtectedWorksheet.csproj", "{DB79FA61-2F00-478A-98E8-35EFD20FF425}"
EndProject
Project("{FAE04EC0-301F-11D3-BF4B-00C04F79EFBC}") = "UnprotectingPasswordProtectedWorksheet", "ProgrammersGuide\AsposeCells\WorkingWithWorksheets\SecurityFeatures\UnprotectWorksheet\UnprotectingPasswordProtectedWorksheet\CSharp\UnprotectingPasswordProtectedWorksheet.csproj", "{41758072-CEA1-430E-8113-C49BA61BF674}"
EndProject
Project("{2150E333-8FDC-42A3-9474-1A3956D46DE8}") = "WorkingWithRowsAndColumns", "WorkingWithRowsAndColumns", "{0DA8FE81-5CF7-4BFB-9EC4-DB6D07A53188}"
EndProject
Project("{2150E333-8FDC-42A3-9474-1A3956D46DE8}") = "InsertingDeletingRowsAndColumns", "InsertingDeletingRowsAndColumns", "{658C2687-C6A5-409D-8FB3-ED411A64C740}"
EndProject
Project("{FAE04EC0-301F-11D3-BF4B-00C04F79EFBC}") = "InsertingARow", "ProgrammersGuide\AsposeCells\WorkingWithRowsAndColumns\InsertingDeletingRowsAndColumns\InsertingARow\CSharp\InsertingARow.csproj", "{B44D8B4E-40EF-4EC2-897B-A44C0B270714}"
EndProject
Project("{FAE04EC0-301F-11D3-BF4B-00C04F79EFBC}") = "InsertingMultipleRows", "ProgrammersGuide\AsposeCells\WorkingWithRowsAndColumns\InsertingDeletingRowsAndColumns\InsertingMultipleRows\CSharp\InsertingMultipleRows.csproj", "{D4E5AB3B-680A-447B-9C58-B54422A647A0}"
EndProject
Project("{FAE04EC0-301F-11D3-BF4B-00C04F79EFBC}") = "DeletingARow", "ProgrammersGuide\AsposeCells\WorkingWithRowsAndColumns\InsertingDeletingRowsAndColumns\DeletingARow\CSharp\DeletingARow.csproj", "{5D12176F-AB88-4B72-A635-8BFB67CB0556}"
EndProject
Project("{FAE04EC0-301F-11D3-BF4B-00C04F79EFBC}") = "DeletingMultipleRows", "ProgrammersGuide\AsposeCells\WorkingWithRowsAndColumns\InsertingDeletingRowsAndColumns\DeletingMultipleRows\CSharp\DeletingMultipleRows.csproj", "{2EA66F30-5CD7-4A0E-B062-0D88D4E4D6DC}"
EndProject
Project("{FAE04EC0-301F-11D3-BF4B-00C04F79EFBC}") = "InsertingAColumn", "ProgrammersGuide\AsposeCells\WorkingWithRowsAndColumns\InsertingDeletingRowsAndColumns\InsertingAColumn\CSharp\InsertingAColumn.csproj", "{63FC25F1-CF28-4E19-8598-75019917AF0D}"
EndProject
Project("{FAE04EC0-301F-11D3-BF4B-00C04F79EFBC}") = "DeletingAColumn", "ProgrammersGuide\AsposeCells\WorkingWithRowsAndColumns\InsertingDeletingRowsAndColumns\DeletingAColumn\CSharp\DeletingAColumn.csproj", "{1A1FEEB4-CB87-411B-B304-D0CFBFB84A62}"
EndProject
Project("{2150E333-8FDC-42A3-9474-1A3956D46DE8}") = "HidingUnhidingRowsAndColumns", "HidingUnhidingRowsAndColumns", "{A0D45CFC-488D-41DC-B90D-84C75E955420}"
EndProject
Project("{FAE04EC0-301F-11D3-BF4B-00C04F79EFBC}") = "HidingRowsAndColumns", "ProgrammersGuide\AsposeCells\WorkingWithRowsAndColumns\HidingUnhidingRowsAndColumns\HidingRowsAndColumns\CSharp\HidingRowsAndColumns.csproj", "{87F796E0-AE44-4468-812E-D6498F680759}"
EndProject
Project("{FAE04EC0-301F-11D3-BF4B-00C04F79EFBC}") = "UnhidingRowsAndColumns", "ProgrammersGuide\AsposeCells\WorkingWithRowsAndColumns\HidingUnhidingRowsAndColumns\UnhidingRowsAndColumns\CSharp\UnhidingRowsAndColumns.csproj", "{5C90908E-3216-4AC4-8BE3-C7964FB8E843}"
EndProject
Project("{FAE04EC0-301F-11D3-BF4B-00C04F79EFBC}") = "HidingMultipleRowsAndColumns", "ProgrammersGuide\AsposeCells\WorkingWithRowsAndColumns\HidingUnhidingRowsAndColumns\HidingMultipleRowsAndColumns\CSharp\HidingMultipleRowsAndColumns.csproj", "{7B9BFB3A-710C-44FA-9E4A-AD29D0A397A1}"
EndProject
Project("{2150E333-8FDC-42A3-9474-1A3956D46DE8}") = "GroupingUngroupingRowsAndColumns", "GroupingUngroupingRowsAndColumns", "{0D8DAF1D-1B79-4B5E-90AF-A403B7DD041C}"
EndProject
Project("{FAE04EC0-301F-11D3-BF4B-00C04F79EFBC}") = "GroupingRowsAndColumns", "ProgrammersGuide\AsposeCells\WorkingWithRowsAndColumns\GroupingUngroupingRowsAndColumns\GroupingRowsAndColumns\CSharp\GroupingRowsAndColumns.csproj", "{3CCAF98E-2CB7-48DF-B3E4-08088916823A}"
EndProject
Project("{FAE04EC0-301F-11D3-BF4B-00C04F79EFBC}") = "UngroupingRowsAndColumns", "ProgrammersGuide\AsposeCells\WorkingWithRowsAndColumns\GroupingUngroupingRowsAndColumns\UngroupingRowsAndColumns\CSharp\UngroupingRowsAndColumns.csproj", "{FF4FA6A4-FB9E-4FA9-A5E4-D80CA2EEE655}"
EndProject
Project("{2150E333-8FDC-42A3-9474-1A3956D46DE8}") = "AdjustingRowHeightAndColumnWidth", "AdjustingRowHeightAndColumnWidth", "{F05F4A84-553F-4C66-8A15-30C085576152}"
EndProject
Project("{FAE04EC0-301F-11D3-BF4B-00C04F79EFBC}") = "SettingHeightOfRow", "ProgrammersGuide\AsposeCells\WorkingWithRowsAndColumns\AdjustingRowHeightAndColumnWidth\SettingHeightOfRow\CSharp\SettingHeightOfRow.csproj", "{4F34B43A-EB58-4E1C-890C-A450BE0AE396}"
EndProject
Project("{FAE04EC0-301F-11D3-BF4B-00C04F79EFBC}") = "SettingHeightOfAllRowsInWorksheet", "ProgrammersGuide\AsposeCells\WorkingWithRowsAndColumns\AdjustingRowHeightAndColumnWidth\SettingHeightOfAllRowsInWorksheet\CSharp\SettingHeightOfAllRowsInWorksheet.csproj", "{3B45A911-F5B7-424E-A9DA-AF4EF86AE379}"
EndProject
Project("{FAE04EC0-301F-11D3-BF4B-00C04F79EFBC}") = "SettingWidthOfColumn", "ProgrammersGuide\AsposeCells\WorkingWithRowsAndColumns\AdjustingRowHeightAndColumnWidth\SettingWidthOfColumn\CSharp\SettingWidthOfColumn.csproj", "{EAF0EFBD-3FE2-4473-9264-082D78EBD5B0}"
EndProject
Project("{FAE04EC0-301F-11D3-BF4B-00C04F79EFBC}") = "SettingWidthOfAllColumnsInWorksheet", "ProgrammersGuide\AsposeCells\WorkingWithRowsAndColumns\AdjustingRowHeightAndColumnWidth\SettingWidthOfAllColumnsInWorksheet\CSharp\SettingWidthOfAllColumnsInWorksheet.csproj", "{8F83D6B6-92D7-4572-A80C-8E50A3F2F9E7}"
EndProject
Project("{2150E333-8FDC-42A3-9474-1A3956D46DE8}") = "CopyingRowsAndColumns", "CopyingRowsAndColumns", "{D0D330F6-10B0-4B61-9CE8-456AE943EB03}"
EndProject
Project("{FAE04EC0-301F-11D3-BF4B-00C04F79EFBC}") = "CopyingRows", "ProgrammersGuide\AsposeCells\WorkingWithRowsAndColumns\CopyingRowsAndColumns\CopyingRows\CSharp\CopyingRows.csproj", "{1BCB5C7D-B6FD-4367-B148-725879A9A953}"
EndProject
Project("{FAE04EC0-301F-11D3-BF4B-00C04F79EFBC}") = "CopyingColumns", "ProgrammersGuide\AsposeCells\WorkingWithRowsAndColumns\CopyingRowsAndColumns\CopyingColumns\CSharp\CopyingColumns.csproj", "{16F9D8B2-703D-41D4-95C1-48FC324E583F}"
EndProject
Project("{2150E333-8FDC-42A3-9474-1A3956D46DE8}") = "WorkingWithData", "WorkingWithData", "{61C49969-80F3-447B-A7C9-AA10A827F701}"
EndProject
Project("{2150E333-8FDC-42A3-9474-1A3956D46DE8}") = "DataHandlingFeatures", "DataHandlingFeatures", "{D16140CA-B441-4AB3-B65B-FD683E2FC9F0}"
EndProject
Project("{FAE04EC0-301F-11D3-BF4B-00C04F79EFBC}") = "AddingDataToCells", "ProgrammersGuide\AsposeCells\WorkingWithData\DataHandlingFeatures\AddingDataToCells\CSharp\AddingDataToCells.csproj", "{C6701FA7-1B43-422A-83C2-6BF504F289E7}"
EndProject
Project("{FAE04EC0-301F-11D3-BF4B-00C04F79EFBC}") = "RetrievingDataFromCells", "ProgrammersGuide\AsposeCells\WorkingWithData\DataHandlingFeatures\RetrievingDataFromCells\CSharp\RetrievingDataFromCells.csproj", "{43F20E67-6A14-4435-A60B-D3BA2A3E8192}"
EndProject
Project("{FAE04EC0-301F-11D3-BF4B-00C04F79EFBC}") = "DataSorting", "ProgrammersGuide\AsposeCells\WorkingWithData\DataHandlingFeatures\DataSorting\CSharp\DataSorting.csproj", "{8878A974-8E2C-4092-8E61-A86B755C7DD9}"
EndProject
Project("{FAE04EC0-301F-11D3-BF4B-00C04F79EFBC}") = "ExportingDataFromWorksheets", "ProgrammersGuide\AsposeCells\WorkingWithData\DataHandlingFeatures\ExportingDataFromWorksheets\CSharp\ExportingDataFromWorksheets.csproj", "{3C0AE695-CBD7-49E4-9D47-BC4E53567108}"
EndProject
Project("{2150E333-8FDC-42A3-9474-1A3956D46DE8}") = "AccessingCellsofWorksheet", "AccessingCellsofWorksheet", "{8960B4D8-6995-44DB-9CCC-75F05B62B5C2}"
EndProject
Project("{FAE04EC0-301F-11D3-BF4B-00C04F79EFBC}") = "UsingCellName", "ProgrammersGuide\AsposeCells\WorkingWithData\DataHandlingFeatures\AccessingCellsofWorksheet\UsingCellName\CSharp\UsingCellName.csproj", "{C559CBEA-FCA8-4496-AF25-A2264471D6F7}"
EndProject
Project("{FAE04EC0-301F-11D3-BF4B-00C04F79EFBC}") = "UsingRowAndColumnIndexOfCell", "ProgrammersGuide\AsposeCells\WorkingWithData\DataHandlingFeatures\AccessingCellsofWorksheet\UsingRowAndColumnIndexOfCell\CSharp\UsingRowAndColumnIndexOfCell.csproj", "{F302E264-6C12-4B8C-BE51-CC9CAA89DEA2}"
EndProject
Project("{FAE04EC0-301F-11D3-BF4B-00C04F79EFBC}") = "UsingCellIndexInCellsCollection", "ProgrammersGuide\AsposeCells\WorkingWithData\DataHandlingFeatures\AccessingCellsofWorksheet\UsingCellIndexInCellsCollection\CSharp\UsingCellIndexInCellsCollection.csproj", "{DE9B9131-9940-4223-9210-631C6F853DB1}"
EndProject
Project("{2150E333-8FDC-42A3-9474-1A3956D46DE8}") = "FindOrSearchData", "FindOrSearchData", "{4B8F068F-0EC6-4638-81F3-F670C1301786}"
EndProject
Project("{FAE04EC0-301F-11D3-BF4B-00C04F79EFBC}") = "FindingCellsContainingFormula", "ProgrammersGuide\AsposeCells\WorkingWithData\DataHandlingFeatures\FindOrSearchData\FindingCellsContainingFormula\CSharp\FindingCellsContainingFormula.csproj", "{886D21F6-EB2C-423A-B0A8-B368E4BCA82E}"
EndProject
Project("{FAE04EC0-301F-11D3-BF4B-00C04F79EFBC}") = "FindingDataOrFormulasUsingFindOptions", "ProgrammersGuide\AsposeCells\WorkingWithData\DataHandlingFeatures\FindOrSearchData\FindingDataOrFormulasUsingFindOptions\CSharp\FindingDataOrFormulasUsingFindOptions.csproj", "{B6D2661A-AF4E-4F92-B60B-8416B041F8C0}"
EndProject
Project("{FAE04EC0-301F-11D3-BF4B-00C04F79EFBC}") = "FindingCellsWithStringOrNumber", "ProgrammersGuide\AsposeCells\WorkingWithData\DataHandlingFeatures\FindOrSearchData\FindingCellsWithStringOrNumber\CSharp\FindingCellsWithStringOrNumber.csproj", "{7A0481E6-9614-446D-B18C-0C25667A379D}"
EndProject
Project("{2150E333-8FDC-42A3-9474-1A3956D46DE8}") = "ImportingDataToWorksheets", "ImportingDataToWorksheets", "{3C00224D-7546-41A4-B436-4456D6D39284}"
EndProject
Project("{FAE04EC0-301F-11D3-BF4B-00C04F79EFBC}") = "ImportingFromArray", "ProgrammersGuide\AsposeCells\WorkingWithData\DataHandlingFeatures\ImportingDataToWorksheets\ImportingFromArray\CSharp\ImportingFromArray.csproj", "{FD5CB8C9-2ABE-4838-88B1-A70C06728117}"
EndProject
Project("{FAE04EC0-301F-11D3-BF4B-00C04F79EFBC}") = "ImportingFromArrayList", "ProgrammersGuide\AsposeCells\WorkingWithData\DataHandlingFeatures\ImportingDataToWorksheets\ImportingFromArrayList\CSharp\ImportingFromArrayList.csproj", "{CA5457F8-2CC5-4B0F-99D9-22DE4CB6ADDD}"
EndProject
Project("{FAE04EC0-301F-11D3-BF4B-00C04F79EFBC}") = "ImportingFromDataTable", "ProgrammersGuide\AsposeCells\WorkingWithData\DataHandlingFeatures\ImportingDataToWorksheets\ImportingFromDataTable\CSharp\ImportingFromDataTable.csproj", "{BDE9362F-2078-4E2C-B48A-AD41E4420C02}"
EndProject
Project("{FAE04EC0-301F-11D3-BF4B-00C04F79EFBC}") = "ImportingFromCustomObject", "ProgrammersGuide\AsposeCells\WorkingWithData\DataHandlingFeatures\ImportingDataToWorksheets\ImportingFromCustomObject\CSharp\ImportingFromCustomObject.csproj", "{1AD095EE-5128-4BDB-B566-3A20D8C2950D}"
EndProject
Project("{FAE04EC0-301F-11D3-BF4B-00C04F79EFBC}") = "ImportingFromDataColumn", "ProgrammersGuide\AsposeCells\WorkingWithData\DataHandlingFeatures\ImportingDataToWorksheets\ImportingFromDataColumn\CSharp\ImportingFromDataColumn.csproj", "{71027E54-45C7-4120-B5FB-2F88001F0EFF}"
EndProject
Project("{FAE04EC0-301F-11D3-BF4B-00C04F79EFBC}") = "ImportingFromDataView", "ProgrammersGuide\AsposeCells\WorkingWithData\DataHandlingFeatures\ImportingDataToWorksheets\ImportingFromDataView\CSharp\ImportingFromDataView.csproj", "{B2C57144-BAB1-4DC9-BF22-77119050CFC2}"
EndProject
Global
	GlobalSection(SolutionConfigurationPlatforms) = preSolution
		Debug|Any CPU = Debug|Any CPU
		Release|Any CPU = Release|Any CPU
	EndGlobalSection
	GlobalSection(ProjectConfigurationPlatforms) = postSolution
		{373BBCDF-FAAA-4533-BD3B-C69292B23C3E}.Debug|Any CPU.ActiveCfg = Debug|Any CPU
		{373BBCDF-FAAA-4533-BD3B-C69292B23C3E}.Debug|Any CPU.Build.0 = Debug|Any CPU
		{373BBCDF-FAAA-4533-BD3B-C69292B23C3E}.Release|Any CPU.ActiveCfg = Release|Any CPU
		{08FECC17-944E-4C4E-B5C3-D140EF1AE76F}.Debug|Any CPU.ActiveCfg = Debug|Any CPU
		{08FECC17-944E-4C4E-B5C3-D140EF1AE76F}.Debug|Any CPU.Build.0 = Debug|Any CPU
		{08FECC17-944E-4C4E-B5C3-D140EF1AE76F}.Release|Any CPU.ActiveCfg = Release|Any CPU
		{EC04101C-8030-48A9-BDFA-00BEE56EAE11}.Debug|Any CPU.ActiveCfg = Debug|Any CPU
		{EC04101C-8030-48A9-BDFA-00BEE56EAE11}.Debug|Any CPU.Build.0 = Debug|Any CPU
		{EC04101C-8030-48A9-BDFA-00BEE56EAE11}.Release|Any CPU.ActiveCfg = Release|Any CPU
		{2368C5E6-F486-48B5-8614-62372CB35E2D}.Debug|Any CPU.ActiveCfg = Debug|Any CPU
		{2368C5E6-F486-48B5-8614-62372CB35E2D}.Debug|Any CPU.Build.0 = Debug|Any CPU
		{2368C5E6-F486-48B5-8614-62372CB35E2D}.Release|Any CPU.ActiveCfg = Release|Any CPU
		{B162C01E-2C94-431F-B1A8-5EBCEBBA4933}.Debug|Any CPU.ActiveCfg = Debug|Any CPU
		{B162C01E-2C94-431F-B1A8-5EBCEBBA4933}.Debug|Any CPU.Build.0 = Debug|Any CPU
		{B162C01E-2C94-431F-B1A8-5EBCEBBA4933}.Release|Any CPU.ActiveCfg = Release|Any CPU
		{2892A82E-603B-4D3E-B37D-823858BCD459}.Debug|Any CPU.ActiveCfg = Debug|Any CPU
		{2892A82E-603B-4D3E-B37D-823858BCD459}.Debug|Any CPU.Build.0 = Debug|Any CPU
		{2892A82E-603B-4D3E-B37D-823858BCD459}.Release|Any CPU.ActiveCfg = Release|Any CPU
		{1B135A21-9EE1-46AC-82F9-EF4A5C1A5E15}.Debug|Any CPU.ActiveCfg = Debug|Any CPU
		{1B135A21-9EE1-46AC-82F9-EF4A5C1A5E15}.Debug|Any CPU.Build.0 = Debug|Any CPU
		{1B135A21-9EE1-46AC-82F9-EF4A5C1A5E15}.Release|Any CPU.ActiveCfg = Release|Any CPU
		{9254419D-FF06-4197-AB57-6B46A7EE97AE}.Debug|Any CPU.ActiveCfg = Debug|Any CPU
		{9254419D-FF06-4197-AB57-6B46A7EE97AE}.Debug|Any CPU.Build.0 = Debug|Any CPU
		{9254419D-FF06-4197-AB57-6B46A7EE97AE}.Release|Any CPU.ActiveCfg = Release|Any CPU
		{EC214421-067D-4BA4-A60B-A96BE7D272C1}.Debug|Any CPU.ActiveCfg = Debug|Any CPU
		{EC214421-067D-4BA4-A60B-A96BE7D272C1}.Debug|Any CPU.Build.0 = Debug|Any CPU
		{EC214421-067D-4BA4-A60B-A96BE7D272C1}.Release|Any CPU.ActiveCfg = Release|Any CPU
		{C345D272-29D6-4DD8-A16B-DEEB624F1CB2}.Debug|Any CPU.ActiveCfg = Debug|Any CPU
		{C345D272-29D6-4DD8-A16B-DEEB624F1CB2}.Debug|Any CPU.Build.0 = Debug|Any CPU
		{C345D272-29D6-4DD8-A16B-DEEB624F1CB2}.Release|Any CPU.ActiveCfg = Release|Any CPU
		{769157E1-C93E-42FB-8DB5-5E17AF3AB623}.Debug|Any CPU.ActiveCfg = Debug|Any CPU
		{769157E1-C93E-42FB-8DB5-5E17AF3AB623}.Debug|Any CPU.Build.0 = Debug|Any CPU
		{769157E1-C93E-42FB-8DB5-5E17AF3AB623}.Release|Any CPU.ActiveCfg = Release|Any CPU
		{61BAA8BA-ECB7-4682-B53C-51D5634F3060}.Debug|Any CPU.ActiveCfg = Debug|Any CPU
		{61BAA8BA-ECB7-4682-B53C-51D5634F3060}.Debug|Any CPU.Build.0 = Debug|Any CPU
		{61BAA8BA-ECB7-4682-B53C-51D5634F3060}.Release|Any CPU.ActiveCfg = Release|Any CPU
		{9FD95A59-BF4A-42F9-BDAE-7F103F791E9B}.Debug|Any CPU.ActiveCfg = Debug|Any CPU
		{9FD95A59-BF4A-42F9-BDAE-7F103F791E9B}.Debug|Any CPU.Build.0 = Debug|Any CPU
		{9FD95A59-BF4A-42F9-BDAE-7F103F791E9B}.Release|Any CPU.ActiveCfg = Release|Any CPU
		{35CB6E11-51D5-4ED1-AF6E-3F14C0ECB3C2}.Debug|Any CPU.ActiveCfg = Debug|Any CPU
		{35CB6E11-51D5-4ED1-AF6E-3F14C0ECB3C2}.Debug|Any CPU.Build.0 = Debug|Any CPU
		{35CB6E11-51D5-4ED1-AF6E-3F14C0ECB3C2}.Release|Any CPU.ActiveCfg = Release|Any CPU
		{42E66C9C-C62F-4809-9A7D-D0612AC041DF}.Debug|Any CPU.ActiveCfg = Debug|Any CPU
		{42E66C9C-C62F-4809-9A7D-D0612AC041DF}.Debug|Any CPU.Build.0 = Debug|Any CPU
		{42E66C9C-C62F-4809-9A7D-D0612AC041DF}.Release|Any CPU.ActiveCfg = Release|Any CPU
		{512D0817-F5FA-4285-A422-66E204801C90}.Debug|Any CPU.ActiveCfg = Debug|Any CPU
		{512D0817-F5FA-4285-A422-66E204801C90}.Debug|Any CPU.Build.0 = Debug|Any CPU
		{512D0817-F5FA-4285-A422-66E204801C90}.Release|Any CPU.ActiveCfg = Release|Any CPU
		{64DD5034-1DE5-4C14-A708-EE02555B6740}.Debug|Any CPU.ActiveCfg = Debug|Any CPU
		{64DD5034-1DE5-4C14-A708-EE02555B6740}.Debug|Any CPU.Build.0 = Debug|Any CPU
		{64DD5034-1DE5-4C14-A708-EE02555B6740}.Release|Any CPU.ActiveCfg = Release|Any CPU
		{DCBBB3BC-AA5E-4230-A32A-81F4412D79D3}.Debug|Any CPU.ActiveCfg = Debug|Any CPU
		{DCBBB3BC-AA5E-4230-A32A-81F4412D79D3}.Debug|Any CPU.Build.0 = Debug|Any CPU
		{DCBBB3BC-AA5E-4230-A32A-81F4412D79D3}.Release|Any CPU.ActiveCfg = Release|Any CPU
		{DF11F389-F097-4931-BB07-66EDD3E7555D}.Debug|Any CPU.ActiveCfg = Debug|Any CPU
		{DF11F389-F097-4931-BB07-66EDD3E7555D}.Debug|Any CPU.Build.0 = Debug|Any CPU
		{DF11F389-F097-4931-BB07-66EDD3E7555D}.Release|Any CPU.ActiveCfg = Release|Any CPU
		{62671CF2-E8C2-47BB-834C-FEF2F66B02C8}.Debug|Any CPU.ActiveCfg = Debug|Any CPU
		{62671CF2-E8C2-47BB-834C-FEF2F66B02C8}.Debug|Any CPU.Build.0 = Debug|Any CPU
		{62671CF2-E8C2-47BB-834C-FEF2F66B02C8}.Release|Any CPU.ActiveCfg = Release|Any CPU
		{9D02B7EC-3E66-4748-A236-74BD65C03DFB}.Debug|Any CPU.ActiveCfg = Debug|Any CPU
		{9D02B7EC-3E66-4748-A236-74BD65C03DFB}.Debug|Any CPU.Build.0 = Debug|Any CPU
		{9D02B7EC-3E66-4748-A236-74BD65C03DFB}.Release|Any CPU.ActiveCfg = Release|Any CPU
		{01969317-FC26-434D-B117-B789D1D848B7}.Debug|Any CPU.ActiveCfg = Debug|Any CPU
		{01969317-FC26-434D-B117-B789D1D848B7}.Debug|Any CPU.Build.0 = Debug|Any CPU
		{01969317-FC26-434D-B117-B789D1D848B7}.Release|Any CPU.ActiveCfg = Release|Any CPU
		{7789A173-AA1E-46BD-A81F-601CFC6A3E19}.Debug|Any CPU.ActiveCfg = Debug|Any CPU
		{7789A173-AA1E-46BD-A81F-601CFC6A3E19}.Debug|Any CPU.Build.0 = Debug|Any CPU
		{7789A173-AA1E-46BD-A81F-601CFC6A3E19}.Release|Any CPU.ActiveCfg = Release|Any CPU
		{83ED9696-C137-483C-9711-95C59E5AC816}.Debug|Any CPU.ActiveCfg = Debug|Any CPU
		{83ED9696-C137-483C-9711-95C59E5AC816}.Debug|Any CPU.Build.0 = Debug|Any CPU
		{83ED9696-C137-483C-9711-95C59E5AC816}.Release|Any CPU.ActiveCfg = Release|Any CPU
		{032B37D0-A99C-4385-A9CE-F6CDC79D3A14}.Debug|Any CPU.ActiveCfg = Debug|Any CPU
		{032B37D0-A99C-4385-A9CE-F6CDC79D3A14}.Debug|Any CPU.Build.0 = Debug|Any CPU
		{032B37D0-A99C-4385-A9CE-F6CDC79D3A14}.Release|Any CPU.ActiveCfg = Release|Any CPU
		{B424D612-6CAA-4416-8DF7-D9025C940996}.Debug|Any CPU.ActiveCfg = Debug|Any CPU
		{B424D612-6CAA-4416-8DF7-D9025C940996}.Debug|Any CPU.Build.0 = Debug|Any CPU
		{B424D612-6CAA-4416-8DF7-D9025C940996}.Release|Any CPU.ActiveCfg = Release|Any CPU
		{BFB6C1C9-5F35-447A-91A7-EBB8D5BF5CCA}.Debug|Any CPU.ActiveCfg = Debug|Any CPU
		{BFB6C1C9-5F35-447A-91A7-EBB8D5BF5CCA}.Debug|Any CPU.Build.0 = Debug|Any CPU
		{BFB6C1C9-5F35-447A-91A7-EBB8D5BF5CCA}.Release|Any CPU.ActiveCfg = Release|Any CPU
		{A4797608-A895-4D34-BB3F-4CBCF49894D9}.Debug|Any CPU.ActiveCfg = Debug|Any CPU
		{A4797608-A895-4D34-BB3F-4CBCF49894D9}.Debug|Any CPU.Build.0 = Debug|Any CPU
		{A4797608-A895-4D34-BB3F-4CBCF49894D9}.Release|Any CPU.ActiveCfg = Release|Any CPU
		{427488F0-A065-4C88-B03A-A98C230CADA1}.Debug|Any CPU.ActiveCfg = Debug|Any CPU
		{427488F0-A065-4C88-B03A-A98C230CADA1}.Debug|Any CPU.Build.0 = Debug|Any CPU
		{427488F0-A065-4C88-B03A-A98C230CADA1}.Release|Any CPU.ActiveCfg = Release|Any CPU
		{C8C6AFFB-01DB-453B-9192-203A17352DB9}.Debug|Any CPU.ActiveCfg = Debug|Any CPU
		{C8C6AFFB-01DB-453B-9192-203A17352DB9}.Debug|Any CPU.Build.0 = Debug|Any CPU
		{C8C6AFFB-01DB-453B-9192-203A17352DB9}.Release|Any CPU.ActiveCfg = Release|Any CPU
		{DB79FA61-2F00-478A-98E8-35EFD20FF425}.Debug|Any CPU.ActiveCfg = Debug|Any CPU
		{DB79FA61-2F00-478A-98E8-35EFD20FF425}.Debug|Any CPU.Build.0 = Debug|Any CPU
		{DB79FA61-2F00-478A-98E8-35EFD20FF425}.Release|Any CPU.ActiveCfg = Release|Any CPU
		{41758072-CEA1-430E-8113-C49BA61BF674}.Debug|Any CPU.ActiveCfg = Debug|Any CPU
		{41758072-CEA1-430E-8113-C49BA61BF674}.Debug|Any CPU.Build.0 = Debug|Any CPU
		{41758072-CEA1-430E-8113-C49BA61BF674}.Release|Any CPU.ActiveCfg = Release|Any CPU
		{B44D8B4E-40EF-4EC2-897B-A44C0B270714}.Debug|Any CPU.ActiveCfg = Debug|Any CPU
		{B44D8B4E-40EF-4EC2-897B-A44C0B270714}.Debug|Any CPU.Build.0 = Debug|Any CPU
		{B44D8B4E-40EF-4EC2-897B-A44C0B270714}.Release|Any CPU.ActiveCfg = Release|Any CPU
		{D4E5AB3B-680A-447B-9C58-B54422A647A0}.Debug|Any CPU.ActiveCfg = Debug|Any CPU
		{D4E5AB3B-680A-447B-9C58-B54422A647A0}.Debug|Any CPU.Build.0 = Debug|Any CPU
		{D4E5AB3B-680A-447B-9C58-B54422A647A0}.Release|Any CPU.ActiveCfg = Release|Any CPU
		{5D12176F-AB88-4B72-A635-8BFB67CB0556}.Debug|Any CPU.ActiveCfg = Debug|Any CPU
		{5D12176F-AB88-4B72-A635-8BFB67CB0556}.Debug|Any CPU.Build.0 = Debug|Any CPU
		{5D12176F-AB88-4B72-A635-8BFB67CB0556}.Release|Any CPU.ActiveCfg = Release|Any CPU
		{2EA66F30-5CD7-4A0E-B062-0D88D4E4D6DC}.Debug|Any CPU.ActiveCfg = Debug|Any CPU
		{2EA66F30-5CD7-4A0E-B062-0D88D4E4D6DC}.Debug|Any CPU.Build.0 = Debug|Any CPU
		{2EA66F30-5CD7-4A0E-B062-0D88D4E4D6DC}.Release|Any CPU.ActiveCfg = Release|Any CPU
		{63FC25F1-CF28-4E19-8598-75019917AF0D}.Debug|Any CPU.ActiveCfg = Debug|Any CPU
		{63FC25F1-CF28-4E19-8598-75019917AF0D}.Debug|Any CPU.Build.0 = Debug|Any CPU
		{63FC25F1-CF28-4E19-8598-75019917AF0D}.Release|Any CPU.ActiveCfg = Release|Any CPU
		{1A1FEEB4-CB87-411B-B304-D0CFBFB84A62}.Debug|Any CPU.ActiveCfg = Debug|Any CPU
		{1A1FEEB4-CB87-411B-B304-D0CFBFB84A62}.Debug|Any CPU.Build.0 = Debug|Any CPU
		{1A1FEEB4-CB87-411B-B304-D0CFBFB84A62}.Release|Any CPU.ActiveCfg = Release|Any CPU
		{87F796E0-AE44-4468-812E-D6498F680759}.Debug|Any CPU.ActiveCfg = Debug|Any CPU
		{87F796E0-AE44-4468-812E-D6498F680759}.Debug|Any CPU.Build.0 = Debug|Any CPU
		{87F796E0-AE44-4468-812E-D6498F680759}.Release|Any CPU.ActiveCfg = Release|Any CPU
		{5C90908E-3216-4AC4-8BE3-C7964FB8E843}.Debug|Any CPU.ActiveCfg = Debug|Any CPU
		{5C90908E-3216-4AC4-8BE3-C7964FB8E843}.Debug|Any CPU.Build.0 = Debug|Any CPU
		{5C90908E-3216-4AC4-8BE3-C7964FB8E843}.Release|Any CPU.ActiveCfg = Release|Any CPU
		{7B9BFB3A-710C-44FA-9E4A-AD29D0A397A1}.Debug|Any CPU.ActiveCfg = Debug|Any CPU
		{7B9BFB3A-710C-44FA-9E4A-AD29D0A397A1}.Debug|Any CPU.Build.0 = Debug|Any CPU
		{7B9BFB3A-710C-44FA-9E4A-AD29D0A397A1}.Release|Any CPU.ActiveCfg = Release|Any CPU
		{3CCAF98E-2CB7-48DF-B3E4-08088916823A}.Debug|Any CPU.ActiveCfg = Debug|Any CPU
		{3CCAF98E-2CB7-48DF-B3E4-08088916823A}.Debug|Any CPU.Build.0 = Debug|Any CPU
		{3CCAF98E-2CB7-48DF-B3E4-08088916823A}.Release|Any CPU.ActiveCfg = Release|Any CPU
		{FF4FA6A4-FB9E-4FA9-A5E4-D80CA2EEE655}.Debug|Any CPU.ActiveCfg = Debug|Any CPU
		{FF4FA6A4-FB9E-4FA9-A5E4-D80CA2EEE655}.Debug|Any CPU.Build.0 = Debug|Any CPU
		{FF4FA6A4-FB9E-4FA9-A5E4-D80CA2EEE655}.Release|Any CPU.ActiveCfg = Release|Any CPU
		{4F34B43A-EB58-4E1C-890C-A450BE0AE396}.Debug|Any CPU.ActiveCfg = Debug|Any CPU
		{4F34B43A-EB58-4E1C-890C-A450BE0AE396}.Debug|Any CPU.Build.0 = Debug|Any CPU
		{4F34B43A-EB58-4E1C-890C-A450BE0AE396}.Release|Any CPU.ActiveCfg = Release|Any CPU
		{3B45A911-F5B7-424E-A9DA-AF4EF86AE379}.Debug|Any CPU.ActiveCfg = Debug|Any CPU
		{3B45A911-F5B7-424E-A9DA-AF4EF86AE379}.Debug|Any CPU.Build.0 = Debug|Any CPU
		{3B45A911-F5B7-424E-A9DA-AF4EF86AE379}.Release|Any CPU.ActiveCfg = Release|Any CPU
		{EAF0EFBD-3FE2-4473-9264-082D78EBD5B0}.Debug|Any CPU.ActiveCfg = Debug|Any CPU
		{EAF0EFBD-3FE2-4473-9264-082D78EBD5B0}.Debug|Any CPU.Build.0 = Debug|Any CPU
		{EAF0EFBD-3FE2-4473-9264-082D78EBD5B0}.Release|Any CPU.ActiveCfg = Release|Any CPU
		{8F83D6B6-92D7-4572-A80C-8E50A3F2F9E7}.Debug|Any CPU.ActiveCfg = Debug|Any CPU
		{8F83D6B6-92D7-4572-A80C-8E50A3F2F9E7}.Debug|Any CPU.Build.0 = Debug|Any CPU
		{8F83D6B6-92D7-4572-A80C-8E50A3F2F9E7}.Release|Any CPU.ActiveCfg = Release|Any CPU
		{1BCB5C7D-B6FD-4367-B148-725879A9A953}.Debug|Any CPU.ActiveCfg = Debug|Any CPU
		{1BCB5C7D-B6FD-4367-B148-725879A9A953}.Debug|Any CPU.Build.0 = Debug|Any CPU
		{1BCB5C7D-B6FD-4367-B148-725879A9A953}.Release|Any CPU.ActiveCfg = Release|Any CPU
		{16F9D8B2-703D-41D4-95C1-48FC324E583F}.Debug|Any CPU.ActiveCfg = Debug|Any CPU
		{16F9D8B2-703D-41D4-95C1-48FC324E583F}.Debug|Any CPU.Build.0 = Debug|Any CPU
		{16F9D8B2-703D-41D4-95C1-48FC324E583F}.Release|Any CPU.ActiveCfg = Release|Any CPU
		{C6701FA7-1B43-422A-83C2-6BF504F289E7}.Debug|Any CPU.ActiveCfg = Debug|Any CPU
		{C6701FA7-1B43-422A-83C2-6BF504F289E7}.Debug|Any CPU.Build.0 = Debug|Any CPU
		{C6701FA7-1B43-422A-83C2-6BF504F289E7}.Release|Any CPU.ActiveCfg = Release|Any CPU
		{43F20E67-6A14-4435-A60B-D3BA2A3E8192}.Debug|Any CPU.ActiveCfg = Debug|Any CPU
		{43F20E67-6A14-4435-A60B-D3BA2A3E8192}.Debug|Any CPU.Build.0 = Debug|Any CPU
		{43F20E67-6A14-4435-A60B-D3BA2A3E8192}.Release|Any CPU.ActiveCfg = Release|Any CPU
		{8878A974-8E2C-4092-8E61-A86B755C7DD9}.Debug|Any CPU.ActiveCfg = Debug|Any CPU
		{8878A974-8E2C-4092-8E61-A86B755C7DD9}.Debug|Any CPU.Build.0 = Debug|Any CPU
		{8878A974-8E2C-4092-8E61-A86B755C7DD9}.Release|Any CPU.ActiveCfg = Release|Any CPU
		{3C0AE695-CBD7-49E4-9D47-BC4E53567108}.Debug|Any CPU.ActiveCfg = Debug|Any CPU
		{3C0AE695-CBD7-49E4-9D47-BC4E53567108}.Debug|Any CPU.Build.0 = Debug|Any CPU
		{3C0AE695-CBD7-49E4-9D47-BC4E53567108}.Release|Any CPU.ActiveCfg = Release|Any CPU
		{C559CBEA-FCA8-4496-AF25-A2264471D6F7}.Debug|Any CPU.ActiveCfg = Debug|Any CPU
		{C559CBEA-FCA8-4496-AF25-A2264471D6F7}.Debug|Any CPU.Build.0 = Debug|Any CPU
		{C559CBEA-FCA8-4496-AF25-A2264471D6F7}.Release|Any CPU.ActiveCfg = Release|Any CPU
		{F302E264-6C12-4B8C-BE51-CC9CAA89DEA2}.Debug|Any CPU.ActiveCfg = Debug|Any CPU
		{F302E264-6C12-4B8C-BE51-CC9CAA89DEA2}.Debug|Any CPU.Build.0 = Debug|Any CPU
		{F302E264-6C12-4B8C-BE51-CC9CAA89DEA2}.Release|Any CPU.ActiveCfg = Release|Any CPU
		{DE9B9131-9940-4223-9210-631C6F853DB1}.Debug|Any CPU.ActiveCfg = Debug|Any CPU
		{DE9B9131-9940-4223-9210-631C6F853DB1}.Debug|Any CPU.Build.0 = Debug|Any CPU
		{DE9B9131-9940-4223-9210-631C6F853DB1}.Release|Any CPU.ActiveCfg = Release|Any CPU
		{886D21F6-EB2C-423A-B0A8-B368E4BCA82E}.Debug|Any CPU.ActiveCfg = Debug|Any CPU
		{886D21F6-EB2C-423A-B0A8-B368E4BCA82E}.Debug|Any CPU.Build.0 = Debug|Any CPU
		{886D21F6-EB2C-423A-B0A8-B368E4BCA82E}.Release|Any CPU.ActiveCfg = Release|Any CPU
		{B6D2661A-AF4E-4F92-B60B-8416B041F8C0}.Debug|Any CPU.ActiveCfg = Debug|Any CPU
		{B6D2661A-AF4E-4F92-B60B-8416B041F8C0}.Debug|Any CPU.Build.0 = Debug|Any CPU
		{B6D2661A-AF4E-4F92-B60B-8416B041F8C0}.Release|Any CPU.ActiveCfg = Release|Any CPU
		{7A0481E6-9614-446D-B18C-0C25667A379D}.Debug|Any CPU.ActiveCfg = Debug|Any CPU
		{7A0481E6-9614-446D-B18C-0C25667A379D}.Debug|Any CPU.Build.0 = Debug|Any CPU
		{7A0481E6-9614-446D-B18C-0C25667A379D}.Release|Any CPU.ActiveCfg = Release|Any CPU
		{FD5CB8C9-2ABE-4838-88B1-A70C06728117}.Debug|Any CPU.ActiveCfg = Debug|Any CPU
		{FD5CB8C9-2ABE-4838-88B1-A70C06728117}.Debug|Any CPU.Build.0 = Debug|Any CPU
		{FD5CB8C9-2ABE-4838-88B1-A70C06728117}.Release|Any CPU.ActiveCfg = Release|Any CPU
		{CA5457F8-2CC5-4B0F-99D9-22DE4CB6ADDD}.Debug|Any CPU.ActiveCfg = Debug|Any CPU
		{CA5457F8-2CC5-4B0F-99D9-22DE4CB6ADDD}.Debug|Any CPU.Build.0 = Debug|Any CPU
		{CA5457F8-2CC5-4B0F-99D9-22DE4CB6ADDD}.Release|Any CPU.ActiveCfg = Release|Any CPU
		{BDE9362F-2078-4E2C-B48A-AD41E4420C02}.Debug|Any CPU.ActiveCfg = Debug|Any CPU
		{BDE9362F-2078-4E2C-B48A-AD41E4420C02}.Debug|Any CPU.Build.0 = Debug|Any CPU
		{BDE9362F-2078-4E2C-B48A-AD41E4420C02}.Release|Any CPU.ActiveCfg = Release|Any CPU
		{1AD095EE-5128-4BDB-B566-3A20D8C2950D}.Debug|Any CPU.ActiveCfg = Debug|Any CPU
		{1AD095EE-5128-4BDB-B566-3A20D8C2950D}.Debug|Any CPU.Build.0 = Debug|Any CPU
		{1AD095EE-5128-4BDB-B566-3A20D8C2950D}.Release|Any CPU.ActiveCfg = Release|Any CPU
		{71027E54-45C7-4120-B5FB-2F88001F0EFF}.Debug|Any CPU.ActiveCfg = Debug|Any CPU
		{71027E54-45C7-4120-B5FB-2F88001F0EFF}.Debug|Any CPU.Build.0 = Debug|Any CPU
		{71027E54-45C7-4120-B5FB-2F88001F0EFF}.Release|Any CPU.ActiveCfg = Release|Any CPU
		{B2C57144-BAB1-4DC9-BF22-77119050CFC2}.Debug|Any CPU.ActiveCfg = Debug|Any CPU
		{B2C57144-BAB1-4DC9-BF22-77119050CFC2}.Debug|Any CPU.Build.0 = Debug|Any CPU
		{B2C57144-BAB1-4DC9-BF22-77119050CFC2}.Release|Any CPU.ActiveCfg = Release|Any CPU
	EndGlobalSection
	GlobalSection(SolutionProperties) = preSolution
		HideSolutionNode = FALSE
	EndGlobalSection
	GlobalSection(NestedProjects) = preSolution
		{08BE30B5-0442-4C58-A8CD-665126E93A16} = {6A5BC87A-6292-4770-AC26-6566C43DE1FA}
		{F3A27E22-D6AA-488A-BF0D-27AA6B43D114} = {08BE30B5-0442-4C58-A8CD-665126E93A16}
		{BA711239-F9A3-4F93-94E3-D3B2F20A8633} = {F3A27E22-D6AA-488A-BF0D-27AA6B43D114}
		{373BBCDF-FAAA-4533-BD3B-C69292B23C3E} = {BA711239-F9A3-4F93-94E3-D3B2F20A8633}
		{08FECC17-944E-4C4E-B5C3-D140EF1AE76F} = {BA711239-F9A3-4F93-94E3-D3B2F20A8633}
		{EC04101C-8030-48A9-BDFA-00BEE56EAE11} = {BA711239-F9A3-4F93-94E3-D3B2F20A8633}
		{2368C5E6-F486-48B5-8614-62372CB35E2D} = {BA711239-F9A3-4F93-94E3-D3B2F20A8633}
		{B162C01E-2C94-431F-B1A8-5EBCEBBA4933} = {BA711239-F9A3-4F93-94E3-D3B2F20A8633}
		{2892A82E-603B-4D3E-B37D-823858BCD459} = {BA711239-F9A3-4F93-94E3-D3B2F20A8633}
		{1B135A21-9EE1-46AC-82F9-EF4A5C1A5E15} = {BA711239-F9A3-4F93-94E3-D3B2F20A8633}
		{9254419D-FF06-4197-AB57-6B46A7EE97AE} = {BA711239-F9A3-4F93-94E3-D3B2F20A8633}
		{A2D9D5DB-4CBC-431C-9AFD-AE654B7349C8} = {F3A27E22-D6AA-488A-BF0D-27AA6B43D114}
		{EC214421-067D-4BA4-A60B-A96BE7D272C1} = {A2D9D5DB-4CBC-431C-9AFD-AE654B7349C8}
		{C345D272-29D6-4DD8-A16B-DEEB624F1CB2} = {A2D9D5DB-4CBC-431C-9AFD-AE654B7349C8}
		{769157E1-C93E-42FB-8DB5-5E17AF3AB623} = {A2D9D5DB-4CBC-431C-9AFD-AE654B7349C8}
		{26558868-19A9-415F-AE95-91A9101DB851} = {08BE30B5-0442-4C58-A8CD-665126E93A16}
		{A140B3AC-E5BE-42B0-A7DE-070AD443BFD7} = {26558868-19A9-415F-AE95-91A9101DB851}
		{61BAA8BA-ECB7-4682-B53C-51D5634F3060} = {A140B3AC-E5BE-42B0-A7DE-070AD443BFD7}
		{9FD95A59-BF4A-42F9-BDAE-7F103F791E9B} = {A140B3AC-E5BE-42B0-A7DE-070AD443BFD7}
		{35CB6E11-51D5-4ED1-AF6E-3F14C0ECB3C2} = {A140B3AC-E5BE-42B0-A7DE-070AD443BFD7}
		{42E66C9C-C62F-4809-9A7D-D0612AC041DF} = {A140B3AC-E5BE-42B0-A7DE-070AD443BFD7}
		{512D0817-F5FA-4285-A422-66E204801C90} = {A140B3AC-E5BE-42B0-A7DE-070AD443BFD7}
		{64DD5034-1DE5-4C14-A708-EE02555B6740} = {A140B3AC-E5BE-42B0-A7DE-070AD443BFD7}
		{DCBBB3BC-AA5E-4230-A32A-81F4412D79D3} = {A140B3AC-E5BE-42B0-A7DE-070AD443BFD7}
		{DF11F389-F097-4931-BB07-66EDD3E7555D} = {A140B3AC-E5BE-42B0-A7DE-070AD443BFD7}
		{62671CF2-E8C2-47BB-834C-FEF2F66B02C8} = {A140B3AC-E5BE-42B0-A7DE-070AD443BFD7}
		{DF1CEE95-6603-4A8A-9EEE-8B6F30ED9019} = {26558868-19A9-415F-AE95-91A9101DB851}
		{7C369E13-B0A3-449C-A6D0-4CFABCE409F2} = {DF1CEE95-6603-4A8A-9EEE-8B6F30ED9019}
		{9D02B7EC-3E66-4748-A236-74BD65C03DFB} = {7C369E13-B0A3-449C-A6D0-4CFABCE409F2}
		{01969317-FC26-434D-B117-B789D1D848B7} = {7C369E13-B0A3-449C-A6D0-4CFABCE409F2}
		{7789A173-AA1E-46BD-A81F-601CFC6A3E19} = {7C369E13-B0A3-449C-A6D0-4CFABCE409F2}
		{83ED9696-C137-483C-9711-95C59E5AC816} = {7C369E13-B0A3-449C-A6D0-4CFABCE409F2}
		{2CCABD1D-ECEA-49DD-8E16-0FF6C6963C51} = {26558868-19A9-415F-AE95-91A9101DB851}
		{032B37D0-A99C-4385-A9CE-F6CDC79D3A14} = {2CCABD1D-ECEA-49DD-8E16-0FF6C6963C51}
		{32C80154-B1EA-416F-B354-D70112FAD2CC} = {2CCABD1D-ECEA-49DD-8E16-0FF6C6963C51}
		{B424D612-6CAA-4416-8DF7-D9025C940996} = {32C80154-B1EA-416F-B354-D70112FAD2CC}
		{BFB6C1C9-5F35-447A-91A7-EBB8D5BF5CCA} = {32C80154-B1EA-416F-B354-D70112FAD2CC}
		{A4797608-A895-4D34-BB3F-4CBCF49894D9} = {32C80154-B1EA-416F-B354-D70112FAD2CC}
		{427488F0-A065-4C88-B03A-A98C230CADA1} = {32C80154-B1EA-416F-B354-D70112FAD2CC}
		{C8C6AFFB-01DB-453B-9192-203A17352DB9} = {32C80154-B1EA-416F-B354-D70112FAD2CC}
		{D2BA019B-521E-4049-9C64-C2F39186A753} = {2CCABD1D-ECEA-49DD-8E16-0FF6C6963C51}
		{DB79FA61-2F00-478A-98E8-35EFD20FF425} = {D2BA019B-521E-4049-9C64-C2F39186A753}
		{41758072-CEA1-430E-8113-C49BA61BF674} = {D2BA019B-521E-4049-9C64-C2F39186A753}
		{0DA8FE81-5CF7-4BFB-9EC4-DB6D07A53188} = {08BE30B5-0442-4C58-A8CD-665126E93A16}
		{658C2687-C6A5-409D-8FB3-ED411A64C740} = {0DA8FE81-5CF7-4BFB-9EC4-DB6D07A53188}
		{B44D8B4E-40EF-4EC2-897B-A44C0B270714} = {658C2687-C6A5-409D-8FB3-ED411A64C740}
		{D4E5AB3B-680A-447B-9C58-B54422A647A0} = {658C2687-C6A5-409D-8FB3-ED411A64C740}
		{5D12176F-AB88-4B72-A635-8BFB67CB0556} = {658C2687-C6A5-409D-8FB3-ED411A64C740}
		{2EA66F30-5CD7-4A0E-B062-0D88D4E4D6DC} = {658C2687-C6A5-409D-8FB3-ED411A64C740}
		{63FC25F1-CF28-4E19-8598-75019917AF0D} = {658C2687-C6A5-409D-8FB3-ED411A64C740}
		{1A1FEEB4-CB87-411B-B304-D0CFBFB84A62} = {658C2687-C6A5-409D-8FB3-ED411A64C740}
		{A0D45CFC-488D-41DC-B90D-84C75E955420} = {0DA8FE81-5CF7-4BFB-9EC4-DB6D07A53188}
		{87F796E0-AE44-4468-812E-D6498F680759} = {A0D45CFC-488D-41DC-B90D-84C75E955420}
		{5C90908E-3216-4AC4-8BE3-C7964FB8E843} = {A0D45CFC-488D-41DC-B90D-84C75E955420}
		{7B9BFB3A-710C-44FA-9E4A-AD29D0A397A1} = {A0D45CFC-488D-41DC-B90D-84C75E955420}
		{0D8DAF1D-1B79-4B5E-90AF-A403B7DD041C} = {0DA8FE81-5CF7-4BFB-9EC4-DB6D07A53188}
		{3CCAF98E-2CB7-48DF-B3E4-08088916823A} = {0D8DAF1D-1B79-4B5E-90AF-A403B7DD041C}
		{FF4FA6A4-FB9E-4FA9-A5E4-D80CA2EEE655} = {0D8DAF1D-1B79-4B5E-90AF-A403B7DD041C}
		{F05F4A84-553F-4C66-8A15-30C085576152} = {0DA8FE81-5CF7-4BFB-9EC4-DB6D07A53188}
		{4F34B43A-EB58-4E1C-890C-A450BE0AE396} = {F05F4A84-553F-4C66-8A15-30C085576152}
		{3B45A911-F5B7-424E-A9DA-AF4EF86AE379} = {F05F4A84-553F-4C66-8A15-30C085576152}
		{EAF0EFBD-3FE2-4473-9264-082D78EBD5B0} = {F05F4A84-553F-4C66-8A15-30C085576152}
		{8F83D6B6-92D7-4572-A80C-8E50A3F2F9E7} = {F05F4A84-553F-4C66-8A15-30C085576152}
		{D0D330F6-10B0-4B61-9CE8-456AE943EB03} = {0DA8FE81-5CF7-4BFB-9EC4-DB6D07A53188}
		{1BCB5C7D-B6FD-4367-B148-725879A9A953} = {D0D330F6-10B0-4B61-9CE8-456AE943EB03}
		{16F9D8B2-703D-41D4-95C1-48FC324E583F} = {D0D330F6-10B0-4B61-9CE8-456AE943EB03}
		{61C49969-80F3-447B-A7C9-AA10A827F701} = {08BE30B5-0442-4C58-A8CD-665126E93A16}
		{D16140CA-B441-4AB3-B65B-FD683E2FC9F0} = {61C49969-80F3-447B-A7C9-AA10A827F701}
		{C6701FA7-1B43-422A-83C2-6BF504F289E7} = {D16140CA-B441-4AB3-B65B-FD683E2FC9F0}
		{43F20E67-6A14-4435-A60B-D3BA2A3E8192} = {D16140CA-B441-4AB3-B65B-FD683E2FC9F0}
		{8878A974-8E2C-4092-8E61-A86B755C7DD9} = {D16140CA-B441-4AB3-B65B-FD683E2FC9F0}
		{3C0AE695-CBD7-49E4-9D47-BC4E53567108} = {D16140CA-B441-4AB3-B65B-FD683E2FC9F0}
		{8960B4D8-6995-44DB-9CCC-75F05B62B5C2} = {D16140CA-B441-4AB3-B65B-FD683E2FC9F0}
		{C559CBEA-FCA8-4496-AF25-A2264471D6F7} = {8960B4D8-6995-44DB-9CCC-75F05B62B5C2}
		{F302E264-6C12-4B8C-BE51-CC9CAA89DEA2} = {8960B4D8-6995-44DB-9CCC-75F05B62B5C2}
		{DE9B9131-9940-4223-9210-631C6F853DB1} = {8960B4D8-6995-44DB-9CCC-75F05B62B5C2}
		{4B8F068F-0EC6-4638-81F3-F670C1301786} = {D16140CA-B441-4AB3-B65B-FD683E2FC9F0}
		{886D21F6-EB2C-423A-B0A8-B368E4BCA82E} = {4B8F068F-0EC6-4638-81F3-F670C1301786}
		{B6D2661A-AF4E-4F92-B60B-8416B041F8C0} = {4B8F068F-0EC6-4638-81F3-F670C1301786}
		{7A0481E6-9614-446D-B18C-0C25667A379D} = {4B8F068F-0EC6-4638-81F3-F670C1301786}
		{3C00224D-7546-41A4-B436-4456D6D39284} = {D16140CA-B441-4AB3-B65B-FD683E2FC9F0}
		{FD5CB8C9-2ABE-4838-88B1-A70C06728117} = {3C00224D-7546-41A4-B436-4456D6D39284}
		{CA5457F8-2CC5-4B0F-99D9-22DE4CB6ADDD} = {3C00224D-7546-41A4-B436-4456D6D39284}
		{BDE9362F-2078-4E2C-B48A-AD41E4420C02} = {3C00224D-7546-41A4-B436-4456D6D39284}
		{1AD095EE-5128-4BDB-B566-3A20D8C2950D} = {3C00224D-7546-41A4-B436-4456D6D39284}
		{71027E54-45C7-4120-B5FB-2F88001F0EFF} = {3C00224D-7546-41A4-B436-4456D6D39284}
		{B2C57144-BAB1-4DC9-BF22-77119050CFC2} = {3C00224D-7546-41A4-B436-4456D6D39284}
	EndGlobalSection
EndGlobal
