Microsoft Visual Studio Solution File, Format Version 10.00
# Visual Studio 2008
Project("{FAE04EC0-301F-11D3-BF4B-00C04F79EFBC}") = "FitAllWorksheetColumns", "FitAllWorksheetColumns.csproj", "{5270CD25-0489-4A93-B5EB-5B31555774DD}"
EndProject
Global
	GlobalSection(SolutionConfigurationPlatforms) = preSolution
		Debug|Any CPU = Debug|Any CPU
		Release|Any CPU = Release|Any CPU
	EndGlobalSection
	GlobalSection(ProjectConfigurationPlatforms) = postSolution
		{5270CD25-0489-4A93-B5EB-5B31555774DD}.Debug|Any CPU.ActiveCfg = Debug|Any CPU
		{5270CD25-0489-4A93-B5EB-5B31555774DD}.Debug|Any CPU.Build.0 = Debug|Any CPU
		{5270CD25-0489-4A93-B5EB-5B31555774DD}.Release|Any CPU.ActiveCfg = Release|Any CPU
	EndGlobalSection
	GlobalSection(SolutionProperties) = preSolution
		HideSolutionNode = FALSE
	EndGlobalSection
EndGlobal
