
Microsoft Visual Studio Solution File, Format Version 12.00
# Visual Studio 2012
Project("{FAE04EC0-301F-11D3-BF4B-00C04F79EFBC}") = "Saving ODS document as XLS", "Saving ODS document as XLS\Saving ODS document as XLS.csproj", "{B480345A-573B-4EC3-B45C-2E650EAD3F57}"
EndProject
Global
	GlobalSection(SolutionConfigurationPlatforms) = preSolution
		Debug|Any CPU = Debug|Any CPU
		Release|Any CPU = Release|Any CPU
	EndGlobalSection
	GlobalSection(ProjectConfigurationPlatforms) = postSolution
		{B480345A-573B-4EC3-B45C-2E650EAD3F57}.Debug|Any CPU.ActiveCfg = Debug|Any CPU
		{B480345A-573B-4EC3-B45C-2E650EAD3F57}.Debug|Any CPU.Build.0 = Debug|Any CPU
		{B480345A-573B-4EC3-B45C-2E650EAD3F57}.Release|Any CPU.ActiveCfg = Release|Any CPU
		{B480345A-573B-4EC3-B45C-2E650EAD3F57}.Release|Any CPU.Build.0 = Release|Any CPU
	EndGlobalSection
	GlobalSection(SolutionProperties) = preSolution
		HideSolutionNode = FALSE
	EndGlobalSection
EndGlobal
