Microsoft Visual Studio Solution File, Format Version 11.00
# Visual Studio 2010
Project("{FAE04EC0-301F-11D3-BF4B-00C04F79EFBC}") = "HidingDisplayOfZeroValues", "HidingDisplayOfZeroValues.csproj", "{339D0E07-38F1-4150-9FAC-3E3412C74C9C}"
EndProject
Global
	GlobalSection(SolutionConfigurationPlatforms) = preSolution
		Debug|Any CPU = Debug|Any CPU
		Release|Any CPU = Release|Any CPU
	EndGlobalSection
	GlobalSection(ProjectConfigurationPlatforms) = postSolution
		{339D0E07-38F1-4150-9FAC-3E3412C74C9C}.Debug|Any CPU.ActiveCfg = Debug|Any CPU
		{339D0E07-38F1-4150-9FAC-3E3412C74C9C}.Debug|Any CPU.Build.0 = Debug|Any CPU
		{339D0E07-38F1-4150-9FAC-3E3412C74C9C}.Release|Any CPU.ActiveCfg = Release|Any CPU
	EndGlobalSection
	GlobalSection(SolutionProperties) = preSolution
		HideSolutionNode = FALSE
	EndGlobalSection
EndGlobal
