Microsoft Visual Studio Solution File, Format Version 10.00
# Visual Studio 2008
Project("{FAE04EC0-301F-11D3-BF4B-00C04F79EFBC}") = "LoadSpecificSheets", "LoadSpecificSheets.csproj", "{A1BE6EE6-C4FD-46FD-9331-338DCDF9F940}"
EndProject
Global
	GlobalSection(SolutionConfigurationPlatforms) = preSolution
		Debug|Any CPU = Debug|Any CPU
		Release|Any CPU = Release|Any CPU
	EndGlobalSection
	GlobalSection(ProjectConfigurationPlatforms) = postSolution
		{A1BE6EE6-C4FD-46FD-9331-338DCDF9F940}.Debug|Any CPU.ActiveCfg = Debug|Any CPU
		{A1BE6EE6-C4FD-46FD-9331-338DCDF9F940}.Debug|Any CPU.Build.0 = Debug|Any CPU
		{A1BE6EE6-C4FD-46FD-9331-338DCDF9F940}.Release|Any CPU.ActiveCfg = Release|Any CPU
	EndGlobalSection
	GlobalSection(SolutionProperties) = preSolution
		HideSolutionNode = FALSE
	EndGlobalSection
EndGlobal
