
Microsoft Visual Studio Solution File, Format Version 12.00
# Visual Studio 2012
Project("{FAE04EC0-301F-11D3-BF4B-00C04F79EFBC}") = "Adding Formula", "Adding Formula\Adding Formula.csproj", "{9D97349A-2C1B-4512-82A0-F601A659EE6B}"
EndProject
Project("{FAE04EC0-301F-11D3-BF4B-00C04F79EFBC}") = "Calculate Formula once", "Calculate Formula once\Calculate Formula once.csproj", "{E1E47E5A-00AA-4813-972A-A226D888CEA7}"
EndProject
Project("{FAE04EC0-301F-11D3-BF4B-00C04F79EFBC}") = "Direct Formula Call", "Direct Formulae Call\Direct Formula Call.csproj", "{F64D4044-28D4-4EB8-8265-34B00B6122E2}"
EndProject
Global
	GlobalSection(SolutionConfigurationPlatforms) = preSolution
		Debug|Any CPU = Debug|Any CPU
		Release|Any CPU = Release|Any CPU
	EndGlobalSection
	GlobalSection(ProjectConfigurationPlatforms) = postSolution
		{9D97349A-2C1B-4512-82A0-F601A659EE6B}.Debug|Any CPU.ActiveCfg = Debug|Any CPU
		{9D97349A-2C1B-4512-82A0-F601A659EE6B}.Debug|Any CPU.Build.0 = Debug|Any CPU
		{9D97349A-2C1B-4512-82A0-F601A659EE6B}.Release|Any CPU.ActiveCfg = Release|Any CPU
		{9D97349A-2C1B-4512-82A0-F601A659EE6B}.Release|Any CPU.Build.0 = Release|Any CPU
		{E1E47E5A-00AA-4813-972A-A226D888CEA7}.Debug|Any CPU.ActiveCfg = Debug|Any CPU
		{E1E47E5A-00AA-4813-972A-A226D888CEA7}.Debug|Any CPU.Build.0 = Debug|Any CPU
		{E1E47E5A-00AA-4813-972A-A226D888CEA7}.Release|Any CPU.ActiveCfg = Release|Any CPU
		{E1E47E5A-00AA-4813-972A-A226D888CEA7}.Release|Any CPU.Build.0 = Release|Any CPU
		{F64D4044-28D4-4EB8-8265-34B00B6122E2}.Debug|Any CPU.ActiveCfg = Debug|Any CPU
		{F64D4044-28D4-4EB8-8265-34B00B6122E2}.Debug|Any CPU.Build.0 = Debug|Any CPU
		{F64D4044-28D4-4EB8-8265-34B00B6122E2}.Release|Any CPU.ActiveCfg = Release|Any CPU
		{F64D4044-28D4-4EB8-8265-34B00B6122E2}.Release|Any CPU.Build.0 = Release|Any CPU
	EndGlobalSection
	GlobalSection(SolutionProperties) = preSolution
		HideSolutionNode = FALSE
	EndGlobalSection
EndGlobal
