Microsoft Visual Studio Solution File, Format Version 11.00
# Visual Studio 2010
Project("{FAE04EC0-301F-11D3-BF4B-00C04F79EFBC}") = "InsertDeleteRows", "InsertDeleteRows.csproj", "{04D9CE92-7586-403B-B3D2-E61C2BB07293}"
EndProject
Global
	GlobalSection(SolutionConfigurationPlatforms) = preSolution
		Debug|Any CPU = Debug|Any CPU
		Release|Any CPU = Release|Any CPU
	EndGlobalSection
	GlobalSection(ProjectConfigurationPlatforms) = postSolution
		{04D9CE92-7586-403B-B3D2-E61C2BB07293}.Debug|Any CPU.ActiveCfg = Debug|Any CPU
		{04D9CE92-7586-403B-B3D2-E61C2BB07293}.Debug|Any CPU.Build.0 = Debug|Any CPU
		{04D9CE92-7586-403B-B3D2-E61C2BB07293}.Release|Any CPU.ActiveCfg = Release|Any CPU
	EndGlobalSection
	GlobalSection(SolutionProperties) = preSolution
		HideSolutionNode = FALSE
	EndGlobalSection
EndGlobal
