
Microsoft Visual Studio Solution File, Format Version 12.00
# Visual Studio 2012
Project("{FAE04EC0-301F-11D3-BF4B-00C04F79EFBC}") = "OpenXML Excel", "OpenXML Excel\OpenXML Excel.csproj", "{F526A13F-B61C-4F22-8438-53BEE4E69FE8}"
EndProject
Project("{FAE04EC0-301F-11D3-BF4B-00C04F79EFBC}") = "Aspose Cells", "Aspose Cells\Aspose Cells.csproj", "{9BEA7E8D-136F-4A93-96A9-D338AE2F0A9F}"
EndProject
Global
	GlobalSection(SolutionConfigurationPlatforms) = preSolution
		Debug|Any CPU = Debug|Any CPU
		Release|Any CPU = Release|Any CPU
	EndGlobalSection
	GlobalSection(ProjectConfigurationPlatforms) = postSolution
		{F526A13F-B61C-4F22-8438-53BEE4E69FE8}.Debug|Any CPU.ActiveCfg = Debug|Any CPU
		{F526A13F-B61C-4F22-8438-53BEE4E69FE8}.Debug|Any CPU.Build.0 = Debug|Any CPU
		{F526A13F-B61C-4F22-8438-53BEE4E69FE8}.Release|Any CPU.ActiveCfg = Release|Any CPU
		{F526A13F-B61C-4F22-8438-53BEE4E69FE8}.Release|Any CPU.Build.0 = Release|Any CPU
		{9BEA7E8D-136F-4A93-96A9-D338AE2F0A9F}.Debug|Any CPU.ActiveCfg = Debug|Any CPU
		{9BEA7E8D-136F-4A93-96A9-D338AE2F0A9F}.Debug|Any CPU.Build.0 = Debug|Any CPU
		{9BEA7E8D-136F-4A93-96A9-D338AE2F0A9F}.Release|Any CPU.ActiveCfg = Release|Any CPU
		{9BEA7E8D-136F-4A93-96A9-D338AE2F0A9F}.Release|Any CPU.Build.0 = Release|Any CPU
	EndGlobalSection
	GlobalSection(SolutionProperties) = preSolution
		HideSolutionNode = FALSE
	EndGlobalSection
EndGlobal
