
Microsoft Visual Studio Solution File, Format Version 12.00
# Visual Studio 2012
Project("{FAE04EC0-301F-11D3-BF4B-00C04F79EFBC}") = "OpenXML Excel", "OpenXML Excel\OpenXML Excel.csproj", "{0F29D806-C8E7-444A-9E04-ADE22B0D4420}"
EndProject
Project("{FAE04EC0-301F-11D3-BF4B-00C04F79EFBC}") = "Aspose Cells", "Aspose Cells\Aspose Cells.csproj", "{C0251A78-EB26-4654-A9E4-109DEB4E3348}"
EndProject
Global
	GlobalSection(SolutionConfigurationPlatforms) = preSolution
		Debug|Any CPU = Debug|Any CPU
		Release|Any CPU = Release|Any CPU
	EndGlobalSection
	GlobalSection(ProjectConfigurationPlatforms) = postSolution
		{0F29D806-C8E7-444A-9E04-ADE22B0D4420}.Debug|Any CPU.ActiveCfg = Debug|Any CPU
		{0F29D806-C8E7-444A-9E04-ADE22B0D4420}.Debug|Any CPU.Build.0 = Debug|Any CPU
		{0F29D806-C8E7-444A-9E04-ADE22B0D4420}.Release|Any CPU.ActiveCfg = Release|Any CPU
		{0F29D806-C8E7-444A-9E04-ADE22B0D4420}.Release|Any CPU.Build.0 = Release|Any CPU
		{C0251A78-EB26-4654-A9E4-109DEB4E3348}.Debug|Any CPU.ActiveCfg = Debug|Any CPU
		{C0251A78-EB26-4654-A9E4-109DEB4E3348}.Debug|Any CPU.Build.0 = Debug|Any CPU
		{C0251A78-EB26-4654-A9E4-109DEB4E3348}.Release|Any CPU.ActiveCfg = Release|Any CPU
		{C0251A78-EB26-4654-A9E4-109DEB4E3348}.Release|Any CPU.Build.0 = Release|Any CPU
	EndGlobalSection
	GlobalSection(SolutionProperties) = preSolution
		HideSolutionNode = FALSE
	EndGlobalSection
EndGlobal
