
Microsoft Visual Studio Solution File, Format Version 11.00
# Visual Studio 2010
Project("{FAE04EC0-301F-11D3-BF4B-00C04F79EFBC}") = "AddingLabelControl", "AddingLabelControl.csproj", "{AD7D1985-8B8A-4511-9249-A4B91E79897F}"
EndProject
Global
	GlobalSection(SolutionConfigurationPlatforms) = preSolution
		Debug|Any CPU = Debug|Any CPU
		Release|Any CPU = Release|Any CPU
	EndGlobalSection
	GlobalSection(ProjectConfigurationPlatforms) = postSolution
		{AD7D1985-8B8A-4511-9249-A4B91E79897F}.Debug|Any CPU.ActiveCfg = Debug|Any CPU
		{AD7D1985-8B8A-4511-9249-A4B91E79897F}.Debug|Any CPU.Build.0 = Debug|Any CPU
		{AD7D1985-8B8A-4511-9249-A4B91E79897F}.Release|Any CPU.ActiveCfg = Release|Any CPU
		{AD7D1985-8B8A-4511-9249-A4B91E79897F}.Release|Any CPU.Build.0 = Release|Any CPU
	EndGlobalSection
	GlobalSection(SolutionProperties) = preSolution
		HideSolutionNode = FALSE
	EndGlobalSection
EndGlobal
