
Microsoft Visual Studio Solution File, Format Version 11.00
# Visual Studio 2010
Project("{FAE04EC0-301F-11D3-BF4B-00C04F79EFBC}") = "DisplayHideScrollBars", "DisplayHideScrollBars.csproj", "{35CB6E11-51D5-4ED1-AF6E-3F14C0ECB3C2}"
EndProject
Global
	GlobalSection(SolutionConfigurationPlatforms) = preSolution
		Debug|Any CPU = Debug|Any CPU
		Release|Any CPU = Release|Any CPU
	EndGlobalSection
	GlobalSection(ProjectConfigurationPlatforms) = postSolution
		{35CB6E11-51D5-4ED1-AF6E-3F14C0ECB3C2}.Debug|Any CPU.ActiveCfg = Debug|Any CPU
		{35CB6E11-51D5-4ED1-AF6E-3F14C0ECB3C2}.Debug|Any CPU.Build.0 = Debug|Any CPU
		{35CB6E11-51D5-4ED1-AF6E-3F14C0ECB3C2}.Release|Any CPU.ActiveCfg = Release|Any CPU
		{35CB6E11-51D5-4ED1-AF6E-3F14C0ECB3C2}.Release|Any CPU.Build.0 = Release|Any CPU
	EndGlobalSection
	GlobalSection(SolutionProperties) = preSolution
		HideSolutionNode = FALSE
	EndGlobalSection
EndGlobal
