
Microsoft Visual Studio Solution File, Format Version 12.00
# Visual Studio 2012
Project("{FAE04EC0-301F-11D3-BF4B-00C04F79EFBC}") = "Export from Worksheet", "Export from Worksheet\Export from Worksheet.csproj", "{D05A2172-8387-4CA4-9463-7513E8B5323C}"
EndProject
Project("{FAE04EC0-301F-11D3-BF4B-00C04F79EFBC}") = "Import to Worksheet", "Import to Worksheet\Import to Worksheet.csproj", "{13C8B221-94D8-470B-A1E1-8D553799D107}"
EndProject
Global
	GlobalSection(SolutionConfigurationPlatforms) = preSolution
		Debug|Any CPU = Debug|Any CPU
		Release|Any CPU = Release|Any CPU
	EndGlobalSection
	GlobalSection(ProjectConfigurationPlatforms) = postSolution
		{D05A2172-8387-4CA4-9463-7513E8B5323C}.Debug|Any CPU.ActiveCfg = Debug|Any CPU
		{D05A2172-8387-4CA4-9463-7513E8B5323C}.Debug|Any CPU.Build.0 = Debug|Any CPU
		{D05A2172-8387-4CA4-9463-7513E8B5323C}.Release|Any CPU.ActiveCfg = Release|Any CPU
		{D05A2172-8387-4CA4-9463-7513E8B5323C}.Release|Any CPU.Build.0 = Release|Any CPU
		{13C8B221-94D8-470B-A1E1-8D553799D107}.Debug|Any CPU.ActiveCfg = Debug|Any CPU
		{13C8B221-94D8-470B-A1E1-8D553799D107}.Debug|Any CPU.Build.0 = Debug|Any CPU
		{13C8B221-94D8-470B-A1E1-8D553799D107}.Release|Any CPU.ActiveCfg = Release|Any CPU
		{13C8B221-94D8-470B-A1E1-8D553799D107}.Release|Any CPU.Build.0 = Release|Any CPU
	EndGlobalSection
	GlobalSection(SolutionProperties) = preSolution
		HideSolutionNode = FALSE
	EndGlobalSection
EndGlobal
