
Microsoft Visual Studio Solution File, Format Version 12.00
# Visual Studio 2012
Project("{FAE04EC0-301F-11D3-BF4B-00C04F79EFBC}") = "Aspose Cells", "Aspose Cells\Aspose Cells.csproj", "{0065F19F-2D3A-436C-BBC5-3F6083FF6E24}"
EndProject
Project("{FAE04EC0-301F-11D3-BF4B-00C04F79EFBC}") = "VSTO Cells", "VSTO Cells\VSTO Cells.csproj", "{07C2EA0D-D309-48DA-976E-F40FB5DBDC1A}"
EndProject
Global
	GlobalSection(SolutionConfigurationPlatforms) = preSolution
		Debug|Any CPU = Debug|Any CPU
		Release|Any CPU = Release|Any CPU
	EndGlobalSection
	GlobalSection(ProjectConfigurationPlatforms) = postSolution
		{0065F19F-2D3A-436C-BBC5-3F6083FF6E24}.Debug|Any CPU.ActiveCfg = Debug|Any CPU
		{0065F19F-2D3A-436C-BBC5-3F6083FF6E24}.Debug|Any CPU.Build.0 = Debug|Any CPU
		{0065F19F-2D3A-436C-BBC5-3F6083FF6E24}.Release|Any CPU.ActiveCfg = Release|Any CPU
		{0065F19F-2D3A-436C-BBC5-3F6083FF6E24}.Release|Any CPU.Build.0 = Release|Any CPU
		{07C2EA0D-D309-48DA-976E-F40FB5DBDC1A}.Debug|Any CPU.ActiveCfg = Debug|Any CPU
		{07C2EA0D-D309-48DA-976E-F40FB5DBDC1A}.Debug|Any CPU.Build.0 = Debug|Any CPU
		{07C2EA0D-D309-48DA-976E-F40FB5DBDC1A}.Release|Any CPU.ActiveCfg = Release|Any CPU
		{07C2EA0D-D309-48DA-976E-F40FB5DBDC1A}.Release|Any CPU.Build.0 = Release|Any CPU
	EndGlobalSection
	GlobalSection(SolutionProperties) = preSolution
		HideSolutionNode = FALSE
	EndGlobalSection
EndGlobal
