Microsoft Visual Studio Solution File, Format Version 10.00
# Visual Studio 2008
Project("{FAE04EC0-301F-11D3-BF4B-00C04F79EFBC}") = "ResamplingAddedImages", "ResamplingAddedImages.csproj", "{0DD3A6DE-69DE-436B-98CA-F824C6B7D19E}"
EndProject
Global
	GlobalSection(SolutionConfigurationPlatforms) = preSolution
		Debug|Any CPU = Debug|Any CPU
		Release|Any CPU = Release|Any CPU
	EndGlobalSection
	GlobalSection(ProjectConfigurationPlatforms) = postSolution
		{0DD3A6DE-69DE-436B-98CA-F824C6B7D19E}.Debug|Any CPU.ActiveCfg = Debug|Any CPU
		{0DD3A6DE-69DE-436B-98CA-F824C6B7D19E}.Debug|Any CPU.Build.0 = Debug|Any CPU
		{0DD3A6DE-69DE-436B-98CA-F824C6B7D19E}.Release|Any CPU.ActiveCfg = Release|Any CPU
	EndGlobalSection
	GlobalSection(SolutionProperties) = preSolution
		HideSolutionNode = FALSE
	EndGlobalSection
EndGlobal
