Microsoft Visual Studio Solution File, Format Version 10.00
# Visual Studio 2008
Project("{FAE04EC0-301F-11D3-BF4B-00C04F79EFBC}") = "Implement1904DateSystem", "Implement1904DateSystem.csproj", "{B4EA8B75-AE13-4A01-AE98-91DEEBC07BDB}"
EndProject
Global
	GlobalSection(SolutionConfigurationPlatforms) = preSolution
		Debug|Any CPU = Debug|Any CPU
		Release|Any CPU = Release|Any CPU
	EndGlobalSection
	GlobalSection(ProjectConfigurationPlatforms) = postSolution
		{B4EA8B75-AE13-4A01-AE98-91DEEBC07BDB}.Debug|Any CPU.ActiveCfg = Debug|Any CPU
		{B4EA8B75-AE13-4A01-AE98-91DEEBC07BDB}.Debug|Any CPU.Build.0 = Debug|Any CPU
		{B4EA8B75-AE13-4A01-AE98-91DEEBC07BDB}.Release|Any CPU.ActiveCfg = Release|Any CPU
	EndGlobalSection
	GlobalSection(SolutionProperties) = preSolution
		HideSolutionNode = FALSE
	EndGlobalSection
EndGlobal
