
Microsoft Visual Studio Solution File, Format Version 12.00
# Visual Studio 2012
Project("{FAE04EC0-301F-11D3-BF4B-00C04F79EFBC}") = "OpenXML Excel", "OpenXML Excel\OpenXML Excel.csproj", "{19A8D153-51CD-4FCE-A2CC-DC32E93538EE}"
EndProject
Project("{FAE04EC0-301F-11D3-BF4B-00C04F79EFBC}") = "Aspose Cells", "Aspose Cells\Aspose Cells.csproj", "{D0FD1706-989E-49C0-9404-11DD286C92CA}"
EndProject
Global
	GlobalSection(SolutionConfigurationPlatforms) = preSolution
		Debug|Any CPU = Debug|Any CPU
		Release|Any CPU = Release|Any CPU
	EndGlobalSection
	GlobalSection(ProjectConfigurationPlatforms) = postSolution
		{19A8D153-51CD-4FCE-A2CC-DC32E93538EE}.Debug|Any CPU.ActiveCfg = Debug|Any CPU
		{19A8D153-51CD-4FCE-A2CC-DC32E93538EE}.Debug|Any CPU.Build.0 = Debug|Any CPU
		{19A8D153-51CD-4FCE-A2CC-DC32E93538EE}.Release|Any CPU.ActiveCfg = Release|Any CPU
		{19A8D153-51CD-4FCE-A2CC-DC32E93538EE}.Release|Any CPU.Build.0 = Release|Any CPU
		{D0FD1706-989E-49C0-9404-11DD286C92CA}.Debug|Any CPU.ActiveCfg = Debug|Any CPU
		{D0FD1706-989E-49C0-9404-11DD286C92CA}.Debug|Any CPU.Build.0 = Debug|Any CPU
		{D0FD1706-989E-49C0-9404-11DD286C92CA}.Release|Any CPU.ActiveCfg = Release|Any CPU
		{D0FD1706-989E-49C0-9404-11DD286C92CA}.Release|Any CPU.Build.0 = Release|Any CPU
	EndGlobalSection
	GlobalSection(SolutionProperties) = preSolution
		HideSolutionNode = FALSE
	EndGlobalSection
EndGlobal
