
Microsoft Visual Studio Solution File, Format Version 11.00
# Visual Studio 2010
Project("{FAE04EC0-301F-11D3-BF4B-00C04F79EFBC}") = "AddingSpinnerControl", "AddingSpinnerControl.csproj", "{76E1733B-837C-4CA3-BD7B-924C513F6664}"
EndProject
Global
	GlobalSection(SolutionConfigurationPlatforms) = preSolution
		Debug|Any CPU = Debug|Any CPU
		Release|Any CPU = Release|Any CPU
	EndGlobalSection
	GlobalSection(ProjectConfigurationPlatforms) = postSolution
		{76E1733B-837C-4CA3-BD7B-924C513F6664}.Debug|Any CPU.ActiveCfg = Debug|Any CPU
		{76E1733B-837C-4CA3-BD7B-924C513F6664}.Debug|Any CPU.Build.0 = Debug|Any CPU
		{76E1733B-837C-4CA3-BD7B-924C513F6664}.Release|Any CPU.ActiveCfg = Release|Any CPU
		{76E1733B-837C-4CA3-BD7B-924C513F6664}.Release|Any CPU.Build.0 = Release|Any CPU
	EndGlobalSection
	GlobalSection(SolutionProperties) = preSolution
		HideSolutionNode = FALSE
	EndGlobalSection
EndGlobal
