
Microsoft Visual Studio Solution File, Format Version 12.00
# Visual Studio 2012
Project("{FAE04EC0-301F-11D3-BF4B-00C04F79EFBC}") = "Aspose Cells", "Aspose\Aspose Cells.csproj", "{DCCF4347-5E8F-4AFE-8568-E887DC460C74}"
EndProject
Project("{FAE04EC0-301F-11D3-BF4B-00C04F79EFBC}") = "VSTO Cells", "VSTO Cells\VSTO Cells.csproj", "{D91D119B-752D-4460-80C6-0F535BF30B63}"
EndProject
Global
	GlobalSection(SolutionConfigurationPlatforms) = preSolution
		Debug|Any CPU = Debug|Any CPU
		Release|Any CPU = Release|Any CPU
	EndGlobalSection
	GlobalSection(ProjectConfigurationPlatforms) = postSolution
		{DCCF4347-5E8F-4AFE-8568-E887DC460C74}.Debug|Any CPU.ActiveCfg = Debug|Any CPU
		{DCCF4347-5E8F-4AFE-8568-E887DC460C74}.Debug|Any CPU.Build.0 = Debug|Any CPU
		{DCCF4347-5E8F-4AFE-8568-E887DC460C74}.Release|Any CPU.ActiveCfg = Release|Any CPU
		{DCCF4347-5E8F-4AFE-8568-E887DC460C74}.Release|Any CPU.Build.0 = Release|Any CPU
		{D91D119B-752D-4460-80C6-0F535BF30B63}.Debug|Any CPU.ActiveCfg = Debug|Any CPU
		{D91D119B-752D-4460-80C6-0F535BF30B63}.Debug|Any CPU.Build.0 = Debug|Any CPU
		{D91D119B-752D-4460-80C6-0F535BF30B63}.Release|Any CPU.ActiveCfg = Release|Any CPU
		{D91D119B-752D-4460-80C6-0F535BF30B63}.Release|Any CPU.Build.0 = Release|Any CPU
	EndGlobalSection
	GlobalSection(SolutionProperties) = preSolution
		HideSolutionNode = FALSE
	EndGlobalSection
EndGlobal
