
Microsoft Visual Studio Solution File, Format Version 12.00
# Visual Studio 2013
VisualStudioVersion = 12.0.21005.1
MinimumVisualStudioVersion = 10.0.40219.1
Project("{FAE04EC0-301F-11D3-BF4B-00C04F79EFBC}") = "VSTO Create_SaveNewWorkbooks", "VSTO Create_SaveNewWorkbooks\VSTO Create_SaveNewWorkbooks.csproj", "{83419C79-4544-4226-AD52-FC4B144D67DB}"
EndProject
Project("{FAE04EC0-301F-11D3-BF4B-00C04F79EFBC}") = "Aspose Create_SaveNewWorkbooks", "Aspose Create_SaveNewWorkbooks\Aspose Create_SaveNewWorkbooks.csproj", "{D0859E4D-A093-4D73-98EF-8C7A95D3B8B7}"
EndProject
Global
	GlobalSection(SolutionConfigurationPlatforms) = preSolution
		Debug|Any CPU = Debug|Any CPU
		Release|Any CPU = Release|Any CPU
	EndGlobalSection
	GlobalSection(ProjectConfigurationPlatforms) = postSolution
		{83419C79-4544-4226-AD52-FC4B144D67DB}.Debug|Any CPU.ActiveCfg = Debug|Any CPU
		{83419C79-4544-4226-AD52-FC4B144D67DB}.Debug|Any CPU.Build.0 = Debug|Any CPU
		{83419C79-4544-4226-AD52-FC4B144D67DB}.Release|Any CPU.ActiveCfg = Release|Any CPU
		{83419C79-4544-4226-AD52-FC4B144D67DB}.Release|Any CPU.Build.0 = Release|Any CPU
		{D0859E4D-A093-4D73-98EF-8C7A95D3B8B7}.Debug|Any CPU.ActiveCfg = Debug|Any CPU
		{D0859E4D-A093-4D73-98EF-8C7A95D3B8B7}.Debug|Any CPU.Build.0 = Debug|Any CPU
		{D0859E4D-A093-4D73-98EF-8C7A95D3B8B7}.Release|Any CPU.ActiveCfg = Release|Any CPU
		{D0859E4D-A093-4D73-98EF-8C7A95D3B8B7}.Release|Any CPU.Build.0 = Release|Any CPU
	EndGlobalSection
	GlobalSection(SolutionProperties) = preSolution
		HideSolutionNode = FALSE
	EndGlobalSection
EndGlobal
