Microsoft Visual Studio Solution File, Format Version 10.00
# Visual Studio 2008
Project("{FAE04EC0-301F-11D3-BF4B-00C04F79EFBC}") = "SetBackgroundPicture", "SetBackgroundPicture.csproj", "{B969E179-EFF2-4112-A06E-8A16F15C6247}"
EndProject
Global
	GlobalSection(SolutionConfigurationPlatforms) = preSolution
		Debug|Any CPU = Debug|Any CPU
		Release|Any CPU = Release|Any CPU
	EndGlobalSection
	GlobalSection(ProjectConfigurationPlatforms) = postSolution
		{B969E179-EFF2-4112-A06E-8A16F15C6247}.Debug|Any CPU.ActiveCfg = Debug|Any CPU
		{B969E179-EFF2-4112-A06E-8A16F15C6247}.Debug|Any CPU.Build.0 = Debug|Any CPU
		{B969E179-EFF2-4112-A06E-8A16F15C6247}.Release|Any CPU.ActiveCfg = Release|Any CPU
	EndGlobalSection
	GlobalSection(SolutionProperties) = preSolution
		HideSolutionNode = FALSE
	EndGlobalSection
EndGlobal
