
Microsoft Visual Studio Solution File, Format Version 12.00
# Visual Studio 2012
Project("{FAE04EC0-301F-11D3-BF4B-00C04F79EFBC}") = "Import to Worksheet", "Import to Worksheet\Import to Worksheet.csproj", "{13C8B221-94D8-470B-A1E1-8D553799D107}"
EndProject
Project("{FAE04EC0-301F-11D3-BF4B-00C04F79EFBC}") = "Export from Worksheet", "Export frm Worksheet\Export from Worksheet.csproj", "{D05A2172-8387-4CA4-9463-7513E8B5323C}"
EndProject
Project("{2150E333-8FDC-42A3-9474-1A3956D46DE8}") = "Smart Markers", "Smart Markers", "{C34C0117-809C-497F-9981-0D750D80F193}"
EndProject
Project("{FAE04EC0-301F-11D3-BF4B-00C04F79EFBC}") = "Using Custom Objects", "Using Custom Objects\Using Custom Objects.csproj", "{2F5259D4-B1BA-471B-A029-AB6BB82DAF1D}"
EndProject
Project("{FAE04EC0-301F-11D3-BF4B-00C04F79EFBC}") = "Image Markers", "Image Markers\Image Markers.csproj", "{DE58B13C-2A65-4723-89D2-83A23D9C3C38}"
EndProject
Project("{FAE04EC0-301F-11D3-BF4B-00C04F79EFBC}") = "Using Nested Object", "Using Nested Object\Using Nested Object.csproj", "{684F1993-F008-4B6F-AD59-B2237A2E015D}"
EndProject
Project("{FAE04EC0-301F-11D3-BF4B-00C04F79EFBC}") = "Grouping Data OLE DB", "Grouping Data OLE DB\Grouping Data OLE DB.csproj", "{5C2D57D4-5D1F-4F70-BAB1-E1D69E9B4B64}"
EndProject
Project("{FAE04EC0-301F-11D3-BF4B-00C04F79EFBC}") = "Work with Rows and Columns", "Work with Rows n Col\Work with Rows and Columns.csproj", "{530C5F06-29BE-4768-BAF8-053DA876221C}"
EndProject
Global
	GlobalSection(SolutionConfigurationPlatforms) = preSolution
		Debug|Any CPU = Debug|Any CPU
		Release|Any CPU = Release|Any CPU
	EndGlobalSection
	GlobalSection(ProjectConfigurationPlatforms) = postSolution
		{13C8B221-94D8-470B-A1E1-8D553799D107}.Debug|Any CPU.ActiveCfg = Debug|Any CPU
		{13C8B221-94D8-470B-A1E1-8D553799D107}.Debug|Any CPU.Build.0 = Debug|Any CPU
		{13C8B221-94D8-470B-A1E1-8D553799D107}.Release|Any CPU.ActiveCfg = Release|Any CPU
		{13C8B221-94D8-470B-A1E1-8D553799D107}.Release|Any CPU.Build.0 = Release|Any CPU
		{D05A2172-8387-4CA4-9463-7513E8B5323C}.Debug|Any CPU.ActiveCfg = Debug|Any CPU
		{D05A2172-8387-4CA4-9463-7513E8B5323C}.Debug|Any CPU.Build.0 = Debug|Any CPU
		{D05A2172-8387-4CA4-9463-7513E8B5323C}.Release|Any CPU.ActiveCfg = Release|Any CPU
		{D05A2172-8387-4CA4-9463-7513E8B5323C}.Release|Any CPU.Build.0 = Release|Any CPU
		{2F5259D4-B1BA-471B-A029-AB6BB82DAF1D}.Debug|Any CPU.ActiveCfg = Debug|Any CPU
		{2F5259D4-B1BA-471B-A029-AB6BB82DAF1D}.Debug|Any CPU.Build.0 = Debug|Any CPU
		{2F5259D4-B1BA-471B-A029-AB6BB82DAF1D}.Release|Any CPU.ActiveCfg = Release|Any CPU
		{2F5259D4-B1BA-471B-A029-AB6BB82DAF1D}.Release|Any CPU.Build.0 = Release|Any CPU
		{DE58B13C-2A65-4723-89D2-83A23D9C3C38}.Debug|Any CPU.ActiveCfg = Debug|Any CPU
		{DE58B13C-2A65-4723-89D2-83A23D9C3C38}.Debug|Any CPU.Build.0 = Debug|Any CPU
		{DE58B13C-2A65-4723-89D2-83A23D9C3C38}.Release|Any CPU.ActiveCfg = Release|Any CPU
		{DE58B13C-2A65-4723-89D2-83A23D9C3C38}.Release|Any CPU.Build.0 = Release|Any CPU
		{684F1993-F008-4B6F-AD59-B2237A2E015D}.Debug|Any CPU.ActiveCfg = Debug|Any CPU
		{684F1993-F008-4B6F-AD59-B2237A2E015D}.Debug|Any CPU.Build.0 = Debug|Any CPU
		{684F1993-F008-4B6F-AD59-B2237A2E015D}.Release|Any CPU.ActiveCfg = Release|Any CPU
		{684F1993-F008-4B6F-AD59-B2237A2E015D}.Release|Any CPU.Build.0 = Release|Any CPU
		{5C2D57D4-5D1F-4F70-BAB1-E1D69E9B4B64}.Debug|Any CPU.ActiveCfg = Debug|Any CPU
		{5C2D57D4-5D1F-4F70-BAB1-E1D69E9B4B64}.Debug|Any CPU.Build.0 = Debug|Any CPU
		{5C2D57D4-5D1F-4F70-BAB1-E1D69E9B4B64}.Release|Any CPU.ActiveCfg = Release|Any CPU
		{5C2D57D4-5D1F-4F70-BAB1-E1D69E9B4B64}.Release|Any CPU.Build.0 = Release|Any CPU
		{530C5F06-29BE-4768-BAF8-053DA876221C}.Debug|Any CPU.ActiveCfg = Debug|Any CPU
		{530C5F06-29BE-4768-BAF8-053DA876221C}.Debug|Any CPU.Build.0 = Debug|Any CPU
		{530C5F06-29BE-4768-BAF8-053DA876221C}.Release|Any CPU.ActiveCfg = Release|Any CPU
		{530C5F06-29BE-4768-BAF8-053DA876221C}.Release|Any CPU.Build.0 = Release|Any CPU
	EndGlobalSection
	GlobalSection(SolutionProperties) = preSolution
		HideSolutionNode = FALSE
	EndGlobalSection
	GlobalSection(NestedProjects) = preSolution
		{2F5259D4-B1BA-471B-A029-AB6BB82DAF1D} = {C34C0117-809C-497F-9981-0D750D80F193}
		{DE58B13C-2A65-4723-89D2-83A23D9C3C38} = {C34C0117-809C-497F-9981-0D750D80F193}
		{684F1993-F008-4B6F-AD59-B2237A2E015D} = {C34C0117-809C-497F-9981-0D750D80F193}
		{5C2D57D4-5D1F-4F70-BAB1-E1D69E9B4B64} = {C34C0117-809C-497F-9981-0D750D80F193}
	EndGlobalSection
EndGlobal
