Microsoft Visual Studio Solution File, Format Version 10.00
# Visual Studio 2008
Project("{FAE04EC0-301F-11D3-BF4B-00C04F79EFBC}") = "LoadWebImage", "LoadWebImage.csproj", "{FB5C3B0E-8BAF-4F56-8315-7AF01EE09FAA}"
EndProject
Global
	GlobalSection(SolutionConfigurationPlatforms) = preSolution
		Debug|Any CPU = Debug|Any CPU
		Release|Any CPU = Release|Any CPU
	EndGlobalSection
	GlobalSection(ProjectConfigurationPlatforms) = postSolution
		{FB5C3B0E-8BAF-4F56-8315-7AF01EE09FAA}.Debug|Any CPU.ActiveCfg = Debug|Any CPU
		{FB5C3B0E-8BAF-4F56-8315-7AF01EE09FAA}.Debug|Any CPU.Build.0 = Debug|Any CPU
		{FB5C3B0E-8BAF-4F56-8315-7AF01EE09FAA}.Release|Any CPU.ActiveCfg = Release|Any CPU
	EndGlobalSection
	GlobalSection(SolutionProperties) = preSolution
		HideSolutionNode = FALSE
	EndGlobalSection
EndGlobal
