
Microsoft Visual Studio Solution File, Format Version 12.00
# Visual Studio 2013
VisualStudioVersion = 12.0.21005.1
MinimumVisualStudioVersion = 10.0.40219.1
Project("{FAE04EC0-301F-11D3-BF4B-00C04F79EFBC}") = "OpenXML Spreadshhets", "OpenXML Spreadshhets\OpenXML Spreadshhets.csproj", "{3397862C-1A91-4D72-8A05-5BF4D7704AB5}"
EndProject
Project("{FAE04EC0-301F-11D3-BF4B-00C04F79EFBC}") = "Aspose.Cells", "Aspose.Cells\Aspose.Cells.csproj", "{DC9BBBE2-EA84-4D9E-83C6-148B39A71C58}"
EndProject
Global
	GlobalSection(SolutionConfigurationPlatforms) = preSolution
		Debug|Any CPU = Debug|Any CPU
		Release|Any CPU = Release|Any CPU
	EndGlobalSection
	GlobalSection(ProjectConfigurationPlatforms) = postSolution
		{3397862C-1A91-4D72-8A05-5BF4D7704AB5}.Debug|Any CPU.ActiveCfg = Debug|Any CPU
		{3397862C-1A91-4D72-8A05-5BF4D7704AB5}.Debug|Any CPU.Build.0 = Debug|Any CPU
		{3397862C-1A91-4D72-8A05-5BF4D7704AB5}.Release|Any CPU.ActiveCfg = Release|Any CPU
		{3397862C-1A91-4D72-8A05-5BF4D7704AB5}.Release|Any CPU.Build.0 = Release|Any CPU
		{DC9BBBE2-EA84-4D9E-83C6-148B39A71C58}.Debug|Any CPU.ActiveCfg = Debug|Any CPU
		{DC9BBBE2-EA84-4D9E-83C6-148B39A71C58}.Debug|Any CPU.Build.0 = Debug|Any CPU
		{DC9BBBE2-EA84-4D9E-83C6-148B39A71C58}.Release|Any CPU.ActiveCfg = Release|Any CPU
		{DC9BBBE2-EA84-4D9E-83C6-148B39A71C58}.Release|Any CPU.Build.0 = Release|Any CPU
	EndGlobalSection
	GlobalSection(SolutionProperties) = preSolution
		HideSolutionNode = FALSE
	EndGlobalSection
EndGlobal
