
Microsoft Visual Studio Solution File, Format Version 12.00
# Visual Studio 2012
Project("{FAE04EC0-301F-11D3-BF4B-00C04F79EFBC}") = "Aspose Cells", "Aspose Cells\Aspose Cells.csproj", "{FCCDC076-A3CC-4996-A0A7-45C6D48B41F3}"
EndProject
Project("{FAE04EC0-301F-11D3-BF4B-00C04F79EFBC}") = "VSTO Cells", "VSTO Cells\VSTO Cells.csproj", "{60FC6C3E-837C-42BB-9814-7A4FEADBA0FE}"
EndProject
Global
	GlobalSection(SolutionConfigurationPlatforms) = preSolution
		Debug|Any CPU = Debug|Any CPU
		Release|Any CPU = Release|Any CPU
	EndGlobalSection
	GlobalSection(ProjectConfigurationPlatforms) = postSolution
		{FCCDC076-A3CC-4996-A0A7-45C6D48B41F3}.Debug|Any CPU.ActiveCfg = Debug|Any CPU
		{FCCDC076-A3CC-4996-A0A7-45C6D48B41F3}.Debug|Any CPU.Build.0 = Debug|Any CPU
		{FCCDC076-A3CC-4996-A0A7-45C6D48B41F3}.Release|Any CPU.ActiveCfg = Release|Any CPU
		{FCCDC076-A3CC-4996-A0A7-45C6D48B41F3}.Release|Any CPU.Build.0 = Release|Any CPU
		{60FC6C3E-837C-42BB-9814-7A4FEADBA0FE}.Debug|Any CPU.ActiveCfg = Debug|Any CPU
		{60FC6C3E-837C-42BB-9814-7A4FEADBA0FE}.Debug|Any CPU.Build.0 = Debug|Any CPU
		{60FC6C3E-837C-42BB-9814-7A4FEADBA0FE}.Release|Any CPU.ActiveCfg = Release|Any CPU
		{60FC6C3E-837C-42BB-9814-7A4FEADBA0FE}.Release|Any CPU.Build.0 = Release|Any CPU
	EndGlobalSection
	GlobalSection(SolutionProperties) = preSolution
		HideSolutionNode = FALSE
	EndGlobalSection
EndGlobal
