
Microsoft Visual Studio Solution File, Format Version 12.00
# Visual Studio 2012
Project("{FAE04EC0-301F-11D3-BF4B-00C04F79EFBC}") = "OpenXML Excel", "OpenXML Excel\OpenXML Excel.csproj", "{2A2AD7ED-987F-4734-BF43-300E0C13886F}"
EndProject
Project("{FAE04EC0-301F-11D3-BF4B-00C04F79EFBC}") = "Aspose Cells", "Aspose Cells\Aspose Cells.csproj", "{0EE5A61C-41B5-4FAB-BB42-A05DE994D304}"
EndProject
Global
	GlobalSection(SolutionConfigurationPlatforms) = preSolution
		Debug|Any CPU = Debug|Any CPU
		Release|Any CPU = Release|Any CPU
	EndGlobalSection
	GlobalSection(ProjectConfigurationPlatforms) = postSolution
		{2A2AD7ED-987F-4734-BF43-300E0C13886F}.Debug|Any CPU.ActiveCfg = Debug|Any CPU
		{2A2AD7ED-987F-4734-BF43-300E0C13886F}.Debug|Any CPU.Build.0 = Debug|Any CPU
		{2A2AD7ED-987F-4734-BF43-300E0C13886F}.Release|Any CPU.ActiveCfg = Release|Any CPU
		{2A2AD7ED-987F-4734-BF43-300E0C13886F}.Release|Any CPU.Build.0 = Release|Any CPU
		{0EE5A61C-41B5-4FAB-BB42-A05DE994D304}.Debug|Any CPU.ActiveCfg = Debug|Any CPU
		{0EE5A61C-41B5-4FAB-BB42-A05DE994D304}.Debug|Any CPU.Build.0 = Debug|Any CPU
		{0EE5A61C-41B5-4FAB-BB42-A05DE994D304}.Release|Any CPU.ActiveCfg = Release|Any CPU
		{0EE5A61C-41B5-4FAB-BB42-A05DE994D304}.Release|Any CPU.Build.0 = Release|Any CPU
	EndGlobalSection
	GlobalSection(SolutionProperties) = preSolution
		HideSolutionNode = FALSE
	EndGlobalSection
EndGlobal
