
Microsoft Visual Studio Solution File, Format Version 11.00
# Visual Studio 2010
Project("{F184B08F-C81C-45F6-A57F-5ABD9991F28F}") = "UsingGridDesktopInWpf", "VisualBasic\UsingGridDesktopInWpf\UsingGridDesktopInWpf.vbproj", "{F2A49C6B-4E43-4D56-9EB9-62D61858132F}"
EndProject
Project("{F184B08F-C81C-45F6-A57F-5ABD9991F28F}") = "CopyAndPasterRows", "VisualBasic\CopyAndPasterRows\CopyAndPasterRows.vbproj", "{3683975D-0925-49C2-B08B-119561157FF6}"
EndProject
Project("{F184B08F-C81C-45F6-A57F-5ABD9991F28F}") = "DataBindingFeature", "VisualBasic\DataBindingFeature\DataBindingFeature.vbproj", "{4BCCC6BE-DF63-4B81-844A-08714ACE6BB4}"
EndProject
Project("{F184B08F-C81C-45F6-A57F-5ABD9991F28F}") = "OpeningExcelFile", "VisualBasic\OpeningExcelFile\OpeningExcelFile.vbproj", "{AF253E4E-AF6D-4EC2-9186-689E18018CCF}"
EndProject
Project("{F184B08F-C81C-45F6-A57F-5ABD9991F28F}") = "ManagingContextMenu", "VisualBasic\ManagingContextMenu\ManagingContextMenu.vbproj", "{9A4296B3-C37B-439A-8693-6F42D6E4AD1A}"
EndProject
Global
	GlobalSection(SolutionConfigurationPlatforms) = preSolution
		Debug|x86 = Debug|x86
		Release|x86 = Release|x86
	EndGlobalSection
	GlobalSection(ProjectConfigurationPlatforms) = postSolution
		{F2A49C6B-4E43-4D56-9EB9-62D61858132F}.Debug|x86.ActiveCfg = Debug|x86
		{F2A49C6B-4E43-4D56-9EB9-62D61858132F}.Debug|x86.Build.0 = Debug|x86
		{F2A49C6B-4E43-4D56-9EB9-62D61858132F}.Release|x86.ActiveCfg = Release|x86
		{F2A49C6B-4E43-4D56-9EB9-62D61858132F}.Release|x86.Build.0 = Release|x86
		{3683975D-0925-49C2-B08B-119561157FF6}.Debug|x86.ActiveCfg = Debug|x86
		{3683975D-0925-49C2-B08B-119561157FF6}.Debug|x86.Build.0 = Debug|x86
		{3683975D-0925-49C2-B08B-119561157FF6}.Release|x86.ActiveCfg = Release|x86
		{3683975D-0925-49C2-B08B-119561157FF6}.Release|x86.Build.0 = Release|x86
		{4BCCC6BE-DF63-4B81-844A-08714ACE6BB4}.Debug|x86.ActiveCfg = Debug|x86
		{4BCCC6BE-DF63-4B81-844A-08714ACE6BB4}.Debug|x86.Build.0 = Debug|x86
		{4BCCC6BE-DF63-4B81-844A-08714ACE6BB4}.Release|x86.ActiveCfg = Release|x86
		{4BCCC6BE-DF63-4B81-844A-08714ACE6BB4}.Release|x86.Build.0 = Release|x86
		{AF253E4E-AF6D-4EC2-9186-689E18018CCF}.Debug|x86.ActiveCfg = Debug|x86
		{AF253E4E-AF6D-4EC2-9186-689E18018CCF}.Debug|x86.Build.0 = Debug|x86
		{AF253E4E-AF6D-4EC2-9186-689E18018CCF}.Release|x86.ActiveCfg = Release|x86
		{AF253E4E-AF6D-4EC2-9186-689E18018CCF}.Release|x86.Build.0 = Release|x86
		{9A4296B3-C37B-439A-8693-6F42D6E4AD1A}.Debug|x86.ActiveCfg = Debug|x86
		{9A4296B3-C37B-439A-8693-6F42D6E4AD1A}.Debug|x86.Build.0 = Debug|x86
		{9A4296B3-C37B-439A-8693-6F42D6E4AD1A}.Release|x86.ActiveCfg = Release|x86
		{9A4296B3-C37B-439A-8693-6F42D6E4AD1A}.Release|x86.Build.0 = Release|x86
	EndGlobalSection
	GlobalSection(SolutionProperties) = preSolution
		HideSolutionNode = FALSE
	EndGlobalSection
EndGlobal
