
Microsoft Visual Studio Solution File, Format Version 11.00
# Visual Studio 2010
Project("{FAE04EC0-301F-11D3-BF4B-00C04F79EFBC}") = "UsingGridDesktopInWpf", "CSharp\UsingGridDesktopInWpf\UsingGridDesktopInWpf.csproj", "{02EAF50F-9D2C-4781-9177-7849B3FECB2D}"
EndProject
Project("{FAE04EC0-301F-11D3-BF4B-00C04F79EFBC}") = "CopyAndPasteRows", "CSharp\CopyAndPasteRows\CopyAndPasteRows.csproj", "{2F10D4C5-4193-4D4C-9D2E-67E1FA2241B8}"
EndProject
Project("{FAE04EC0-301F-11D3-BF4B-00C04F79EFBC}") = "DataBindingFeature", "CSharp\DataBindingFeature\DataBindingFeature.csproj", "{5C28CAB9-1351-4489-B33A-24E2CA8ADADF}"
EndProject
Global
	GlobalSection(SolutionConfigurationPlatforms) = preSolution
		Debug|x86 = Debug|x86
		Release|x86 = Release|x86
	EndGlobalSection
	GlobalSection(ProjectConfigurationPlatforms) = postSolution
		{02EAF50F-9D2C-4781-9177-7849B3FECB2D}.Debug|x86.ActiveCfg = Debug|x86
		{02EAF50F-9D2C-4781-9177-7849B3FECB2D}.Debug|x86.Build.0 = Debug|x86
		{02EAF50F-9D2C-4781-9177-7849B3FECB2D}.Release|x86.ActiveCfg = Release|x86
		{02EAF50F-9D2C-4781-9177-7849B3FECB2D}.Release|x86.Build.0 = Release|x86
		{2F10D4C5-4193-4D4C-9D2E-67E1FA2241B8}.Debug|x86.ActiveCfg = Debug|x86
		{2F10D4C5-4193-4D4C-9D2E-67E1FA2241B8}.Debug|x86.Build.0 = Debug|x86
		{2F10D4C5-4193-4D4C-9D2E-67E1FA2241B8}.Release|x86.ActiveCfg = Release|x86
		{2F10D4C5-4193-4D4C-9D2E-67E1FA2241B8}.Release|x86.Build.0 = Release|x86
		{5C28CAB9-1351-4489-B33A-24E2CA8ADADF}.Debug|x86.ActiveCfg = Debug|x86
		{5C28CAB9-1351-4489-B33A-24E2CA8ADADF}.Debug|x86.Build.0 = Debug|x86
		{5C28CAB9-1351-4489-B33A-24E2CA8ADADF}.Release|x86.ActiveCfg = Release|x86
		{5C28CAB9-1351-4489-B33A-24E2CA8ADADF}.Release|x86.Build.0 = Release|x86
	EndGlobalSection
	GlobalSection(SolutionProperties) = preSolution
		HideSolutionNode = FALSE
	EndGlobalSection
EndGlobal
