
Microsoft Visual Studio Solution File, Format Version 12.00
# Visual Studio 2013
VisualStudioVersion = 12.0.21005.1
MinimumVisualStudioVersion = 10.0.40219.1
Project("{FAE04EC0-301F-11D3-BF4B-00C04F79EFBC}") = "VSTO DisplayStringInCell", "VSTO DisplayStringInCell\VSTO DisplayStringInCell.csproj", "{D79BD0E3-1F16-456B-9742-FE5E3D274DB7}"
EndProject
Project("{FAE04EC0-301F-11D3-BF4B-00C04F79EFBC}") = "Aspose DisplayStringInCell", "Aspose DisplayStringInCell\Aspose DisplayStringInCell.csproj", "{ED400A28-FF7C-4F29-8CF8-835EEB994607}"
EndProject
Global
	GlobalSection(SolutionConfigurationPlatforms) = preSolution
		Debug|Any CPU = Debug|Any CPU
		Release|Any CPU = Release|Any CPU
	EndGlobalSection
	GlobalSection(ProjectConfigurationPlatforms) = postSolution
		{D79BD0E3-1F16-456B-9742-FE5E3D274DB7}.Debug|Any CPU.ActiveCfg = Debug|Any CPU
		{D79BD0E3-1F16-456B-9742-FE5E3D274DB7}.Debug|Any CPU.Build.0 = Debug|Any CPU
		{D79BD0E3-1F16-456B-9742-FE5E3D274DB7}.Release|Any CPU.ActiveCfg = Release|Any CPU
		{D79BD0E3-1F16-456B-9742-FE5E3D274DB7}.Release|Any CPU.Build.0 = Release|Any CPU
		{ED400A28-FF7C-4F29-8CF8-835EEB994607}.Debug|Any CPU.ActiveCfg = Debug|Any CPU
		{ED400A28-FF7C-4F29-8CF8-835EEB994607}.Debug|Any CPU.Build.0 = Debug|Any CPU
		{ED400A28-FF7C-4F29-8CF8-835EEB994607}.Release|Any CPU.ActiveCfg = Release|Any CPU
		{ED400A28-FF7C-4F29-8CF8-835EEB994607}.Release|Any CPU.Build.0 = Release|Any CPU
	EndGlobalSection
	GlobalSection(SolutionProperties) = preSolution
		HideSolutionNode = FALSE
	EndGlobalSection
EndGlobal
