
Microsoft Visual Studio Solution File, Format Version 12.00
# Visual Studio 2012
Project("{FAE04EC0-301F-11D3-BF4B-00C04F79EFBC}") = "Aspose Cells", "Aspose Cells\Aspose Cells.csproj", "{EFD67ED5-2313-4A76-A1B6-568454142299}"
EndProject
Project("{FAE04EC0-301F-11D3-BF4B-00C04F79EFBC}") = "VSTO Cells", "VSTO Cells\VSTO Cells.csproj", "{886D653D-FC53-46A9-9E82-EA7A680E2EA2}"
EndProject
Global
	GlobalSection(SolutionConfigurationPlatforms) = preSolution
		Debug|Any CPU = Debug|Any CPU
		Release|Any CPU = Release|Any CPU
	EndGlobalSection
	GlobalSection(ProjectConfigurationPlatforms) = postSolution
		{EFD67ED5-2313-4A76-A1B6-568454142299}.Debug|Any CPU.ActiveCfg = Debug|Any CPU
		{EFD67ED5-2313-4A76-A1B6-568454142299}.Debug|Any CPU.Build.0 = Debug|Any CPU
		{EFD67ED5-2313-4A76-A1B6-568454142299}.Release|Any CPU.ActiveCfg = Release|Any CPU
		{EFD67ED5-2313-4A76-A1B6-568454142299}.Release|Any CPU.Build.0 = Release|Any CPU
		{886D653D-FC53-46A9-9E82-EA7A680E2EA2}.Debug|Any CPU.ActiveCfg = Debug|Any CPU
		{886D653D-FC53-46A9-9E82-EA7A680E2EA2}.Debug|Any CPU.Build.0 = Debug|Any CPU
		{886D653D-FC53-46A9-9E82-EA7A680E2EA2}.Release|Any CPU.ActiveCfg = Release|Any CPU
		{886D653D-FC53-46A9-9E82-EA7A680E2EA2}.Release|Any CPU.Build.0 = Release|Any CPU
	EndGlobalSection
	GlobalSection(SolutionProperties) = preSolution
		HideSolutionNode = FALSE
	EndGlobalSection
EndGlobal
