Microsoft Visual Studio Solution File, Format Version 11.00
# Visual Studio 2010
Project("{FAE04EC0-301F-11D3-BF4B-00C04F79EFBC}") = "UsePresentationPreferenceOption", "UsePresentationPreferenceOption.csproj", "{083EC1A4-F0F7-4C3A-87B6-D2BD02EEC037}"
EndProject
Global
	GlobalSection(SolutionConfigurationPlatforms) = preSolution
		Debug|Any CPU = Debug|Any CPU
		Release|Any CPU = Release|Any CPU
	EndGlobalSection
	GlobalSection(ProjectConfigurationPlatforms) = postSolution
		{083EC1A4-F0F7-4C3A-87B6-D2BD02EEC037}.Debug|Any CPU.ActiveCfg = Debug|Any CPU
		{083EC1A4-F0F7-4C3A-87B6-D2BD02EEC037}.Debug|Any CPU.Build.0 = Debug|Any CPU
		{083EC1A4-F0F7-4C3A-87B6-D2BD02EEC037}.Release|Any CPU.ActiveCfg = Release|Any CPU
	EndGlobalSection
	GlobalSection(SolutionProperties) = preSolution
		HideSolutionNode = FALSE
	EndGlobalSection
EndGlobal
