
Microsoft Visual Studio Solution File, Format Version 12.00
# Visual Studio 2013
VisualStudioVersion = 12.0.21005.1
MinimumVisualStudioVersion = 10.0.40219.1
Project("{2150E333-8FDC-42A3-9474-1A3956D46DE8}") = "Working With Fonts", "Working With Fonts", "{DAA7D115-061A-42E7-85D8-20671C235C51}"
EndProject
Project("{FAE04EC0-301F-11D3-BF4B-00C04F79EFBC}") = "NPOI HWPF and XWPF", "Working with Fonts\NPOI HWPF and XWPF\NPOI HWPF and XWPF.csproj", "{1079B3D6-726A-45D7-956F-030786FA68D7}"
EndProject
Project("{FAE04EC0-301F-11D3-BF4B-00C04F79EFBC}") = "Aspose.Cells", "Working with Fonts\Aspose.Cells\Aspose.Cells.csproj", "{841637CF-7805-4ED0-AF40-8E5985CA3615}"
EndProject
Project("{2150E333-8FDC-42A3-9474-1A3956D46DE8}") = "Working With Colors", "Working With Colors", "{849F99B9-FCD4-4907-ACC4-28501CE83F93}"
EndProject
Project("{FAE04EC0-301F-11D3-BF4B-00C04F79EFBC}") = "Aspose.Cells", "Working With Colors\Aspose.Cells\Aspose.Cells.csproj", "{3D5DBFE6-976B-4AC3-B355-0925AD3E4806}"
EndProject
Project("{FAE04EC0-301F-11D3-BF4B-00C04F79EFBC}") = "NPOI HWPF and XWPF", "Working With Colors\NPOI HWPF and XWPF\NPOI HWPF and XWPF.csproj", "{99F877F9-7AF5-499B-97C1-82B980AEE1A6}"
EndProject
Project("{2150E333-8FDC-42A3-9474-1A3956D46DE8}") = "Working With Borders", "Working With Borders", "{E511C920-6BD4-43AD-A4F3-AA307522EFC8}"
EndProject
Project("{FAE04EC0-301F-11D3-BF4B-00C04F79EFBC}") = "Aspose.Cells", "Working With Borders\Aspose.Cells\Aspose.Cells.csproj", "{F8DB8DFB-7042-4AED-B477-A3F870EF8674}"
EndProject
Project("{FAE04EC0-301F-11D3-BF4B-00C04F79EFBC}") = "NPOI HWPF and XWPF", "Working With Borders\NPOI HWPF and XWPF\NPOI HWPF and XWPF.csproj", "{16998A99-082E-41C0-9DFE-D4B67535E377}"
EndProject
Project("{2150E333-8FDC-42A3-9474-1A3956D46DE8}") = "Create New Worksheet", "Create New Worksheet", "{BBAF0D5C-73F1-45AB-AC4C-75D67EF88EA1}"
EndProject
Project("{FAE04EC0-301F-11D3-BF4B-00C04F79EFBC}") = "Aspose.Cells", "Create New Worksheet\Aspose.Cells\Aspose.Cells.csproj", "{8BAF3114-E67B-406B-9253-17A9B790B393}"
EndProject
Project("{FAE04EC0-301F-11D3-BF4B-00C04F79EFBC}") = "NPOI HWPF and XWPF", "Create New Worksheet\NPOI HWPF and XWPF\NPOI HWPF and XWPF.csproj", "{465CB8BF-8F99-43AD-AD3B-25B11D045125}"
EndProject
Project("{2150E333-8FDC-42A3-9474-1A3956D46DE8}") = "Copy Worksheet", "Copy Worksheet", "{A7C188B0-0E08-41B2-AE15-0D4038E2B018}"
EndProject
Project("{FAE04EC0-301F-11D3-BF4B-00C04F79EFBC}") = "Aspose.Cells", "Copy Worksheet\Aspose.Cells\Aspose.Cells.csproj", "{5B76568E-9E1E-4E0B-BB42-3FB6BBA57EE6}"
EndProject
Project("{FAE04EC0-301F-11D3-BF4B-00C04F79EFBC}") = "NPOI HWPF and XWPF", "Copy Worksheet\NPOI HWPF and XWPF\NPOI HWPF and XWPF.csproj", "{9A8EE7B4-52EF-4C93-9C73-696CE52FBCF7}"
EndProject
Project("{2150E333-8FDC-42A3-9474-1A3956D46DE8}") = "ReOrder Worksheets", "ReOrder Worksheets", "{FDA3657F-2293-4ECA-BE32-4328183E5662}"
EndProject
Project("{FAE04EC0-301F-11D3-BF4B-00C04F79EFBC}") = "Aspose.Cells", "ReOrder WorkSheets\Aspose.Cells\Aspose.Cells.csproj", "{C90F94D3-4317-47C2-A17F-C407DF4F2F2D}"
EndProject
Project("{FAE04EC0-301F-11D3-BF4B-00C04F79EFBC}") = "NPOI HWPF and XWPF", "ReOrder WorkSheets\NPOI HWPF and XWPF\NPOI HWPF and XWPF.csproj", "{3C9C4288-36C9-4CFC-BAF0-F77068C1C751}"
EndProject
Project("{2150E333-8FDC-42A3-9474-1A3956D46DE8}") = "Zoom Factor", "Zoom Factor", "{7A75EACD-13B3-40BE-ABBA-C8FF548195F3}"
EndProject
Project("{FAE04EC0-301F-11D3-BF4B-00C04F79EFBC}") = "Aspose.Cells", "Zoom Factor\Aspose.Cells\Aspose.Cells.csproj", "{C0F37172-6120-4DB6-92DE-342176C793B6}"
EndProject
Project("{FAE04EC0-301F-11D3-BF4B-00C04F79EFBC}") = "NPOI HWPF and XWPF", "Zoom Factor\NPOI HWPF and XWPF\NPOI HWPF and XWPF.csproj", "{107C634A-736A-46E6-90D1-1C0C6D2AA530}"
EndProject
Project("{2150E333-8FDC-42A3-9474-1A3956D46DE8}") = "Headers and Footers", "Headers and Footers", "{19389F79-B8C3-458A-94C4-D213A8F47119}"
EndProject
Project("{FAE04EC0-301F-11D3-BF4B-00C04F79EFBC}") = "Aspose.Cells", "Headers and Footers\Aspose.Cells\Aspose.Cells.csproj", "{FF884D2E-164F-4BD8-A942-6F7339219426}"
EndProject
Project("{FAE04EC0-301F-11D3-BF4B-00C04F79EFBC}") = "NPOI HWPF and XWPF", "Headers and Footers\NPOI HWPF and XWPF\NPOI HWPF and XWPF.csproj", "{11071E56-E65E-4930-B7EC-D11F59FEF89B}"
EndProject
Project("{2150E333-8FDC-42A3-9474-1A3956D46DE8}") = "Add Image in Worksheet", "Add Image in Worksheet", "{FD9AA65E-449B-4E73-9F22-3813ACF86B10}"
EndProject
Project("{FAE04EC0-301F-11D3-BF4B-00C04F79EFBC}") = "Aspose.Cells", "Add Image in Worksheet\Aspose.Cells\Aspose.Cells.csproj", "{7BE985E7-3CE5-4275-BAD1-D4804F71EB29}"
EndProject
Project("{FAE04EC0-301F-11D3-BF4B-00C04F79EFBC}") = "NPOI HWPF and XWPF", "Add Image in Worksheet\NPOI HWPF and XWPF\NPOI HWPF and XWPF.csproj", "{F8B151FF-89AE-491F-9537-9EC54DE88A88}"
EndProject
Project("{2150E333-8FDC-42A3-9474-1A3956D46DE8}") = "Add Comment In a cell", "Add Comment In a cell", "{7105E1B6-AEF0-48CB-BC80-8DB3B47CA956}"
EndProject
Project("{FAE04EC0-301F-11D3-BF4B-00C04F79EFBC}") = "Aspose.Cells", "Add Comment In a cell\Aspose.Cells\Aspose.Cells.csproj", "{FF4EDBD6-8DF9-49E7-860C-C40B9705C86B}"
EndProject
Project("{FAE04EC0-301F-11D3-BF4B-00C04F79EFBC}") = "NPOI HWPF and XWPF", "Add Comment In a cell\NPOI HWPF and XWPF\NPOI HWPF and XWPF.csproj", "{F2174B59-E5D6-4765-8830-32BF39AFE799}"
EndProject
Project("{2150E333-8FDC-42A3-9474-1A3956D46DE8}") = "AutoFitColumns", "AutoFitColumns", "{EF1475E7-3462-48E6-AB33-6857C90C8DEF}"
EndProject
Project("{FAE04EC0-301F-11D3-BF4B-00C04F79EFBC}") = "Aspose.Cells", "AutoFitColumns\Aspose.Cells\Aspose.Cells.csproj", "{2E78A902-34BC-46FD-8241-29841435772B}"
EndProject
Project("{FAE04EC0-301F-11D3-BF4B-00C04F79EFBC}") = "NPOI HWPF and XWPF", "AutoFitColumns\NPOI HWPF and XWPF\NPOI HWPF and XWPF.csproj", "{650906DF-5BE0-4D5A-BDDE-5BA6E88D3A61}"
EndProject
Project("{2150E333-8FDC-42A3-9474-1A3956D46DE8}") = "FreezePanesInExcel", "FreezePanesInExcel", "{8AE5598C-8DE1-4E3E-A6EC-9F62E7665879}"
EndProject
Project("{FAE04EC0-301F-11D3-BF4B-00C04F79EFBC}") = "Aspose.Cells", "FreezePanesInExcel\Aspose.Cells\Aspose.Cells.csproj", "{DE172C99-273D-4283-B35D-63DCC162A82D}"
EndProject
Project("{FAE04EC0-301F-11D3-BF4B-00C04F79EFBC}") = "NPOI HWPF and XWPF", "FreezePanesInExcel\NPOI HWPF and XWPF\NPOI HWPF and XWPF.csproj", "{48060D50-8F67-4688-B54B-F95886C48E2B}"
EndProject
Project("{2150E333-8FDC-42A3-9474-1A3956D46DE8}") = "HidingRowsandColumns", "HidingRowsandColumns", "{61E5BC59-BC91-4DC6-9545-A2537107A959}"
EndProject
Project("{FAE04EC0-301F-11D3-BF4B-00C04F79EFBC}") = "Aspose.Cells", "HidingRowsandColumns\Aspose.Cells\Aspose.Cells.csproj", "{7DAE0841-466B-45D9-90DE-8365621FAD73}"
EndProject
Project("{FAE04EC0-301F-11D3-BF4B-00C04F79EFBC}") = "NPOI HWPF and XWPF", "HidingRowsandColumns\NPOI HWPF and XWPF\NPOI HWPF and XWPF.csproj", "{A01BDABB-ABF6-4CFB-BBFD-47B3BA1A0AC2}"
EndProject
Project("{2150E333-8FDC-42A3-9474-1A3956D46DE8}") = "SplitCellsInExcel", "SplitCellsInExcel", "{D0B8DB00-491E-41FC-A255-B944F9CE548B}"
EndProject
Project("{FAE04EC0-301F-11D3-BF4B-00C04F79EFBC}") = "Aspose.Cells", "SplitCellsInExcel\Aspose.Cells\Aspose.Cells.csproj", "{9064C17D-3A73-4A62-B692-19D9CFA7FC3D}"
EndProject
Project("{FAE04EC0-301F-11D3-BF4B-00C04F79EFBC}") = "NPOI HWPF and XWPF", "SplitCellsInExcel\NPOI HWPF and XWPF\NPOI HWPF and XWPF.csproj", "{CB0ED47A-433C-468A-9439-1EFA5F2E1F74}"
EndProject
Global
	GlobalSection(SolutionConfigurationPlatforms) = preSolution
		Debug|Any CPU = Debug|Any CPU
		Release|Any CPU = Release|Any CPU
	EndGlobalSection
	GlobalSection(ProjectConfigurationPlatforms) = postSolution
		{1079B3D6-726A-45D7-956F-030786FA68D7}.Debug|Any CPU.ActiveCfg = Debug|Any CPU
		{1079B3D6-726A-45D7-956F-030786FA68D7}.Debug|Any CPU.Build.0 = Debug|Any CPU
		{1079B3D6-726A-45D7-956F-030786FA68D7}.Release|Any CPU.ActiveCfg = Release|Any CPU
		{1079B3D6-726A-45D7-956F-030786FA68D7}.Release|Any CPU.Build.0 = Release|Any CPU
		{841637CF-7805-4ED0-AF40-8E5985CA3615}.Debug|Any CPU.ActiveCfg = Debug|Any CPU
		{841637CF-7805-4ED0-AF40-8E5985CA3615}.Debug|Any CPU.Build.0 = Debug|Any CPU
		{841637CF-7805-4ED0-AF40-8E5985CA3615}.Release|Any CPU.ActiveCfg = Release|Any CPU
		{841637CF-7805-4ED0-AF40-8E5985CA3615}.Release|Any CPU.Build.0 = Release|Any CPU
		{3D5DBFE6-976B-4AC3-B355-0925AD3E4806}.Debug|Any CPU.ActiveCfg = Debug|Any CPU
		{3D5DBFE6-976B-4AC3-B355-0925AD3E4806}.Debug|Any CPU.Build.0 = Debug|Any CPU
		{3D5DBFE6-976B-4AC3-B355-0925AD3E4806}.Release|Any CPU.ActiveCfg = Release|Any CPU
		{3D5DBFE6-976B-4AC3-B355-0925AD3E4806}.Release|Any CPU.Build.0 = Release|Any CPU
		{99F877F9-7AF5-499B-97C1-82B980AEE1A6}.Debug|Any CPU.ActiveCfg = Debug|Any CPU
		{99F877F9-7AF5-499B-97C1-82B980AEE1A6}.Debug|Any CPU.Build.0 = Debug|Any CPU
		{99F877F9-7AF5-499B-97C1-82B980AEE1A6}.Release|Any CPU.ActiveCfg = Release|Any CPU
		{99F877F9-7AF5-499B-97C1-82B980AEE1A6}.Release|Any CPU.Build.0 = Release|Any CPU
		{F8DB8DFB-7042-4AED-B477-A3F870EF8674}.Debug|Any CPU.ActiveCfg = Debug|Any CPU
		{F8DB8DFB-7042-4AED-B477-A3F870EF8674}.Debug|Any CPU.Build.0 = Debug|Any CPU
		{F8DB8DFB-7042-4AED-B477-A3F870EF8674}.Release|Any CPU.ActiveCfg = Release|Any CPU
		{F8DB8DFB-7042-4AED-B477-A3F870EF8674}.Release|Any CPU.Build.0 = Release|Any CPU
		{16998A99-082E-41C0-9DFE-D4B67535E377}.Debug|Any CPU.ActiveCfg = Debug|Any CPU
		{16998A99-082E-41C0-9DFE-D4B67535E377}.Debug|Any CPU.Build.0 = Debug|Any CPU
		{16998A99-082E-41C0-9DFE-D4B67535E377}.Release|Any CPU.ActiveCfg = Release|Any CPU
		{16998A99-082E-41C0-9DFE-D4B67535E377}.Release|Any CPU.Build.0 = Release|Any CPU
		{8BAF3114-E67B-406B-9253-17A9B790B393}.Debug|Any CPU.ActiveCfg = Debug|Any CPU
		{8BAF3114-E67B-406B-9253-17A9B790B393}.Debug|Any CPU.Build.0 = Debug|Any CPU
		{8BAF3114-E67B-406B-9253-17A9B790B393}.Release|Any CPU.ActiveCfg = Release|Any CPU
		{8BAF3114-E67B-406B-9253-17A9B790B393}.Release|Any CPU.Build.0 = Release|Any CPU
		{465CB8BF-8F99-43AD-AD3B-25B11D045125}.Debug|Any CPU.ActiveCfg = Debug|Any CPU
		{465CB8BF-8F99-43AD-AD3B-25B11D045125}.Debug|Any CPU.Build.0 = Debug|Any CPU
		{465CB8BF-8F99-43AD-AD3B-25B11D045125}.Release|Any CPU.ActiveCfg = Release|Any CPU
		{465CB8BF-8F99-43AD-AD3B-25B11D045125}.Release|Any CPU.Build.0 = Release|Any CPU
		{5B76568E-9E1E-4E0B-BB42-3FB6BBA57EE6}.Debug|Any CPU.ActiveCfg = Debug|Any CPU
		{5B76568E-9E1E-4E0B-BB42-3FB6BBA57EE6}.Debug|Any CPU.Build.0 = Debug|Any CPU
		{5B76568E-9E1E-4E0B-BB42-3FB6BBA57EE6}.Release|Any CPU.ActiveCfg = Release|Any CPU
		{5B76568E-9E1E-4E0B-BB42-3FB6BBA57EE6}.Release|Any CPU.Build.0 = Release|Any CPU
		{9A8EE7B4-52EF-4C93-9C73-696CE52FBCF7}.Debug|Any CPU.ActiveCfg = Debug|Any CPU
		{9A8EE7B4-52EF-4C93-9C73-696CE52FBCF7}.Debug|Any CPU.Build.0 = Debug|Any CPU
		{9A8EE7B4-52EF-4C93-9C73-696CE52FBCF7}.Release|Any CPU.ActiveCfg = Release|Any CPU
		{9A8EE7B4-52EF-4C93-9C73-696CE52FBCF7}.Release|Any CPU.Build.0 = Release|Any CPU
		{C90F94D3-4317-47C2-A17F-C407DF4F2F2D}.Debug|Any CPU.ActiveCfg = Debug|Any CPU
		{C90F94D3-4317-47C2-A17F-C407DF4F2F2D}.Debug|Any CPU.Build.0 = Debug|Any CPU
		{C90F94D3-4317-47C2-A17F-C407DF4F2F2D}.Release|Any CPU.ActiveCfg = Release|Any CPU
		{C90F94D3-4317-47C2-A17F-C407DF4F2F2D}.Release|Any CPU.Build.0 = Release|Any CPU
		{3C9C4288-36C9-4CFC-BAF0-F77068C1C751}.Debug|Any CPU.ActiveCfg = Debug|Any CPU
		{3C9C4288-36C9-4CFC-BAF0-F77068C1C751}.Debug|Any CPU.Build.0 = Debug|Any CPU
		{3C9C4288-36C9-4CFC-BAF0-F77068C1C751}.Release|Any CPU.ActiveCfg = Release|Any CPU
		{3C9C4288-36C9-4CFC-BAF0-F77068C1C751}.Release|Any CPU.Build.0 = Release|Any CPU
		{C0F37172-6120-4DB6-92DE-342176C793B6}.Debug|Any CPU.ActiveCfg = Debug|Any CPU
		{C0F37172-6120-4DB6-92DE-342176C793B6}.Debug|Any CPU.Build.0 = Debug|Any CPU
		{C0F37172-6120-4DB6-92DE-342176C793B6}.Release|Any CPU.ActiveCfg = Release|Any CPU
		{C0F37172-6120-4DB6-92DE-342176C793B6}.Release|Any CPU.Build.0 = Release|Any CPU
		{107C634A-736A-46E6-90D1-1C0C6D2AA530}.Debug|Any CPU.ActiveCfg = Debug|Any CPU
		{107C634A-736A-46E6-90D1-1C0C6D2AA530}.Debug|Any CPU.Build.0 = Debug|Any CPU
		{107C634A-736A-46E6-90D1-1C0C6D2AA530}.Release|Any CPU.ActiveCfg = Release|Any CPU
		{107C634A-736A-46E6-90D1-1C0C6D2AA530}.Release|Any CPU.Build.0 = Release|Any CPU
		{FF884D2E-164F-4BD8-A942-6F7339219426}.Debug|Any CPU.ActiveCfg = Debug|Any CPU
		{FF884D2E-164F-4BD8-A942-6F7339219426}.Debug|Any CPU.Build.0 = Debug|Any CPU
		{FF884D2E-164F-4BD8-A942-6F7339219426}.Release|Any CPU.ActiveCfg = Release|Any CPU
		{FF884D2E-164F-4BD8-A942-6F7339219426}.Release|Any CPU.Build.0 = Release|Any CPU
		{11071E56-E65E-4930-B7EC-D11F59FEF89B}.Debug|Any CPU.ActiveCfg = Debug|Any CPU
		{11071E56-E65E-4930-B7EC-D11F59FEF89B}.Debug|Any CPU.Build.0 = Debug|Any CPU
		{11071E56-E65E-4930-B7EC-D11F59FEF89B}.Release|Any CPU.ActiveCfg = Release|Any CPU
		{11071E56-E65E-4930-B7EC-D11F59FEF89B}.Release|Any CPU.Build.0 = Release|Any CPU
		{7BE985E7-3CE5-4275-BAD1-D4804F71EB29}.Debug|Any CPU.ActiveCfg = Debug|Any CPU
		{7BE985E7-3CE5-4275-BAD1-D4804F71EB29}.Debug|Any CPU.Build.0 = Debug|Any CPU
		{7BE985E7-3CE5-4275-BAD1-D4804F71EB29}.Release|Any CPU.ActiveCfg = Release|Any CPU
		{7BE985E7-3CE5-4275-BAD1-D4804F71EB29}.Release|Any CPU.Build.0 = Release|Any CPU
		{F8B151FF-89AE-491F-9537-9EC54DE88A88}.Debug|Any CPU.ActiveCfg = Debug|Any CPU
		{F8B151FF-89AE-491F-9537-9EC54DE88A88}.Debug|Any CPU.Build.0 = Debug|Any CPU
		{F8B151FF-89AE-491F-9537-9EC54DE88A88}.Release|Any CPU.ActiveCfg = Release|Any CPU
		{F8B151FF-89AE-491F-9537-9EC54DE88A88}.Release|Any CPU.Build.0 = Release|Any CPU
		{FF4EDBD6-8DF9-49E7-860C-C40B9705C86B}.Debug|Any CPU.ActiveCfg = Debug|Any CPU
		{FF4EDBD6-8DF9-49E7-860C-C40B9705C86B}.Debug|Any CPU.Build.0 = Debug|Any CPU
		{FF4EDBD6-8DF9-49E7-860C-C40B9705C86B}.Release|Any CPU.ActiveCfg = Release|Any CPU
		{FF4EDBD6-8DF9-49E7-860C-C40B9705C86B}.Release|Any CPU.Build.0 = Release|Any CPU
		{F2174B59-E5D6-4765-8830-32BF39AFE799}.Debug|Any CPU.ActiveCfg = Debug|Any CPU
		{F2174B59-E5D6-4765-8830-32BF39AFE799}.Debug|Any CPU.Build.0 = Debug|Any CPU
		{F2174B59-E5D6-4765-8830-32BF39AFE799}.Release|Any CPU.ActiveCfg = Release|Any CPU
		{F2174B59-E5D6-4765-8830-32BF39AFE799}.Release|Any CPU.Build.0 = Release|Any CPU
		{2E78A902-34BC-46FD-8241-29841435772B}.Debug|Any CPU.ActiveCfg = Debug|Any CPU
		{2E78A902-34BC-46FD-8241-29841435772B}.Debug|Any CPU.Build.0 = Debug|Any CPU
		{2E78A902-34BC-46FD-8241-29841435772B}.Release|Any CPU.ActiveCfg = Release|Any CPU
		{2E78A902-34BC-46FD-8241-29841435772B}.Release|Any CPU.Build.0 = Release|Any CPU
		{650906DF-5BE0-4D5A-BDDE-5BA6E88D3A61}.Debug|Any CPU.ActiveCfg = Debug|Any CPU
		{650906DF-5BE0-4D5A-BDDE-5BA6E88D3A61}.Debug|Any CPU.Build.0 = Debug|Any CPU
		{650906DF-5BE0-4D5A-BDDE-5BA6E88D3A61}.Release|Any CPU.ActiveCfg = Release|Any CPU
		{650906DF-5BE0-4D5A-BDDE-5BA6E88D3A61}.Release|Any CPU.Build.0 = Release|Any CPU
		{DE172C99-273D-4283-B35D-63DCC162A82D}.Debug|Any CPU.ActiveCfg = Debug|Any CPU
		{DE172C99-273D-4283-B35D-63DCC162A82D}.Debug|Any CPU.Build.0 = Debug|Any CPU
		{DE172C99-273D-4283-B35D-63DCC162A82D}.Release|Any CPU.ActiveCfg = Release|Any CPU
		{DE172C99-273D-4283-B35D-63DCC162A82D}.Release|Any CPU.Build.0 = Release|Any CPU
		{48060D50-8F67-4688-B54B-F95886C48E2B}.Debug|Any CPU.ActiveCfg = Debug|Any CPU
		{48060D50-8F67-4688-B54B-F95886C48E2B}.Debug|Any CPU.Build.0 = Debug|Any CPU
		{48060D50-8F67-4688-B54B-F95886C48E2B}.Release|Any CPU.ActiveCfg = Release|Any CPU
		{48060D50-8F67-4688-B54B-F95886C48E2B}.Release|Any CPU.Build.0 = Release|Any CPU
		{7DAE0841-466B-45D9-90DE-8365621FAD73}.Debug|Any CPU.ActiveCfg = Debug|Any CPU
		{7DAE0841-466B-45D9-90DE-8365621FAD73}.Debug|Any CPU.Build.0 = Debug|Any CPU
		{7DAE0841-466B-45D9-90DE-8365621FAD73}.Release|Any CPU.ActiveCfg = Release|Any CPU
		{7DAE0841-466B-45D9-90DE-8365621FAD73}.Release|Any CPU.Build.0 = Release|Any CPU
		{A01BDABB-ABF6-4CFB-BBFD-47B3BA1A0AC2}.Debug|Any CPU.ActiveCfg = Debug|Any CPU
		{A01BDABB-ABF6-4CFB-BBFD-47B3BA1A0AC2}.Debug|Any CPU.Build.0 = Debug|Any CPU
		{A01BDABB-ABF6-4CFB-BBFD-47B3BA1A0AC2}.Release|Any CPU.ActiveCfg = Release|Any CPU
		{A01BDABB-ABF6-4CFB-BBFD-47B3BA1A0AC2}.Release|Any CPU.Build.0 = Release|Any CPU
		{9064C17D-3A73-4A62-B692-19D9CFA7FC3D}.Debug|Any CPU.ActiveCfg = Debug|Any CPU
		{9064C17D-3A73-4A62-B692-19D9CFA7FC3D}.Debug|Any CPU.Build.0 = Debug|Any CPU
		{9064C17D-3A73-4A62-B692-19D9CFA7FC3D}.Release|Any CPU.ActiveCfg = Release|Any CPU
		{9064C17D-3A73-4A62-B692-19D9CFA7FC3D}.Release|Any CPU.Build.0 = Release|Any CPU
		{CB0ED47A-433C-468A-9439-1EFA5F2E1F74}.Debug|Any CPU.ActiveCfg = Debug|Any CPU
		{CB0ED47A-433C-468A-9439-1EFA5F2E1F74}.Debug|Any CPU.Build.0 = Debug|Any CPU
		{CB0ED47A-433C-468A-9439-1EFA5F2E1F74}.Release|Any CPU.ActiveCfg = Release|Any CPU
		{CB0ED47A-433C-468A-9439-1EFA5F2E1F74}.Release|Any CPU.Build.0 = Release|Any CPU
	EndGlobalSection
	GlobalSection(SolutionProperties) = preSolution
		HideSolutionNode = FALSE
	EndGlobalSection
	GlobalSection(NestedProjects) = preSolution
		{1079B3D6-726A-45D7-956F-030786FA68D7} = {DAA7D115-061A-42E7-85D8-20671C235C51}
		{841637CF-7805-4ED0-AF40-8E5985CA3615} = {DAA7D115-061A-42E7-85D8-20671C235C51}
		{3D5DBFE6-976B-4AC3-B355-0925AD3E4806} = {849F99B9-FCD4-4907-ACC4-28501CE83F93}
		{99F877F9-7AF5-499B-97C1-82B980AEE1A6} = {849F99B9-FCD4-4907-ACC4-28501CE83F93}
		{F8DB8DFB-7042-4AED-B477-A3F870EF8674} = {E511C920-6BD4-43AD-A4F3-AA307522EFC8}
		{16998A99-082E-41C0-9DFE-D4B67535E377} = {E511C920-6BD4-43AD-A4F3-AA307522EFC8}
		{8BAF3114-E67B-406B-9253-17A9B790B393} = {BBAF0D5C-73F1-45AB-AC4C-75D67EF88EA1}
		{465CB8BF-8F99-43AD-AD3B-25B11D045125} = {BBAF0D5C-73F1-45AB-AC4C-75D67EF88EA1}
		{5B76568E-9E1E-4E0B-BB42-3FB6BBA57EE6} = {A7C188B0-0E08-41B2-AE15-0D4038E2B018}
		{9A8EE7B4-52EF-4C93-9C73-696CE52FBCF7} = {A7C188B0-0E08-41B2-AE15-0D4038E2B018}
		{C90F94D3-4317-47C2-A17F-C407DF4F2F2D} = {FDA3657F-2293-4ECA-BE32-4328183E5662}
		{3C9C4288-36C9-4CFC-BAF0-F77068C1C751} = {FDA3657F-2293-4ECA-BE32-4328183E5662}
		{C0F37172-6120-4DB6-92DE-342176C793B6} = {7A75EACD-13B3-40BE-ABBA-C8FF548195F3}
		{107C634A-736A-46E6-90D1-1C0C6D2AA530} = {7A75EACD-13B3-40BE-ABBA-C8FF548195F3}
		{FF884D2E-164F-4BD8-A942-6F7339219426} = {19389F79-B8C3-458A-94C4-D213A8F47119}
		{11071E56-E65E-4930-B7EC-D11F59FEF89B} = {19389F79-B8C3-458A-94C4-D213A8F47119}
		{7BE985E7-3CE5-4275-BAD1-D4804F71EB29} = {FD9AA65E-449B-4E73-9F22-3813ACF86B10}
		{F8B151FF-89AE-491F-9537-9EC54DE88A88} = {FD9AA65E-449B-4E73-9F22-3813ACF86B10}
		{FF4EDBD6-8DF9-49E7-860C-C40B9705C86B} = {7105E1B6-AEF0-48CB-BC80-8DB3B47CA956}
		{F2174B59-E5D6-4765-8830-32BF39AFE799} = {7105E1B6-AEF0-48CB-BC80-8DB3B47CA956}
		{2E78A902-34BC-46FD-8241-29841435772B} = {EF1475E7-3462-48E6-AB33-6857C90C8DEF}
		{650906DF-5BE0-4D5A-BDDE-5BA6E88D3A61} = {EF1475E7-3462-48E6-AB33-6857C90C8DEF}
		{DE172C99-273D-4283-B35D-63DCC162A82D} = {8AE5598C-8DE1-4E3E-A6EC-9F62E7665879}
		{48060D50-8F67-4688-B54B-F95886C48E2B} = {8AE5598C-8DE1-4E3E-A6EC-9F62E7665879}
		{7DAE0841-466B-45D9-90DE-8365621FAD73} = {61E5BC59-BC91-4DC6-9545-A2537107A959}
		{A01BDABB-ABF6-4CFB-BBFD-47B3BA1A0AC2} = {61E5BC59-BC91-4DC6-9545-A2537107A959}
		{9064C17D-3A73-4A62-B692-19D9CFA7FC3D} = {D0B8DB00-491E-41FC-A255-B944F9CE548B}
		{CB0ED47A-433C-468A-9439-1EFA5F2E1F74} = {D0B8DB00-491E-41FC-A255-B944F9CE548B}
	EndGlobalSection
EndGlobal
