
Microsoft Visual Studio Solution File, Format Version 12.00
# Visual Studio 2010
VisualStudioVersion = 12.0.21005.1
MinimumVisualStudioVersion = 10.0.40219.1
Project("{2150E333-8FDC-42A3-9474-1A3956D46DE8}") = "Add Comment In a cell", "Add Comment In a cell", "{7105E1B6-AEF0-48CB-BC80-8DB3B47CA956}"
EndProject
Project("{FAE04EC0-301F-11D3-BF4B-00C04F79EFBC}") = "Aspose.Cells", "Add Comment In a cell\Aspose.Cells\Aspose.Cells.csproj", "{FF4EDBD6-8DF9-49E7-860C-C40B9705C86B}"
EndProject
Project("{FAE04EC0-301F-11D3-BF4B-00C04F79EFBC}") = "NPOI HWPF and XWPF", "Add Comment In a cell\NPOI HWPF and XWPF\NPOI HWPF and XWPF.csproj", "{F2174B59-E5D6-4765-8830-32BF39AFE799}"
EndProject
Project("{2150E333-8FDC-42A3-9474-1A3956D46DE8}") = "AutoFitColumns", "AutoFitColumns", "{EF1475E7-3462-48E6-AB33-6857C90C8DEF}"
EndProject
Project("{FAE04EC0-301F-11D3-BF4B-00C04F79EFBC}") = "Aspose.Cells", "AutoFitColumns\Aspose.Cells\Aspose.Cells.csproj", "{2E78A902-34BC-46FD-8241-29841435772B}"
EndProject
Project("{FAE04EC0-301F-11D3-BF4B-00C04F79EFBC}") = "NPOI HWPF and XWPF", "AutoFitColumns\NPOI HWPF and XWPF\NPOI HWPF and XWPF.csproj", "{650906DF-5BE0-4D5A-BDDE-5BA6E88D3A61}"
EndProject
Project("{2150E333-8FDC-42A3-9474-1A3956D46DE8}") = "FreezePanesInExcel", "FreezePanesInExcel", "{8AE5598C-8DE1-4E3E-A6EC-9F62E7665879}"
EndProject
Project("{FAE04EC0-301F-11D3-BF4B-00C04F79EFBC}") = "Aspose.Cells", "FreezePanesInExcel\Aspose.Cells\Aspose.Cells.csproj", "{DE172C99-273D-4283-B35D-63DCC162A82D}"
EndProject
Project("{FAE04EC0-301F-11D3-BF4B-00C04F79EFBC}") = "NPOI HWPF and XWPF", "FreezePanesInExcel\NPOI HWPF and XWPF\NPOI HWPF and XWPF.csproj", "{48060D50-8F67-4688-B54B-F95886C48E2B}"
EndProject
Project("{2150E333-8FDC-42A3-9474-1A3956D46DE8}") = "HidingRowsandColumns", "HidingRowsandColumns", "{61E5BC59-BC91-4DC6-9545-A2537107A959}"
EndProject
Project("{FAE04EC0-301F-11D3-BF4B-00C04F79EFBC}") = "Aspose.Cells", "HidingRowsandColumns\Aspose.Cells\Aspose.Cells.csproj", "{7DAE0841-466B-45D9-90DE-8365621FAD73}"
EndProject
Project("{FAE04EC0-301F-11D3-BF4B-00C04F79EFBC}") = "NPOI HWPF and XWPF", "HidingRowsandColumns\NPOI HWPF and XWPF\NPOI HWPF and XWPF.csproj", "{A01BDABB-ABF6-4CFB-BBFD-47B3BA1A0AC2}"
EndProject
Project("{2150E333-8FDC-42A3-9474-1A3956D46DE8}") = "SplitCellsInExcel", "SplitCellsInExcel", "{D0B8DB00-491E-41FC-A255-B944F9CE548B}"
EndProject
Project("{FAE04EC0-301F-11D3-BF4B-00C04F79EFBC}") = "Aspose.Cells", "SplitCellsInExcel\Aspose.Cells\Aspose.Cells.csproj", "{9064C17D-3A73-4A62-B692-19D9CFA7FC3D}"
EndProject
Project("{FAE04EC0-301F-11D3-BF4B-00C04F79EFBC}") = "NPOI HWPF and XWPF", "SplitCellsInExcel\NPOI HWPF and XWPF\NPOI HWPF and XWPF.csproj", "{CB0ED47A-433C-468A-9439-1EFA5F2E1F74}"
EndProject
Global
	GlobalSection(SolutionConfigurationPlatforms) = preSolution
		Debug|Any CPU = Debug|Any CPU
		Release|Any CPU = Release|Any CPU
	EndGlobalSection
	GlobalSection(ProjectConfigurationPlatforms) = postSolution
		{FF4EDBD6-8DF9-49E7-860C-C40B9705C86B}.Debug|Any CPU.ActiveCfg = Debug|Any CPU
		{FF4EDBD6-8DF9-49E7-860C-C40B9705C86B}.Debug|Any CPU.Build.0 = Debug|Any CPU
		{FF4EDBD6-8DF9-49E7-860C-C40B9705C86B}.Release|Any CPU.ActiveCfg = Release|Any CPU
		{FF4EDBD6-8DF9-49E7-860C-C40B9705C86B}.Release|Any CPU.Build.0 = Release|Any CPU
		{F2174B59-E5D6-4765-8830-32BF39AFE799}.Debug|Any CPU.ActiveCfg = Debug|Any CPU
		{F2174B59-E5D6-4765-8830-32BF39AFE799}.Debug|Any CPU.Build.0 = Debug|Any CPU
		{F2174B59-E5D6-4765-8830-32BF39AFE799}.Release|Any CPU.ActiveCfg = Release|Any CPU
		{F2174B59-E5D6-4765-8830-32BF39AFE799}.Release|Any CPU.Build.0 = Release|Any CPU
		{2E78A902-34BC-46FD-8241-29841435772B}.Debug|Any CPU.ActiveCfg = Debug|Any CPU
		{2E78A902-34BC-46FD-8241-29841435772B}.Debug|Any CPU.Build.0 = Debug|Any CPU
		{2E78A902-34BC-46FD-8241-29841435772B}.Release|Any CPU.ActiveCfg = Release|Any CPU
		{2E78A902-34BC-46FD-8241-29841435772B}.Release|Any CPU.Build.0 = Release|Any CPU
		{650906DF-5BE0-4D5A-BDDE-5BA6E88D3A61}.Debug|Any CPU.ActiveCfg = Debug|Any CPU
		{650906DF-5BE0-4D5A-BDDE-5BA6E88D3A61}.Debug|Any CPU.Build.0 = Debug|Any CPU
		{650906DF-5BE0-4D5A-BDDE-5BA6E88D3A61}.Release|Any CPU.ActiveCfg = Release|Any CPU
		{650906DF-5BE0-4D5A-BDDE-5BA6E88D3A61}.Release|Any CPU.Build.0 = Release|Any CPU
		{DE172C99-273D-4283-B35D-63DCC162A82D}.Debug|Any CPU.ActiveCfg = Debug|Any CPU
		{DE172C99-273D-4283-B35D-63DCC162A82D}.Debug|Any CPU.Build.0 = Debug|Any CPU
		{DE172C99-273D-4283-B35D-63DCC162A82D}.Release|Any CPU.ActiveCfg = Release|Any CPU
		{DE172C99-273D-4283-B35D-63DCC162A82D}.Release|Any CPU.Build.0 = Release|Any CPU
		{48060D50-8F67-4688-B54B-F95886C48E2B}.Debug|Any CPU.ActiveCfg = Debug|Any CPU
		{48060D50-8F67-4688-B54B-F95886C48E2B}.Debug|Any CPU.Build.0 = Debug|Any CPU
		{48060D50-8F67-4688-B54B-F95886C48E2B}.Release|Any CPU.ActiveCfg = Release|Any CPU
		{48060D50-8F67-4688-B54B-F95886C48E2B}.Release|Any CPU.Build.0 = Release|Any CPU
		{7DAE0841-466B-45D9-90DE-8365621FAD73}.Debug|Any CPU.ActiveCfg = Debug|Any CPU
		{7DAE0841-466B-45D9-90DE-8365621FAD73}.Debug|Any CPU.Build.0 = Debug|Any CPU
		{7DAE0841-466B-45D9-90DE-8365621FAD73}.Release|Any CPU.ActiveCfg = Release|Any CPU
		{7DAE0841-466B-45D9-90DE-8365621FAD73}.Release|Any CPU.Build.0 = Release|Any CPU
		{A01BDABB-ABF6-4CFB-BBFD-47B3BA1A0AC2}.Debug|Any CPU.ActiveCfg = Debug|Any CPU
		{A01BDABB-ABF6-4CFB-BBFD-47B3BA1A0AC2}.Debug|Any CPU.Build.0 = Debug|Any CPU
		{A01BDABB-ABF6-4CFB-BBFD-47B3BA1A0AC2}.Release|Any CPU.ActiveCfg = Release|Any CPU
		{A01BDABB-ABF6-4CFB-BBFD-47B3BA1A0AC2}.Release|Any CPU.Build.0 = Release|Any CPU
		{9064C17D-3A73-4A62-B692-19D9CFA7FC3D}.Debug|Any CPU.ActiveCfg = Debug|Any CPU
		{9064C17D-3A73-4A62-B692-19D9CFA7FC3D}.Debug|Any CPU.Build.0 = Debug|Any CPU
		{9064C17D-3A73-4A62-B692-19D9CFA7FC3D}.Release|Any CPU.ActiveCfg = Release|Any CPU
		{9064C17D-3A73-4A62-B692-19D9CFA7FC3D}.Release|Any CPU.Build.0 = Release|Any CPU
		{CB0ED47A-433C-468A-9439-1EFA5F2E1F74}.Debug|Any CPU.ActiveCfg = Debug|Any CPU
		{CB0ED47A-433C-468A-9439-1EFA5F2E1F74}.Debug|Any CPU.Build.0 = Debug|Any CPU
		{CB0ED47A-433C-468A-9439-1EFA5F2E1F74}.Release|Any CPU.ActiveCfg = Release|Any CPU
		{CB0ED47A-433C-468A-9439-1EFA5F2E1F74}.Release|Any CPU.Build.0 = Release|Any CPU
	EndGlobalSection
	GlobalSection(SolutionProperties) = preSolution
		HideSolutionNode = FALSE
	EndGlobalSection
	GlobalSection(NestedProjects) = preSolution
		{FF4EDBD6-8DF9-49E7-860C-C40B9705C86B} = {7105E1B6-AEF0-48CB-BC80-8DB3B47CA956}
		{F2174B59-E5D6-4765-8830-32BF39AFE799} = {7105E1B6-AEF0-48CB-BC80-8DB3B47CA956}
		{2E78A902-34BC-46FD-8241-29841435772B} = {EF1475E7-3462-48E6-AB33-6857C90C8DEF}
		{650906DF-5BE0-4D5A-BDDE-5BA6E88D3A61} = {EF1475E7-3462-48E6-AB33-6857C90C8DEF}
		{DE172C99-273D-4283-B35D-63DCC162A82D} = {8AE5598C-8DE1-4E3E-A6EC-9F62E7665879}
		{48060D50-8F67-4688-B54B-F95886C48E2B} = {8AE5598C-8DE1-4E3E-A6EC-9F62E7665879}
		{7DAE0841-466B-45D9-90DE-8365621FAD73} = {61E5BC59-BC91-4DC6-9545-A2537107A959}
		{A01BDABB-ABF6-4CFB-BBFD-47B3BA1A0AC2} = {61E5BC59-BC91-4DC6-9545-A2537107A959}
		{9064C17D-3A73-4A62-B692-19D9CFA7FC3D} = {D0B8DB00-491E-41FC-A255-B944F9CE548B}
		{CB0ED47A-433C-468A-9439-1EFA5F2E1F74} = {D0B8DB00-491E-41FC-A255-B944F9CE548B}
	EndGlobalSection
EndGlobal
