Microsoft Visual Studio Solution File, Format Version 10.00
# Visual Studio 2008
Project("{FAE04EC0-301F-11D3-BF4B-00C04F79EFBC}") = "SetWorksheetTabColor", "SetWorksheetTabColor.csproj", "{A35DA063-1772-4A5A-B8F6-68FBBC27E76C}"
EndProject
Global
	GlobalSection(SolutionConfigurationPlatforms) = preSolution
		Debug|Any CPU = Debug|Any CPU
		Release|Any CPU = Release|Any CPU
	EndGlobalSection
	GlobalSection(ProjectConfigurationPlatforms) = postSolution
		{A35DA063-1772-4A5A-B8F6-68FBBC27E76C}.Debug|Any CPU.ActiveCfg = Debug|Any CPU
		{A35DA063-1772-4A5A-B8F6-68FBBC27E76C}.Debug|Any CPU.Build.0 = Debug|Any CPU
		{A35DA063-1772-4A5A-B8F6-68FBBC27E76C}.Release|Any CPU.ActiveCfg = Release|Any CPU
	EndGlobalSection
	GlobalSection(SolutionProperties) = preSolution
		HideSolutionNode = FALSE
	EndGlobalSection
EndGlobal
