
Microsoft Visual Studio Solution File, Format Version 12.00
# Visual Studio 15
VisualStudioVersion = 15.0.28307.572
MinimumVisualStudioVersion = 10.0.40219.1
Project("{FAE04EC0-301F-11D3-BF4B-00C04F79EFBC}") = "Tools.Foundation", "Foundation\src\Tools.Foundation.csproj", "{6DC05789-8A5E-4E63-9178-3A8F36D4D45D}"
EndProject
Project("{FAE04EC0-301F-11D3-BF4B-00C04F79EFBC}") = "Aspose.Cells.API", "Aspose.Cells.API\Aspose.Cells.API.csproj", "{3B38E8B3-C8AF-4504-B76E-83489A394E83}"
EndProject
Project("{FAE04EC0-301F-11D3-BF4B-00C04F79EFBC}") = "Aspose.Cells.UI", "Aspose.Cells.UI\Aspose.Cells.UI.csproj", "{B243B4B1-018F-49A8-8C17-E6AFC01B2B8E}"
EndProject
Global
	GlobalSection(SolutionConfigurationPlatforms) = preSolution
		Debug|Any CPU = Debug|Any CPU
		Release-Production|Any CPU = Release-Production|Any CPU
		Release-QA|Any CPU = Release-QA|Any CPU
	EndGlobalSection
	GlobalSection(ProjectConfigurationPlatforms) = postSolution
		{6DC05789-8A5E-4E63-9178-3A8F36D4D45D}.Debug|Any CPU.ActiveCfg = Debug|Any CPU
		{6DC05789-8A5E-4E63-9178-3A8F36D4D45D}.Debug|Any CPU.Build.0 = Debug|Any CPU
		{6DC05789-8A5E-4E63-9178-3A8F36D4D45D}.Release-Production|Any CPU.ActiveCfg = Release-Production|Any CPU
		{6DC05789-8A5E-4E63-9178-3A8F36D4D45D}.Release-Production|Any CPU.Build.0 = Release-Production|Any CPU
		{6DC05789-8A5E-4E63-9178-3A8F36D4D45D}.Release-QA|Any CPU.ActiveCfg = Release-QA|Any CPU
		{6DC05789-8A5E-4E63-9178-3A8F36D4D45D}.Release-QA|Any CPU.Build.0 = Release-QA|Any CPU
		{3B38E8B3-C8AF-4504-B76E-83489A394E83}.Debug|Any CPU.ActiveCfg = Debug|Any CPU
		{3B38E8B3-C8AF-4504-B76E-83489A394E83}.Debug|Any CPU.Build.0 = Debug|Any CPU
		{3B38E8B3-C8AF-4504-B76E-83489A394E83}.Release-Production|Any CPU.ActiveCfg = Release-Production|Any CPU
		{3B38E8B3-C8AF-4504-B76E-83489A394E83}.Release-Production|Any CPU.Build.0 = Release-Production|Any CPU
		{3B38E8B3-C8AF-4504-B76E-83489A394E83}.Release-QA|Any CPU.ActiveCfg = Release-QA|Any CPU
		{3B38E8B3-C8AF-4504-B76E-83489A394E83}.Release-QA|Any CPU.Build.0 = Release-QA|Any CPU
		{B243B4B1-018F-49A8-8C17-E6AFC01B2B8E}.Debug|Any CPU.ActiveCfg = Debug|Any CPU
		{B243B4B1-018F-49A8-8C17-E6AFC01B2B8E}.Debug|Any CPU.Build.0 = Debug|Any CPU
		{B243B4B1-018F-49A8-8C17-E6AFC01B2B8E}.Release-Production|Any CPU.ActiveCfg = Release-Production|Any CPU
		{B243B4B1-018F-49A8-8C17-E6AFC01B2B8E}.Release-Production|Any CPU.Build.0 = Release-Production|Any CPU
		{B243B4B1-018F-49A8-8C17-E6AFC01B2B8E}.Release-QA|Any CPU.ActiveCfg = Release-QA|Any CPU
		{B243B4B1-018F-49A8-8C17-E6AFC01B2B8E}.Release-QA|Any CPU.Build.0 = Release-QA|Any CPU
	EndGlobalSection
	GlobalSection(SolutionProperties) = preSolution
		HideSolutionNode = FALSE
	EndGlobalSection
	GlobalSection(ExtensibilityGlobals) = postSolution
		SolutionGuid = {610CB9E8-F3D9-4D1F-BBB9-E33F72BBB128}
	EndGlobalSection
EndGlobal
