
Microsoft Visual Studio Solution File, Format Version 12.00
# Visual Studio Version 16
VisualStudioVersion = 16.0.31105.61
MinimumVisualStudioVersion = 10.0.40219.1
Project("{2150E333-8FDC-42A3-9474-1A3956D46DE8}") = "Apps", "Apps", "{9B2DB04D-EAE2-4072-B2D3-D09D11E44DD2}"
EndProject
Project("{9A19103F-16F7-4668-BE54-9A1E7A4F7556}") = "Aspose.Cells.Protect", "Apps\Aspose.Cells.Protect\Aspose.Cells.Protect.csproj", "{4F91F210-CE7E-4394-9191-426E67AF8703}"
EndProject
Project("{9A19103F-16F7-4668-BE54-9A1E7A4F7556}") = "Aspose.Cells.Common", "Apps\Aspose.Cells.Common\Aspose.Cells.Common.csproj", "{61F894F9-C1A5-4104-AAA0-FD8E30C1EA6E}"
EndProject
Project("{9A19103F-16F7-4668-BE54-9A1E7A4F7556}") = "Aspose.Cells.Splitter", "Apps\Aspose.Cells.Splitter\Aspose.Cells.Splitter.csproj", "{226F83DA-995C-4344-B5C7-F717CF8B3DF4}"
EndProject
Project("{9A19103F-16F7-4668-BE54-9A1E7A4F7556}") = "Aspose.Cells.Chart", "Apps\Aspose.Cells.Chart\Aspose.Cells.Chart.csproj", "{6FAE3984-1EC9-4726-B12C-943D51F66581}"
EndProject
Project("{9A19103F-16F7-4668-BE54-9A1E7A4F7556}") = "Aspose.Cells.Unlock", "Apps\Aspose.Cells.Unlock\Aspose.Cells.Unlock.csproj", "{1FFDA158-1B8A-44C1-BF67-6C3D0623343C}"
EndProject
Project("{9A19103F-16F7-4668-BE54-9A1E7A4F7556}") = "Aspose.Cells.Merger", "Apps\Aspose.Cells.Merger\Aspose.Cells.Merger.csproj", "{1E0355BC-A4C0-483B-B799-5F3650BE1D6D}"
EndProject
Project("{9A19103F-16F7-4668-BE54-9A1E7A4F7556}") = "Aspose.Cells.Conversion", "Apps\Aspose.Cells.Conversion\Aspose.Cells.Conversion.csproj", "{F35EB17E-5D7B-4816-BD82-FCEAC2375BBA}"
EndProject
Project("{9A19103F-16F7-4668-BE54-9A1E7A4F7556}") = "Aspose.Cells.Annotation", "Apps\Aspose.Cells.Annotation\Aspose.Cells.Annotation.csproj", "{62983FCC-368F-490F-8872-0B41A7ED9A87}"
EndProject
Project("{9A19103F-16F7-4668-BE54-9A1E7A4F7556}") = "Aspose.Cells.Parser", "Apps\Aspose.Cells.Parser\Aspose.Cells.Parser.csproj", "{3461CC73-0B93-4641-80E3-99B087E8E752}"
EndProject
Project("{9A19103F-16F7-4668-BE54-9A1E7A4F7556}") = "Aspose.Cells.Metadata", "Apps\Aspose.Cells.Metadata\Aspose.Cells.Metadata.csproj", "{45E613F1-5C43-48FB-988D-1004A1F5F0A1}"
EndProject
Project("{9A19103F-16F7-4668-BE54-9A1E7A4F7556}") = "Aspose.Cells.Watermark", "Apps\Aspose.Cells.Watermark\Aspose.Cells.Watermark.csproj", "{2838B0A8-A51E-4FBE-B5D2-B6360CB05D2A}"
EndProject
Project("{9A19103F-16F7-4668-BE54-9A1E7A4F7556}") = "Aspose.Cells.Search", "Apps\Aspose.Cells.Search\Aspose.Cells.Search.csproj", "{2F99E617-2B3E-4413-80C6-F3447DE31B84}"
EndProject
Project("{9A19103F-16F7-4668-BE54-9A1E7A4F7556}") = "Aspose.Cells.Assembly", "Apps\Aspose.Cells.Assembly\Aspose.Cells.Assembly.csproj", "{6A84B9EA-E713-49E1-8EE9-5F385646232C}"
EndProject
Project("{9A19103F-16F7-4668-BE54-9A1E7A4F7556}") = "Aspose.Cells.Viewer", "Apps\Aspose.Cells.Viewer\Aspose.Cells.Viewer.csproj", "{DD6100AE-8D02-4914-9276-AD0E920F6E53}"
EndProject
Project("{9A19103F-16F7-4668-BE54-9A1E7A4F7556}") = "Aspose.Cells.Comparison", "Apps\Aspose.Cells.Comparison\Aspose.Cells.Comparison.csproj", "{8ECEA183-469D-418C-8751-74C59A8B13B6}"
EndProject
Project("{9A19103F-16F7-4668-BE54-9A1E7A4F7556}") = "Aspose.Cells.Editor", "Apps\Aspose.Cells.Editor\Aspose.Cells.Editor.csproj", "{F1B5C990-4193-4378-B7EB-869166C9336F}"
EndProject
Project("{9A19103F-16F7-4668-BE54-9A1E7A4F7556}") = "Aspose.Cells.Mortgage", "Apps\Aspose.Cells.Mortgage\Aspose.Cells.Mortgage.csproj", "{F4627620-8D76-48E2-A608-8993426FAFA5}"
EndProject
Project("{FAE04EC0-301F-11D3-BF4B-00C04F79EFBC}") = "Aspose.Cells.Repair", "Apps\Aspose.Cells.Repair\Aspose.Cells.Repair.csproj", "{820F5A26-0ABE-4B79-AEFF-6088CD9A2DCA}"
EndProject
Project("{FAE04EC0-301F-11D3-BF4B-00C04F79EFBC}") = "Aspose.Cells.Esign", "Apps\Aspose.Cells.Esign\Aspose.Cells.Esign.csproj", "{818A21FC-4256-40B9-BC9C-3EB91C9DC6A2}"
EndProject
Global
	GlobalSection(SolutionConfigurationPlatforms) = preSolution
		Debug|Any CPU = Debug|Any CPU
		Release|Any CPU = Release|Any CPU
	EndGlobalSection
	GlobalSection(ProjectConfigurationPlatforms) = postSolution
		{4F91F210-CE7E-4394-9191-426E67AF8703}.Debug|Any CPU.ActiveCfg = Debug|Any CPU
		{4F91F210-CE7E-4394-9191-426E67AF8703}.Debug|Any CPU.Build.0 = Debug|Any CPU
		{4F91F210-CE7E-4394-9191-426E67AF8703}.Release|Any CPU.ActiveCfg = Release|Any CPU
		{4F91F210-CE7E-4394-9191-426E67AF8703}.Release|Any CPU.Build.0 = Release|Any CPU
		{61F894F9-C1A5-4104-AAA0-FD8E30C1EA6E}.Debug|Any CPU.ActiveCfg = Debug|Any CPU
		{61F894F9-C1A5-4104-AAA0-FD8E30C1EA6E}.Debug|Any CPU.Build.0 = Debug|Any CPU
		{61F894F9-C1A5-4104-AAA0-FD8E30C1EA6E}.Release|Any CPU.ActiveCfg = Release|Any CPU
		{61F894F9-C1A5-4104-AAA0-FD8E30C1EA6E}.Release|Any CPU.Build.0 = Release|Any CPU
		{226F83DA-995C-4344-B5C7-F717CF8B3DF4}.Debug|Any CPU.ActiveCfg = Debug|Any CPU
		{226F83DA-995C-4344-B5C7-F717CF8B3DF4}.Debug|Any CPU.Build.0 = Debug|Any CPU
		{226F83DA-995C-4344-B5C7-F717CF8B3DF4}.Release|Any CPU.ActiveCfg = Release|Any CPU
		{226F83DA-995C-4344-B5C7-F717CF8B3DF4}.Release|Any CPU.Build.0 = Release|Any CPU
		{6FAE3984-1EC9-4726-B12C-943D51F66581}.Debug|Any CPU.ActiveCfg = Debug|Any CPU
		{6FAE3984-1EC9-4726-B12C-943D51F66581}.Debug|Any CPU.Build.0 = Debug|Any CPU
		{6FAE3984-1EC9-4726-B12C-943D51F66581}.Release|Any CPU.ActiveCfg = Release|Any CPU
		{6FAE3984-1EC9-4726-B12C-943D51F66581}.Release|Any CPU.Build.0 = Release|Any CPU
		{1FFDA158-1B8A-44C1-BF67-6C3D0623343C}.Debug|Any CPU.ActiveCfg = Debug|Any CPU
		{1FFDA158-1B8A-44C1-BF67-6C3D0623343C}.Debug|Any CPU.Build.0 = Debug|Any CPU
		{1FFDA158-1B8A-44C1-BF67-6C3D0623343C}.Release|Any CPU.ActiveCfg = Release|Any CPU
		{1FFDA158-1B8A-44C1-BF67-6C3D0623343C}.Release|Any CPU.Build.0 = Release|Any CPU
		{1E0355BC-A4C0-483B-B799-5F3650BE1D6D}.Debug|Any CPU.ActiveCfg = Debug|Any CPU
		{1E0355BC-A4C0-483B-B799-5F3650BE1D6D}.Debug|Any CPU.Build.0 = Debug|Any CPU
		{1E0355BC-A4C0-483B-B799-5F3650BE1D6D}.Release|Any CPU.ActiveCfg = Release|Any CPU
		{1E0355BC-A4C0-483B-B799-5F3650BE1D6D}.Release|Any CPU.Build.0 = Release|Any CPU
		{F35EB17E-5D7B-4816-BD82-FCEAC2375BBA}.Debug|Any CPU.ActiveCfg = Debug|Any CPU
		{F35EB17E-5D7B-4816-BD82-FCEAC2375BBA}.Debug|Any CPU.Build.0 = Debug|Any CPU
		{F35EB17E-5D7B-4816-BD82-FCEAC2375BBA}.Release|Any CPU.ActiveCfg = Release|Any CPU
		{F35EB17E-5D7B-4816-BD82-FCEAC2375BBA}.Release|Any CPU.Build.0 = Release|Any CPU
		{62983FCC-368F-490F-8872-0B41A7ED9A87}.Debug|Any CPU.ActiveCfg = Debug|Any CPU
		{62983FCC-368F-490F-8872-0B41A7ED9A87}.Debug|Any CPU.Build.0 = Debug|Any CPU
		{62983FCC-368F-490F-8872-0B41A7ED9A87}.Release|Any CPU.ActiveCfg = Release|Any CPU
		{62983FCC-368F-490F-8872-0B41A7ED9A87}.Release|Any CPU.Build.0 = Release|Any CPU
		{3461CC73-0B93-4641-80E3-99B087E8E752}.Debug|Any CPU.ActiveCfg = Debug|Any CPU
		{3461CC73-0B93-4641-80E3-99B087E8E752}.Debug|Any CPU.Build.0 = Debug|Any CPU
		{3461CC73-0B93-4641-80E3-99B087E8E752}.Release|Any CPU.ActiveCfg = Release|Any CPU
		{3461CC73-0B93-4641-80E3-99B087E8E752}.Release|Any CPU.Build.0 = Release|Any CPU
		{45E613F1-5C43-48FB-988D-1004A1F5F0A1}.Debug|Any CPU.ActiveCfg = Debug|Any CPU
		{45E613F1-5C43-48FB-988D-1004A1F5F0A1}.Debug|Any CPU.Build.0 = Debug|Any CPU
		{45E613F1-5C43-48FB-988D-1004A1F5F0A1}.Release|Any CPU.ActiveCfg = Release|Any CPU
		{45E613F1-5C43-48FB-988D-1004A1F5F0A1}.Release|Any CPU.Build.0 = Release|Any CPU
		{2838B0A8-A51E-4FBE-B5D2-B6360CB05D2A}.Debug|Any CPU.ActiveCfg = Debug|Any CPU
		{2838B0A8-A51E-4FBE-B5D2-B6360CB05D2A}.Debug|Any CPU.Build.0 = Debug|Any CPU
		{2838B0A8-A51E-4FBE-B5D2-B6360CB05D2A}.Release|Any CPU.ActiveCfg = Release|Any CPU
		{2838B0A8-A51E-4FBE-B5D2-B6360CB05D2A}.Release|Any CPU.Build.0 = Release|Any CPU
		{2F99E617-2B3E-4413-80C6-F3447DE31B84}.Debug|Any CPU.ActiveCfg = Debug|Any CPU
		{2F99E617-2B3E-4413-80C6-F3447DE31B84}.Debug|Any CPU.Build.0 = Debug|Any CPU
		{2F99E617-2B3E-4413-80C6-F3447DE31B84}.Release|Any CPU.ActiveCfg = Release|Any CPU
		{2F99E617-2B3E-4413-80C6-F3447DE31B84}.Release|Any CPU.Build.0 = Release|Any CPU
		{6A84B9EA-E713-49E1-8EE9-5F385646232C}.Debug|Any CPU.ActiveCfg = Debug|Any CPU
		{6A84B9EA-E713-49E1-8EE9-5F385646232C}.Debug|Any CPU.Build.0 = Debug|Any CPU
		{6A84B9EA-E713-49E1-8EE9-5F385646232C}.Release|Any CPU.ActiveCfg = Release|Any CPU
		{6A84B9EA-E713-49E1-8EE9-5F385646232C}.Release|Any CPU.Build.0 = Release|Any CPU
		{DD6100AE-8D02-4914-9276-AD0E920F6E53}.Debug|Any CPU.ActiveCfg = Debug|Any CPU
		{DD6100AE-8D02-4914-9276-AD0E920F6E53}.Debug|Any CPU.Build.0 = Debug|Any CPU
		{DD6100AE-8D02-4914-9276-AD0E920F6E53}.Release|Any CPU.ActiveCfg = Release|Any CPU
		{DD6100AE-8D02-4914-9276-AD0E920F6E53}.Release|Any CPU.Build.0 = Release|Any CPU
		{8ECEA183-469D-418C-8751-74C59A8B13B6}.Debug|Any CPU.ActiveCfg = Debug|Any CPU
		{8ECEA183-469D-418C-8751-74C59A8B13B6}.Debug|Any CPU.Build.0 = Debug|Any CPU
		{8ECEA183-469D-418C-8751-74C59A8B13B6}.Release|Any CPU.ActiveCfg = Release|Any CPU
		{8ECEA183-469D-418C-8751-74C59A8B13B6}.Release|Any CPU.Build.0 = Release|Any CPU
		{F1B5C990-4193-4378-B7EB-869166C9336F}.Debug|Any CPU.ActiveCfg = Debug|Any CPU
		{F1B5C990-4193-4378-B7EB-869166C9336F}.Debug|Any CPU.Build.0 = Debug|Any CPU
		{F1B5C990-4193-4378-B7EB-869166C9336F}.Release|Any CPU.ActiveCfg = Release|Any CPU
		{F1B5C990-4193-4378-B7EB-869166C9336F}.Release|Any CPU.Build.0 = Release|Any CPU
		{F4627620-8D76-48E2-A608-8993426FAFA5}.Debug|Any CPU.ActiveCfg = Debug|Any CPU
		{F4627620-8D76-48E2-A608-8993426FAFA5}.Debug|Any CPU.Build.0 = Debug|Any CPU
		{F4627620-8D76-48E2-A608-8993426FAFA5}.Release|Any CPU.ActiveCfg = Release|Any CPU
		{F4627620-8D76-48E2-A608-8993426FAFA5}.Release|Any CPU.Build.0 = Release|Any CPU
		{820F5A26-0ABE-4B79-AEFF-6088CD9A2DCA}.Debug|Any CPU.ActiveCfg = Debug|Any CPU
		{820F5A26-0ABE-4B79-AEFF-6088CD9A2DCA}.Debug|Any CPU.Build.0 = Debug|Any CPU
		{820F5A26-0ABE-4B79-AEFF-6088CD9A2DCA}.Release|Any CPU.ActiveCfg = Release|Any CPU
		{820F5A26-0ABE-4B79-AEFF-6088CD9A2DCA}.Release|Any CPU.Build.0 = Release|Any CPU
		{818A21FC-4256-40B9-BC9C-3EB91C9DC6A2}.Debug|Any CPU.ActiveCfg = Debug|Any CPU
		{818A21FC-4256-40B9-BC9C-3EB91C9DC6A2}.Debug|Any CPU.Build.0 = Debug|Any CPU
		{818A21FC-4256-40B9-BC9C-3EB91C9DC6A2}.Release|Any CPU.ActiveCfg = Release|Any CPU
		{818A21FC-4256-40B9-BC9C-3EB91C9DC6A2}.Release|Any CPU.Build.0 = Release|Any CPU
	EndGlobalSection
	GlobalSection(SolutionProperties) = preSolution
		HideSolutionNode = FALSE
	EndGlobalSection
	GlobalSection(NestedProjects) = preSolution
		{4F91F210-CE7E-4394-9191-426E67AF8703} = {9B2DB04D-EAE2-4072-B2D3-D09D11E44DD2}
		{61F894F9-C1A5-4104-AAA0-FD8E30C1EA6E} = {9B2DB04D-EAE2-4072-B2D3-D09D11E44DD2}
		{226F83DA-995C-4344-B5C7-F717CF8B3DF4} = {9B2DB04D-EAE2-4072-B2D3-D09D11E44DD2}
		{6FAE3984-1EC9-4726-B12C-943D51F66581} = {9B2DB04D-EAE2-4072-B2D3-D09D11E44DD2}
		{1FFDA158-1B8A-44C1-BF67-6C3D0623343C} = {9B2DB04D-EAE2-4072-B2D3-D09D11E44DD2}
		{1E0355BC-A4C0-483B-B799-5F3650BE1D6D} = {9B2DB04D-EAE2-4072-B2D3-D09D11E44DD2}
		{F35EB17E-5D7B-4816-BD82-FCEAC2375BBA} = {9B2DB04D-EAE2-4072-B2D3-D09D11E44DD2}
		{62983FCC-368F-490F-8872-0B41A7ED9A87} = {9B2DB04D-EAE2-4072-B2D3-D09D11E44DD2}
		{3461CC73-0B93-4641-80E3-99B087E8E752} = {9B2DB04D-EAE2-4072-B2D3-D09D11E44DD2}
		{45E613F1-5C43-48FB-988D-1004A1F5F0A1} = {9B2DB04D-EAE2-4072-B2D3-D09D11E44DD2}
		{2838B0A8-A51E-4FBE-B5D2-B6360CB05D2A} = {9B2DB04D-EAE2-4072-B2D3-D09D11E44DD2}
		{2F99E617-2B3E-4413-80C6-F3447DE31B84} = {9B2DB04D-EAE2-4072-B2D3-D09D11E44DD2}
		{6A84B9EA-E713-49E1-8EE9-5F385646232C} = {9B2DB04D-EAE2-4072-B2D3-D09D11E44DD2}
		{DD6100AE-8D02-4914-9276-AD0E920F6E53} = {9B2DB04D-EAE2-4072-B2D3-D09D11E44DD2}
		{8ECEA183-469D-418C-8751-74C59A8B13B6} = {9B2DB04D-EAE2-4072-B2D3-D09D11E44DD2}
		{F1B5C990-4193-4378-B7EB-869166C9336F} = {9B2DB04D-EAE2-4072-B2D3-D09D11E44DD2}
		{F4627620-8D76-48E2-A608-8993426FAFA5} = {9B2DB04D-EAE2-4072-B2D3-D09D11E44DD2}
		{820F5A26-0ABE-4B79-AEFF-6088CD9A2DCA} = {9B2DB04D-EAE2-4072-B2D3-D09D11E44DD2}
		{818A21FC-4256-40B9-BC9C-3EB91C9DC6A2} = {9B2DB04D-EAE2-4072-B2D3-D09D11E44DD2}
	EndGlobalSection
	GlobalSection(ExtensibilityGlobals) = postSolution
		SolutionGuid = {1005407A-089D-4241-B9DE-93B728440A04}
	EndGlobalSection
EndGlobal
