
Microsoft Visual Studio Solution File, Format Version 12.00
# Visual Studio 2012
Project("{FAE04EC0-301F-11D3-BF4B-00C04F79EFBC}") = "OpenXML Excel", "OpenXML Excel\OpenXML Excel.csproj", "{09DEE57E-1F9B-433D-87D1-69E061A4D15C}"
EndProject
Project("{FAE04EC0-301F-11D3-BF4B-00C04F79EFBC}") = "Aspose Cells", "Aspose Cells\Aspose Cells.csproj", "{6BFB65E1-C85C-4DB5-B041-ADFB9E8C5DB8}"
EndProject
Global
	GlobalSection(SolutionConfigurationPlatforms) = preSolution
		Debug|Any CPU = Debug|Any CPU
		Release|Any CPU = Release|Any CPU
	EndGlobalSection
	GlobalSection(ProjectConfigurationPlatforms) = postSolution
		{09DEE57E-1F9B-433D-87D1-69E061A4D15C}.Debug|Any CPU.ActiveCfg = Debug|Any CPU
		{09DEE57E-1F9B-433D-87D1-69E061A4D15C}.Debug|Any CPU.Build.0 = Debug|Any CPU
		{09DEE57E-1F9B-433D-87D1-69E061A4D15C}.Release|Any CPU.ActiveCfg = Release|Any CPU
		{09DEE57E-1F9B-433D-87D1-69E061A4D15C}.Release|Any CPU.Build.0 = Release|Any CPU
		{6BFB65E1-C85C-4DB5-B041-ADFB9E8C5DB8}.Debug|Any CPU.ActiveCfg = Debug|Any CPU
		{6BFB65E1-C85C-4DB5-B041-ADFB9E8C5DB8}.Debug|Any CPU.Build.0 = Debug|Any CPU
		{6BFB65E1-C85C-4DB5-B041-ADFB9E8C5DB8}.Release|Any CPU.ActiveCfg = Release|Any CPU
		{6BFB65E1-C85C-4DB5-B041-ADFB9E8C5DB8}.Release|Any CPU.Build.0 = Release|Any CPU
	EndGlobalSection
	GlobalSection(SolutionProperties) = preSolution
		HideSolutionNode = FALSE
	EndGlobalSection
EndGlobal
