
Microsoft Visual Studio Solution File, Format Version 12.00
# Visual Studio 2013
VisualStudioVersion = 12.0.31101.0
MinimumVisualStudioVersion = 10.0.40219.1
Project("{FAE04EC0-301F-11D3-BF4B-00C04F79EFBC}") = "Aspose.SiteFinity.ExportUsersToExcel", "Aspose.SiteFinity.ExportUsersToExcel.csproj", "{FF856E44-A91C-49A3-BA85-D95FC29BD440}"
EndProject
Global
	GlobalSection(SolutionConfigurationPlatforms) = preSolution
		Debug|Any CPU = Debug|Any CPU
		Release|Any CPU = Release|Any CPU
	EndGlobalSection
	GlobalSection(ProjectConfigurationPlatforms) = postSolution
		{FF856E44-A91C-49A3-BA85-D95FC29BD440}.Debug|Any CPU.ActiveCfg = Debug|Any CPU
		{FF856E44-A91C-49A3-BA85-D95FC29BD440}.Debug|Any CPU.Build.0 = Debug|Any CPU
		{FF856E44-A91C-49A3-BA85-D95FC29BD440}.Release|Any CPU.ActiveCfg = Release|Any CPU
		{FF856E44-A91C-49A3-BA85-D95FC29BD440}.Release|Any CPU.Build.0 = Release|Any CPU
	EndGlobalSection
	GlobalSection(SolutionProperties) = preSolution
		HideSolutionNode = FALSE
	EndGlobalSection
EndGlobal
