
Microsoft Visual Studio Solution File, Format Version 12.00
# Visual Studio 2013
VisualStudioVersion = 12.0.21005.1
MinimumVisualStudioVersion = 10.0.40219.1
Project("{FAE04EC0-301F-11D3-BF4B-00C04F79EFBC}") = "Aspose.Sitefinity.FormBuilder", "Aspose.Sitefinity.FormBuilder\Aspose.Sitefinity.FormBuilder.csproj", "{F21FBA4C-B213-42CB-B7C0-73D7F959E3D2}"
EndProject
Project("{2150E333-8FDC-42A3-9474-1A3956D46DE8}") = "Solution Items", "Solution Items", "{B0339F0A-76E3-4374-BECE-F238BF687FE2}"
EndProject
Global
	GlobalSection(TeamFoundationVersionControl) = preSolution
		SccNumberOfProjects = 2
		SccEnterpriseProvider = {4CA58AB2-18FA-4F8D-95D4-32DDF27D184C}
		SccTeamFoundationServer = https://tfs.codeplex.com/tfs/tfs40
		SccLocalPath0 = .
		SccProjectUniqueName1 = Aspose.Sitefinity.FormBuilder\\Aspose.Sitefinity.FormBuilder.csproj
		SccProjectName1 = Aspose.Sitefinity.FormBuilder
		SccLocalPath1 = Aspose.Sitefinity.FormBuilder
	EndGlobalSection
	GlobalSection(SolutionConfigurationPlatforms) = preSolution
		Debug|Any CPU = Debug|Any CPU
		Release|Any CPU = Release|Any CPU
	EndGlobalSection
	GlobalSection(ProjectConfigurationPlatforms) = postSolution
		{F21FBA4C-B213-42CB-B7C0-73D7F959E3D2}.Debug|Any CPU.ActiveCfg = Debug|Any CPU
		{F21FBA4C-B213-42CB-B7C0-73D7F959E3D2}.Debug|Any CPU.Build.0 = Debug|Any CPU
		{F21FBA4C-B213-42CB-B7C0-73D7F959E3D2}.Release|Any CPU.ActiveCfg = Release|Any CPU
		{F21FBA4C-B213-42CB-B7C0-73D7F959E3D2}.Release|Any CPU.Build.0 = Release|Any CPU
	EndGlobalSection
	GlobalSection(SolutionProperties) = preSolution
		HideSolutionNode = FALSE
	EndGlobalSection
EndGlobal
